<?xml version="1.0" encoding="utf-8"?>
<Project ToolsVersion="4.0" xmlns="http://schemas.microsoft.com/developer/msbuild/2003">
  <ItemGroup>
    <Filter Include="Source Files">
      <UniqueIdentifier>{75842d86-5c10-45e1-bf1a-1cbff85ff47d}</UniqueIdentifier>
      <Extensions>cpp;c;cxx;rc;def;r;odl;idl;hpj;bat</Extensions>
    </Filter>
    <Filter Include="Source Files\server">
      <UniqueIdentifier>{a103857d-227f-4b12-b44b-fabe0adffe4f}</UniqueIdentifier>
    </Filter>
    <Filter Include="Source Files\client">
      <UniqueIdentifier>{f20116cc-8d03-4489-aab2-a75426a0dfd5}</UniqueIdentifier>
    </Filter>
    <Filter Include="Source Files\client\sound">
      <UniqueIdentifier>{56fe551d-a906-4dab-86db-e4fcb898558f}</UniqueIdentifier>
    </Filter>
    <Filter Include="Source Files\common">
      <UniqueIdentifier>{9e22231b-d88a-41b2-a09c-62710d1272e0}</UniqueIdentifier>
    </Filter>
    <Filter Include="Source Files\QCLIB">
      <UniqueIdentifier>{bf8c823d-8eff-46c5-a355-b9406f7e8692}</UniqueIdentifier>
    </Filter>
    <Filter Include="Source Files\asm">
      <UniqueIdentifier>{8a550921-3a3b-4db7-b8c6-c9c66282f7fc}</UniqueIdentifier>
    </Filter>
    <Filter Include="Source Files\http">
      <UniqueIdentifier>{f6c0ca12-5ce4-46f0-8a26-01fecf567934}</UniqueIdentifier>
    </Filter>
    <Filter Include="Source Files\dedicated">
      <UniqueIdentifier>{3551b596-1fbc-43a1-90b6-f231baeb5528}</UniqueIdentifier>
    </Filter>
    <Filter Include="Source Files\nonwin">
      <UniqueIdentifier>{d36f234b-a9fc-4b45-a87a-41c95f170919}</UniqueIdentifier>
    </Filter>
    <Filter Include="Source Files\renderer">
      <UniqueIdentifier>{d0bd3ce2-b533-4801-baca-e9922798a563}</UniqueIdentifier>
    </Filter>
    <Filter Include="Source Files\renderer\gl">
      <UniqueIdentifier>{569fbcaa-a4a0-46ca-8fda-8be6d7f462be}</UniqueIdentifier>
    </Filter>
    <Filter Include="Source Files\renderer\d3d">
      <UniqueIdentifier>{042ac2d4-5992-4f53-a0e9-2a34b32db426}</UniqueIdentifier>
    </Filter>
    <Filter Include="Source Files\libmad">
      <UniqueIdentifier>{1e1d9e14-038d-47a7-8632-78bb57353581}</UniqueIdentifier>
    </Filter>
    <Filter Include="Source Files\libmad\Header Files">
      <UniqueIdentifier>{e10ced12-94c2-4384-b014-74446a4f7fd4}</UniqueIdentifier>
      <Extensions>h;hpp;hxx;hm;inl</Extensions>
    </Filter>
    <Filter Include="Resource Files">
      <UniqueIdentifier>{f9526ecc-06b4-4e0a-b448-419d1f94a0b8}</UniqueIdentifier>
      <Extensions>ico;cur;bmp;dlg;rc2;rct;bin;rgs;gif;jpg;jpeg;jpe</Extensions>
    </Filter>
  </ItemGroup>
  <ItemGroup>
    <ClCompile Include="..\server\net_preparse.c">
      <Filter>Source Files\server</Filter>
    </ClCompile>
    <ClCompile Include="..\server\pr_cmds.c">
      <Filter>Source Files\server</Filter>
    </ClCompile>
    <ClCompile Include="..\server\pr_q1qvm.c">
      <Filter>Source Files\server</Filter>
    </ClCompile>
    <ClCompile Include="..\server\savegame.c">
      <Filter>Source Files\server</Filter>
    </ClCompile>
    <ClCompile Include="..\server\sv_ccmds.c">
      <Filter>Source Files\server</Filter>
    </ClCompile>
    <ClCompile Include="..\server\sv_chat.c">
      <Filter>Source Files\server</Filter>
    </ClCompile>
    <ClCompile Include="..\server\sv_demo.c">
      <Filter>Source Files\server</Filter>
    </ClCompile>
    <ClCompile Include="..\server\sv_ents.c">
      <Filter>Source Files\server</Filter>
    </ClCompile>
    <ClCompile Include="..\server\sv_init.c">
      <Filter>Source Files\server</Filter>
    </ClCompile>
    <ClCompile Include="..\server\sv_main.c">
      <Filter>Source Files\server</Filter>
    </ClCompile>
    <ClCompile Include="..\server\sv_master.c">
      <Filter>Source Files\server</Filter>
    </ClCompile>
    <ClCompile Include="..\server\sv_mvd.c">
      <Filter>Source Files\server</Filter>
    </ClCompile>
    <ClCompile Include="..\server\sv_nchan.c">
      <Filter>Source Files\server</Filter>
    </ClCompile>
    <ClCompile Include="..\server\sv_phys.c">
      <Filter>Source Files\server</Filter>
    </ClCompile>
    <ClCompile Include="..\server\sv_rankin.c">
      <Filter>Source Files\server</Filter>
    </ClCompile>
    <ClCompile Include="..\server\sv_send.c">
      <Filter>Source Files\server</Filter>
    </ClCompile>
    <ClCompile Include="..\server\sv_user.c">
      <Filter>Source Files\server</Filter>
    </ClCompile>
    <ClCompile Include="..\server\svhl_game.c">
      <Filter>Source Files\server</Filter>
    </ClCompile>
    <ClCompile Include="..\server\svhl_phys.c">
      <Filter>Source Files\server</Filter>
    </ClCompile>
    <ClCompile Include="..\server\svhl_world.c">
      <Filter>Source Files\server</Filter>
    </ClCompile>
    <ClCompile Include="..\server\svq2_ents.c">
      <Filter>Source Files\server</Filter>
    </ClCompile>
    <ClCompile Include="..\server\svq2_game.c">
      <Filter>Source Files\server</Filter>
    </ClCompile>
    <ClCompile Include="..\server\svq3_game.c">
      <Filter>Source Files\server</Filter>
    </ClCompile>
    <ClCompile Include="..\client\cl_cam.c">
      <Filter>Source Files\client</Filter>
    </ClCompile>
    <ClCompile Include="..\client\cl_cg.c">
      <Filter>Source Files\client</Filter>
    </ClCompile>
    <ClCompile Include="..\client\cl_demo.c">
      <Filter>Source Files\client</Filter>
    </ClCompile>
    <ClCompile Include="..\client\cl_ents.c">
      <Filter>Source Files\client</Filter>
    </ClCompile>
    <ClCompile Include="..\client\cl_ignore.c">
      <Filter>Source Files\client</Filter>
    </ClCompile>
    <ClCompile Include="..\client\cl_input.c">
      <Filter>Source Files\client</Filter>
    </ClCompile>
    <ClCompile Include="..\client\cl_main.c">
      <Filter>Source Files\client</Filter>
    </ClCompile>
    <ClCompile Include="..\client\cl_parse.c">
      <Filter>Source Files\client</Filter>
    </ClCompile>
    <ClCompile Include="..\client\cl_pred.c">
      <Filter>Source Files\client</Filter>
    </ClCompile>
    <ClCompile Include="..\client\cl_screen.c">
      <Filter>Source Files\client</Filter>
    </ClCompile>
    <ClCompile Include="..\client\cl_tent.c">
      <Filter>Source Files\client</Filter>
    </ClCompile>
    <ClCompile Include="..\client\cl_ui.c">
      <Filter>Source Files\client</Filter>
    </ClCompile>
    <ClCompile Include="..\client\clhl_game.c">
      <Filter>Source Files\client</Filter>
    </ClCompile>
    <ClCompile Include="..\client\clq2_cin.c">
      <Filter>Source Files\client</Filter>
    </ClCompile>
    <ClCompile Include="..\client\clq2_ents.c">
      <Filter>Source Files\client</Filter>
    </ClCompile>
    <ClCompile Include="..\client\clq3_parse.c">
      <Filter>Source Files\client</Filter>
    </ClCompile>
    <ClCompile Include="..\client\console.c">
      <Filter>Source Files\client</Filter>
    </ClCompile>
    <ClCompile Include="..\client\fragstats.c">
      <Filter>Source Files\client</Filter>
    </ClCompile>
    <ClCompile Include="..\client\image.c">
      <Filter>Source Files\client</Filter>
    </ClCompile>
    <ClCompile Include="..\client\in_win.c">
      <Filter>Source Files\client</Filter>
    </ClCompile>
    <ClCompile Include="..\client\keys.c">
      <Filter>Source Files\client</Filter>
    </ClCompile>
    <ClCompile Include="..\client\m_download.c">
      <Filter>Source Files\client</Filter>
    </ClCompile>
    <ClCompile Include="..\client\m_items.c">
      <Filter>Source Files\client</Filter>
    </ClCompile>
    <ClCompile Include="..\client\m_master.c">
      <Filter>Source Files\client</Filter>
    </ClCompile>
    <ClCompile Include="..\client\m_mp3.c">
      <Filter>Source Files\client</Filter>
    </ClCompile>
    <ClCompile Include="..\client\m_multi.c">
      <Filter>Source Files\client</Filter>
    </ClCompile>
    <ClCompile Include="..\client\m_options.c">
      <Filter>Source Files\client</Filter>
    </ClCompile>
    <ClCompile Include="..\client\m_script.c">
      <Filter>Source Files\client</Filter>
    </ClCompile>
    <ClCompile Include="..\client\m_single.c">
      <Filter>Source Files\client</Filter>
    </ClCompile>
    <ClCompile Include="..\client\menu.c">
      <Filter>Source Files\client</Filter>
    </ClCompile>
    <ClCompile Include="..\client\net_master.c">
      <Filter>Source Files\client</Filter>
    </ClCompile>
    <ClCompile Include="..\client\p_classic.c">
      <Filter>Source Files\client</Filter>
    </ClCompile>
    <ClCompile Include="..\client\p_null.c">
      <Filter>Source Files\client</Filter>
    </ClCompile>
    <ClCompile Include="..\client\p_script.c">
      <Filter>Source Files\client</Filter>
    </ClCompile>
    <ClCompile Include="..\client\pr_csqc.c">
      <Filter>Source Files\client</Filter>
    </ClCompile>
    <ClCompile Include="..\client\pr_menu.c">
      <Filter>Source Files\client</Filter>
    </ClCompile>
    <ClCompile Include="..\client\r_bulleten.c">
      <Filter>Source Files\client</Filter>
    </ClCompile>
    <ClCompile Include="..\client\r_part.c">
      <Filter>Source Files\client</Filter>
    </ClCompile>
    <ClCompile Include="..\client\r_partset.c">
      <Filter>Source Files\client</Filter>
    </ClCompile>
    <ClCompile Include="..\client\renderer.c">
      <Filter>Source Files\client</Filter>
    </ClCompile>
    <ClCompile Include="..\client\renderque.c">
      <Filter>Source Files\client</Filter>
    </ClCompile>
    <ClCompile Include="..\client\roq_read.c">
      <Filter>Source Files\client</Filter>
    </ClCompile>
    <ClCompile Include="..\client\sbar.c">
      <Filter>Source Files\client</Filter>
    </ClCompile>
    <ClCompile Include="..\client\skin.c">
      <Filter>Source Files\client</Filter>
    </ClCompile>
    <ClCompile Include="..\client\sys_win.c">
      <Filter>Source Files\client</Filter>
    </ClCompile>
    <ClCompile Include="..\client\teamplay.c">
      <Filter>Source Files\client</Filter>
    </ClCompile>
    <ClCompile Include="..\client\textedit.c">
      <Filter>Source Files\client</Filter>
    </ClCompile>
    <ClCompile Include="..\client\valid.c">
      <Filter>Source Files\client</Filter>
    </ClCompile>
    <ClCompile Include="..\client\view.c">
      <Filter>Source Files\client</Filter>
    </ClCompile>
    <ClCompile Include="..\client\wad.c">
      <Filter>Source Files\client</Filter>
    </ClCompile>
    <ClCompile Include="..\client\zqtp.c">
      <Filter>Source Files\client</Filter>
    </ClCompile>
    <ClCompile Include="..\client\cd_win.c">
      <Filter>Source Files\client\sound</Filter>
    </ClCompile>
    <ClCompile Include="..\client\snd_al.c">
      <Filter>Source Files\client\sound</Filter>
    </ClCompile>
    <ClCompile Include="..\client\snd_directx.c">
      <Filter>Source Files\client\sound</Filter>
    </ClCompile>
    <ClCompile Include="..\client\snd_dma.c">
      <Filter>Source Files\client\sound</Filter>
    </ClCompile>
    <ClCompile Include="..\client\snd_mem.c">
      <Filter>Source Files\client\sound</Filter>
    </ClCompile>
    <ClCompile Include="..\client\snd_mix.c">
      <Filter>Source Files\client\sound</Filter>
    </ClCompile>
    <ClCompile Include="..\client\snd_ov.c">
      <Filter>Source Files\client\sound</Filter>
    </ClCompile>
    <ClCompile Include="..\client\snd_win.c">
      <Filter>Source Files\client\sound</Filter>
    </ClCompile>
    <ClCompile Include="..\common\cmd.c">
      <Filter>Source Files\common</Filter>
    </ClCompile>
    <ClCompile Include="..\common\com_mesh.c">
      <Filter>Source Files\common</Filter>
    </ClCompile>
    <ClCompile Include="..\common\com_phys_ode.c">
      <Filter>Source Files\common</Filter>
    </ClCompile>
    <ClCompile Include="..\common\common.c">
      <Filter>Source Files\common</Filter>
    </ClCompile>
    <ClCompile Include="..\common\crc.c">
      <Filter>Source Files\common</Filter>
    </ClCompile>
    <ClCompile Include="..\common\cvar.c">
      <Filter>Source Files\common</Filter>
    </ClCompile>
    <ClCompile Include="..\common\fs.c">
      <Filter>Source Files\common</Filter>
    </ClCompile>
    <ClCompile Include="..\common\fs_pak.c">
      <Filter>Source Files\common</Filter>
    </ClCompile>
    <ClCompile Include="..\common\fs_stdio.c">
      <Filter>Source Files\common</Filter>
    </ClCompile>
    <ClCompile Include="..\common\fs_win32.c">
      <Filter>Source Files\common</Filter>
    </ClCompile>
    <ClCompile Include="..\common\fs_zip.c">
      <Filter>Source Files\common</Filter>
    </ClCompile>
    <ClCompile Include="..\common\huff.c">
      <Filter>Source Files\common</Filter>
    </ClCompile>
    <ClCompile Include="..\common\log.c">
      <Filter>Source Files\common</Filter>
    </ClCompile>
    <ClCompile Include="..\common\mathlib.c">
      <Filter>Source Files\common</Filter>
    </ClCompile>
    <ClCompile Include="..\common\md4.c">
      <Filter>Source Files\common</Filter>
    </ClCompile>
    <ClCompile Include="..\common\net_chan.c">
      <Filter>Source Files\common</Filter>
    </ClCompile>
    <ClCompile Include="..\common\net_wins.c">
      <Filter>Source Files\common</Filter>
    </ClCompile>
    <ClCompile Include="..\common\plugin.c">
      <Filter>Source Files\common</Filter>
    </ClCompile>
    <ClCompile Include="..\common\pmove.c">
      <Filter>Source Files\common</Filter>
    </ClCompile>
    <ClCompile Include="..\common\pmovetst.c">
      <Filter>Source Files\common</Filter>
    </ClCompile>
    <ClCompile Include="..\common\pr_bgcmd.c">
      <Filter>Source Files\common</Filter>
    </ClCompile>
    <ClCompile Include="..\common\q1bsp.c">
      <Filter>Source Files\common</Filter>
    </ClCompile>
    <ClCompile Include="..\common\q2pmove.c">
      <Filter>Source Files\common</Filter>
    </ClCompile>
    <ClCompile Include="..\common\q3common.c">
      <Filter>Source Files\common</Filter>
    </ClCompile>
    <ClCompile Include="..\common\qvm.c">
      <Filter>Source Files\common</Filter>
    </ClCompile>
    <ClCompile Include="..\server\sv_move.c">
      <Filter>Source Files\common</Filter>
    </ClCompile>
    <ClCompile Include="..\common\translate.c">
      <Filter>Source Files\common</Filter>
    </ClCompile>
    <ClCompile Include="..\server\world.c">
      <Filter>Source Files\common</Filter>
    </ClCompile>
    <ClCompile Include="..\common\zone.c">
      <Filter>Source Files\common</Filter>
    </ClCompile>
    <ClCompile Include="..\QCLIB\Comprout.c">
      <Filter>Source Files\QCLIB</Filter>
    </ClCompile>
    <ClCompile Include="..\QCLIB\hash.c">
      <Filter>Source Files\QCLIB</Filter>
    </ClCompile>
    <ClCompile Include="..\QCLIB\initlib.c">
      <Filter>Source Files\QCLIB</Filter>
    </ClCompile>
    <ClCompile Include="..\QCLIB\pr_edict.c">
      <Filter>Source Files\QCLIB</Filter>
    </ClCompile>
    <ClCompile Include="..\QCLIB\Pr_exec.c">
      <Filter>Source Files\QCLIB</Filter>
    </ClCompile>
    <ClCompile Include="..\QCLIB\pr_multi.c">
      <Filter>Source Files\QCLIB</Filter>
    </ClCompile>
    <ClCompile Include="..\qclib\pr_x86.c">
      <Filter>Source Files\QCLIB</Filter>
    </ClCompile>
    <ClCompile Include="..\QCLIB\qcc_cmdlib.c">
      <Filter>Source Files\QCLIB</Filter>
    </ClCompile>
    <ClCompile Include="..\QCLIB\qcc_pr_comp.c">
      <Filter>Source Files\QCLIB</Filter>
    </ClCompile>
    <ClCompile Include="..\QCLIB\qcc_pr_lex.c">
      <Filter>Source Files\QCLIB</Filter>
    </ClCompile>
    <ClCompile Include="..\QCLIB\QccMain.c">
      <Filter>Source Files\QCLIB</Filter>
    </ClCompile>
    <ClCompile Include="..\QCLIB\qcd_main.c">
      <Filter>Source Files\QCLIB</Filter>
    </ClCompile>
    <ClCompile Include="..\QCLIB\qcdecomp.c">
      <Filter>Source Files\QCLIB</Filter>
    </ClCompile>
    <ClCompile Include="..\http\ftpclient.c">
      <Filter>Source Files\http</Filter>
    </ClCompile>
    <ClCompile Include="..\http\ftpserver.c">
      <Filter>Source Files\http</Filter>
    </ClCompile>
    <ClCompile Include="..\http\httpclient.c">
      <Filter>Source Files\http</Filter>
    </ClCompile>
    <ClCompile Include="..\http\httpserver.c">
      <Filter>Source Files\http</Filter>
    </ClCompile>
    <ClCompile Include="..\http\iwebiface.c">
      <Filter>Source Files\http</Filter>
    </ClCompile>
    <ClCompile Include="..\http\webgen.c">
      <Filter>Source Files\http</Filter>
    </ClCompile>
    <ClCompile Include="..\server\sv_sys_win.c">
      <Filter>Source Files\dedicated</Filter>
    </ClCompile>
    <ClCompile Include="..\server\svmodel.c">
      <Filter>Source Files\dedicated</Filter>
    </ClCompile>
    <ClCompile Include="..\gl\gl_vidlinuxglx.c">
      <Filter>Source Files\nonwin</Filter>
    </ClCompile>
    <ClCompile Include="..\client\in_macos.c">
      <Filter>Source Files\nonwin</Filter>
    </ClCompile>
    <ClCompile Include="..\client\in_morphos.c">
      <Filter>Source Files\nonwin</Filter>
    </ClCompile>
    <ClCompile Include="..\client\snd_alsa.c">
      <Filter>Source Files\nonwin</Filter>
    </ClCompile>
    <ClCompile Include="..\client\snd_linux.c">
      <Filter>Source Files\nonwin</Filter>
    </ClCompile>
    <ClCompile Include="..\client\snd_macos.c">
      <Filter>Source Files\nonwin</Filter>
    </ClCompile>
    <ClCompile Include="..\client\snd_morphos.c">
      <Filter>Source Files\nonwin</Filter>
    </ClCompile>
    <ClCompile Include="..\client\snd_sdl.c">
      <Filter>Source Files\nonwin</Filter>
    </ClCompile>
    <ClCompile Include="..\server\sv_sys_unix.c">
      <Filter>Source Files\nonwin</Filter>
    </ClCompile>
    <ClCompile Include="..\client\sys_linux.c">
      <Filter>Source Files\nonwin</Filter>
    </ClCompile>
    <ClCompile Include="..\client\sys_morphos.c">
      <Filter>Source Files\nonwin</Filter>
    </ClCompile>
    <ClCompile Include="..\client\sys_sdl.c">
      <Filter>Source Files\nonwin</Filter>
    </ClCompile>
    <ClCompile Include="..\gl\gl_alias.c">
      <Filter>Source Files\renderer</Filter>
    </ClCompile>
    <ClCompile Include="..\gl\gl_font.c">
      <Filter>Source Files\renderer</Filter>
    </ClCompile>
    <ClCompile Include="..\gl\gl_model.c">
      <Filter>Source Files\renderer</Filter>
    </ClCompile>
    <ClCompile Include="..\common\gl_q2bsp.c">
      <Filter>Source Files\renderer</Filter>
    </ClCompile>
    <ClCompile Include="..\gl\gl_shader.c">
      <Filter>Source Files\renderer</Filter>
    </ClCompile>
    <ClCompile Include="..\gl\gl_warp.c">
      <Filter>Source Files\renderer</Filter>
    </ClCompile>
    <ClCompile Include="..\gl\LTFACE.C">
      <Filter>Source Files\renderer</Filter>
    </ClCompile>
    <ClCompile Include="..\client\r_2d.c">
      <Filter>Source Files\renderer</Filter>
    </ClCompile>
    <ClCompile Include="..\client\r_surf.c">
      <Filter>Source Files\renderer</Filter>
    </ClCompile>
    <ClCompile Include="..\gl\doomclip.c">
      <Filter>Source Files\renderer\gl</Filter>
    </ClCompile>
    <ClCompile Include="..\gl\gl_backend.c">
      <Filter>Source Files\renderer\gl</Filter>
    </ClCompile>
    <ClCompile Include="..\gl\gl_bloom.c">
      <Filter>Source Files\renderer\gl</Filter>
    </ClCompile>
    <ClCompile Include="..\gl\gl_draw.c">
      <Filter>Source Files\renderer\gl</Filter>
    </ClCompile>
    <ClCompile Include="..\gl\gltod3d\gl_fakegl.cpp">
      <Filter>Source Files\renderer\gl</Filter>
    </ClCompile>
    <ClCompile Include="..\gl\gl_heightmap.c">
      <Filter>Source Files\renderer\gl</Filter>
    </ClCompile>
    <ClCompile Include="..\gl\gl_hlmdl.c">
      <Filter>Source Files\renderer\gl</Filter>
    </ClCompile>
    <ClCompile Include="..\gl\gl_ngraph.c">
      <Filter>Source Files\renderer\gl</Filter>
    </ClCompile>
    <ClCompile Include="..\gl\gl_rlight.c">
      <Filter>Source Files\renderer\gl</Filter>
    </ClCompile>
    <ClCompile Include="..\gl\gl_rmain.c">
      <Filter>Source Files\renderer\gl</Filter>
    </ClCompile>
    <ClCompile Include="..\gl\gl_rmisc.c">
      <Filter>Source Files\renderer\gl</Filter>
    </ClCompile>
    <ClCompile Include="..\gl\gl_rsurf.c">
      <Filter>Source Files\renderer\gl</Filter>
    </ClCompile>
    <ClCompile Include="..\gl\gl_screen.c">
      <Filter>Source Files\renderer\gl</Filter>
    </ClCompile>
    <ClCompile Include="..\gl\gl_shadow.c">
      <Filter>Source Files\renderer\gl</Filter>
    </ClCompile>
    <ClCompile Include="..\gl\gl_vidcommon.c">
      <Filter>Source Files\renderer\gl</Filter>
    </ClCompile>
    <ClCompile Include="..\gl\gl_vidnt.c">
      <Filter>Source Files\renderer\gl</Filter>
    </ClCompile>
    <ClCompile Include="..\gl\glmod_doom.c">
      <Filter>Source Files\renderer\gl</Filter>
    </ClCompile>
    <ClCompile Include="..\d3d\d3d_backend.c">
      <Filter>Source Files\renderer\d3d</Filter>
    </ClCompile>
    <ClCompile Include="..\d3d\d3d_image.c">
      <Filter>Source Files\renderer\d3d</Filter>
    </ClCompile>
    <ClCompile Include="..\d3d\vid_d3d.c">
      <Filter>Source Files\renderer\d3d</Filter>
    </ClCompile>
    <ClCompile Include="..\..\mp3\libmad\bit.c">
      <Filter>Source Files\libmad</Filter>
    </ClCompile>
    <ClCompile Include="..\..\mp3\libmad\decoder.c">
      <Filter>Source Files\libmad</Filter>
    </ClCompile>
    <ClCompile Include="..\..\mp3\libmad\fixed.c">
      <Filter>Source Files\libmad</Filter>
    </ClCompile>
    <ClCompile Include="..\..\mp3\libmad\frame.c">
      <Filter>Source Files\libmad</Filter>
    </ClCompile>
    <ClCompile Include="..\..\mp3\libmad\huffman.c">
      <Filter>Source Files\libmad</Filter>
    </ClCompile>
    <ClCompile Include="..\..\mp3\libmad\layer12.c">
      <Filter>Source Files\libmad</Filter>
    </ClCompile>
    <ClCompile Include="..\..\mp3\libmad\layer3.c">
      <Filter>Source Files\libmad</Filter>
    </ClCompile>
    <ClCompile Include="..\client\mymad.c">
      <Filter>Source Files\libmad</Filter>
    </ClCompile>
    <ClCompile Include="..\..\mp3\libmad\stream.c">
      <Filter>Source Files\libmad</Filter>
    </ClCompile>
    <ClCompile Include="..\..\mp3\libmad\synth.c">
      <Filter>Source Files\libmad</Filter>
    </ClCompile>
    <ClCompile Include="..\..\mp3\libmad\timer.c">
      <Filter>Source Files\libmad</Filter>
    </ClCompile>
    <ClCompile Include="..\..\mp3\libmad\version.c">
      <Filter>Source Files\libmad</Filter>
    </ClCompile>
  </ItemGroup>
  <ItemGroup>
    <None Include="..\client\cl_plugin.inc">
      <Filter>Source Files\common</Filter>
    </None>
    <None Include="..\client\bymorphed.ico">
      <Filter>Resource Files</Filter>
    </None>
    <None Include="..\client\q2.ico">
      <Filter>Resource Files</Filter>
    </None>
  </ItemGroup>
  <ItemGroup>
    <ClInclude Include="..\sw\adivtab.h">
      <Filter>Source Files\libmad\Header Files</Filter>
    </ClInclude>
    <ClInclude Include="..\client\anorms.h">
      <Filter>Source Files\libmad\Header Files</Filter>
    </ClInclude>
    <ClInclude Include="..\sw\asm_draw.h">
      <Filter>Source Files\libmad\Header Files</Filter>
    </ClInclude>
    <ClInclude Include="..\common\asm_i386.h">
      <Filter>Source Files\libmad\Header Files</Filter>
    </ClInclude>
    <ClInclude Include="..\sw\block16.h">
      <Filter>Source Files\libmad\Header Files</Filter>
    </ClInclude>
    <ClInclude Include="..\common\bothdefs.h">
      <Filter>Source Files\libmad\Header Files</Filter>
    </ClInclude>
    <ClInclude Include="..\server\botlib.h">
      <Filter>Source Files\libmad\Header Files</Filter>
    </ClInclude>
    <ClInclude Include="..\common\bspfile.h">
      <Filter>Source Files\libmad\Header Files</Filter>
    </ClInclude>
    <ClInclude Include="..\client\bymorphed.h">
      <Filter>Source Files\libmad\Header Files</Filter>
    </ClInclude>
    <ClInclude Include="..\client\cdaudio.h">
      <Filter>Source Files\libmad\Header Files</Filter>
    </ClInclude>
    <ClInclude Include="..\client\cl_ignore.h">
      <Filter>Source Files\libmad\Header Files</Filter>
    </ClInclude>
    <ClInclude Include="..\client\cl_master.h">
      <Filter>Source Files\libmad\Header Files</Filter>
    </ClInclude>
    <ClInclude Include="..\client\client.h">
      <Filter>Source Files\libmad\Header Files</Filter>
    </ClInclude>
    <ClInclude Include="..\client\clq3defs.h">
      <Filter>Source Files\libmad\Header Files</Filter>
    </ClInclude>
    <ClInclude Include="..\common\cmd.h">
      <Filter>Source Files\libmad\Header Files</Filter>
    </ClInclude>
    <ClInclude Include="..\qclib\cmdlib.h">
      <Filter>Source Files\libmad\Header Files</Filter>
    </ClInclude>
    <ClInclude Include="..\libs\vorbis\codec.h">
      <Filter>Source Files\libmad\Header Files</Filter>
    </ClInclude>
    <ClInclude Include="..\common\com_mesh.h">
      <Filter>Source Files\libmad\Header Files</Filter>
    </ClInclude>
    <ClInclude Include="..\common\common.h">
      <Filter>Source Files\libmad\Header Files</Filter>
    </ClInclude>
    <ClInclude Include="..\common\console.h">
      <Filter>Source Files\libmad\Header Files</Filter>
    </ClInclude>
    <ClInclude Include="..\common\crc.h">
      <Filter>Source Files\libmad\Header Files</Filter>
    </ClInclude>
    <ClInclude Include="..\common\cvar.h">
      <Filter>Source Files\libmad\Header Files</Filter>
    </ClInclude>
    <ClInclude Include="..\libs\dxsdk7\include\d3d.h">
      <Filter>Source Files\libmad\Header Files</Filter>
    </ClInclude>
    <ClInclude Include="..\libs\dxsdk9\include\d3d9.h">
      <Filter>Source Files\libmad\Header Files</Filter>
    </ClInclude>
    <ClInclude Include="..\libs\dxsdk9\include\d3d9caps.h">
      <Filter>Source Files\libmad\Header Files</Filter>
    </ClInclude>
    <ClInclude Include="..\d3d9\d3d9quake.h">
      <Filter>Source Files\libmad\Header Files</Filter>
    </ClInclude>
    <ClInclude Include="..\libs\dxsdk9\include\d3d9types.h">
      <Filter>Source Files\libmad\Header Files</Filter>
    </ClInclude>
    <ClInclude Include="..\libs\dxsdk7\include\d3dcaps.h">
      <Filter>Source Files\libmad\Header Files</Filter>
    </ClInclude>
    <ClInclude Include="..\d3d\d3dquake.h">
      <Filter>Source Files\libmad\Header Files</Filter>
    </ClInclude>
    <ClInclude Include="..\libs\dxsdk7\include\d3dtypes.h">
      <Filter>Source Files\libmad\Header Files</Filter>
    </ClInclude>
    <ClInclude Include="..\libs\dxsdk7\include\d3dx.h">
      <Filter>Source Files\libmad\Header Files</Filter>
    </ClInclude>
    <ClInclude Include="..\libs\dxsdk7\include\d3dxcore.h">
      <Filter>Source Files\libmad\Header Files</Filter>
    </ClInclude>
    <ClInclude Include="..\libs\dxsdk7\include\d3dxerr.h">
      <Filter>Source Files\libmad\Header Files</Filter>
    </ClInclude>
    <ClInclude Include="..\libs\dxsdk7\include\d3dxmath.h">
      <Filter>Source Files\libmad\Header Files</Filter>
    </ClInclude>
    <ClInclude Include="..\libs\dxsdk7\include\d3dxshapes.h">
      <Filter>Source Files\libmad\Header Files</Filter>
    </ClInclude>
    <ClInclude Include="..\libs\dxsdk7\include\d3dxsprite.h">
      <Filter>Source Files\libmad\Header Files</Filter>
    </ClInclude>
    <ClInclude Include="..\sw\d_iface.h">
      <Filter>Source Files\libmad\Header Files</Filter>
    </ClInclude>
    <ClInclude Include="..\sw\d_ifacea.h">
      <Filter>Source Files\libmad\Header Files</Filter>
    </ClInclude>
    <ClInclude Include="..\sw\d_local.h">
      <Filter>Source Files\libmad\Header Files</Filter>
    </ClInclude>
    <ClInclude Include="..\libs\dxsdk7\include\ddraw.h">
      <Filter>Source Files\libmad\Header Files</Filter>
    </ClInclude>
    <ClInclude Include="..\libs\dxsdk7\include\dinput.h">
      <Filter>Source Files\libmad\Header Files</Filter>
    </ClInclude>
    <ClInclude Include="..\gl\doommap.h">
      <Filter>Source Files\libmad\Header Files</Filter>
    </ClInclude>
    <ClInclude Include="..\libs\dxsdk7\include\dsound.h">
      <Filter>Source Files\libmad\Header Files</Filter>
    </ClInclude>
    <ClInclude Include="..\qclib\execloop.h">
      <Filter>Source Files\libmad\Header Files</Filter>
    </ClInclude>
    <ClInclude Include="..\qclib\execloop16d.h">
      <Filter>Source Files\libmad\Header Files</Filter>
    </ClInclude>
    <ClInclude Include="..\qclib\execloop32.h">
      <Filter>Source Files\libmad\Header Files</Filter>
    </ClInclude>
    <ClInclude Include="..\qclib\execloop32d.h">
      <Filter>Source Files\libmad\Header Files</Filter>
    </ClInclude>
    <ClInclude Include="..\sndcodec\g72x.h">
      <Filter>Source Files\libmad\Header Files</Filter>
    </ClInclude>
    <ClInclude Include="..\gl\gl_draw.h">
      <Filter>Source Files\libmad\Header Files</Filter>
    </ClInclude>
    <ClInclude Include="..\gl\gl_model.h">
      <Filter>Source Files\libmad\Header Files</Filter>
    </ClInclude>
    <ClInclude Include="..\gl\gl_warp_sin.h">
      <Filter>Source Files\libmad\Header Files</Filter>
    </ClInclude>
    <ClInclude Include="..\gl\glquake.h">
      <Filter>Source Files\libmad\Header Files</Filter>
    </ClInclude>
    <ClInclude Include="..\gl\glsupp.h">
      <Filter>Source Files\libmad\Header Files</Filter>
    </ClInclude>
    <ClInclude Include="..\qclib\gui.h">
      <Filter>Source Files\libmad\Header Files</Filter>
    </ClInclude>
    <ClInclude Include="..\qclib\hash.h">
      <Filter>Source Files\libmad\Header Files</Filter>
    </ClInclude>
    <ClInclude Include="..\client\in_morphos.h">
      <Filter>Source Files\libmad\Header Files</Filter>
    </ClInclude>
    <ClInclude Include="..\client\in_raw.h">
      <Filter>Source Files\libmad\Header Files</Filter>
    </ClInclude>
    <ClInclude Include="..\client\input.h">
      <Filter>Source Files\libmad\Header Files</Filter>
    </ClInclude>
    <ClInclude Include="..\http\iweb.h">
      <Filter>Source Files\libmad\Header Files</Filter>
    </ClInclude>
    <ClInclude Include="..\libs\jconfig.h">
      <Filter>Source Files\libmad\Header Files</Filter>
    </ClInclude>
    <ClInclude Include="..\libs\jerror.h">
      <Filter>Source Files\libmad\Header Files</Filter>
    </ClInclude>
    <ClInclude Include="..\libs\jmorecfg.h">
      <Filter>Source Files\libmad\Header Files</Filter>
    </ClInclude>
    <ClInclude Include="..\libs\jpeglib.h">
      <Filter>Source Files\libmad\Header Files</Filter>
    </ClInclude>
    <ClInclude Include="..\client\keys.h">
      <Filter>Source Files\libmad\Header Files</Filter>
    </ClInclude>
    <ClInclude Include="..\client\lhfont.h">
      <Filter>Source Files\libmad\Header Files</Filter>
    </ClInclude>
    <ClInclude Include="..\common\mathlib.h">
      <Filter>Source Files\libmad\Header Files</Filter>
    </ClInclude>
    <ClInclude Include="..\client\menu.h">
      <Filter>Source Files\libmad\Header Files</Filter>
    </ClInclude>
    <ClInclude Include="..\client\merged.h">
      <Filter>Source Files\libmad\Header Files</Filter>
    </ClInclude>
    <ClInclude Include="..\gl\model_hl.h">
      <Filter>Source Files\libmad\Header Files</Filter>
    </ClInclude>
    <ClInclude Include="..\client\modelgen.h">
      <Filter>Source Files\libmad\Header Files</Filter>
    </ClInclude>
    <ClInclude Include="..\common\net.h">
      <Filter>Source Files\libmad\Header Files</Filter>
    </ClInclude>
    <ClInclude Include="..\nqnet\net_dgrm.h">
      <Filter>Source Files\libmad\Header Files</Filter>
    </ClInclude>
    <ClInclude Include="..\common\netinc.h">
      <Filter>Source Files\libmad\Header Files</Filter>
    </ClInclude>
    <ClInclude Include="..\libs\ogg\ogg.h">
      <Filter>Source Files\libmad\Header Files</Filter>
    </ClInclude>
    <ClInclude Include="..\libs\ogg\os_types.h">
      <Filter>Source Files\libmad\Header Files</Filter>
    </ClInclude>
    <ClInclude Include="..\common\particles.h">
      <Filter>Source Files\libmad\Header Files</Filter>
    </ClInclude>
    <ClInclude Include="..\common\pmove.h">
      <Filter>Source Files\libmad\Header Files</Filter>
    </ClInclude>
    <ClInclude Include="..\libs\png.h">
      <Filter>Source Files\libmad\Header Files</Filter>
    </ClInclude>
    <ClInclude Include="..\libs\pngconf.h">
      <Filter>Source Files\libmad\Header Files</Filter>
    </ClInclude>
    <ClInclude Include="..\common\pr_common.h">
      <Filter>Source Files\libmad\Header Files</Filter>
    </ClInclude>
    <ClInclude Include="..\qclib\pr_comp.h">
      <Filter>Source Files\libmad\Header Files</Filter>
    </ClInclude>
    <ClInclude Include="..\server\progdefs.h">
      <Filter>Source Files\libmad\Header Files</Filter>
    </ClInclude>
    <ClInclude Include="..\server\progs.h">
      <Filter>Source Files\libmad\Header Files</Filter>
    </ClInclude>
    <ClInclude Include="..\qclib\progsint.h">
      <Filter>Source Files\libmad\Header Files</Filter>
    </ClInclude>
    <ClInclude Include="..\qclib\progslib.h">
      <Filter>Source Files\libmad\Header Files</Filter>
    </ClInclude>
    <ClInclude Include="..\QCLIB\progtype.h">
      <Filter>Source Files\libmad\Header Files</Filter>
    </ClInclude>
    <ClInclude Include="..\common\protocol.h">
      <Filter>Source Files\libmad\Header Files</Filter>
    </ClInclude>
    <ClInclude Include="..\client\q2anorms.h">
      <Filter>Source Files\libmad\Header Files</Filter>
    </ClInclude>
    <ClInclude Include="..\server\q2game.h">
      <Filter>Source Files\libmad\Header Files</Filter>
    </ClInclude>
    <ClInclude Include="..\server\q3g_public.h">
      <Filter>Source Files\libmad\Header Files</Filter>
    </ClInclude>
    <ClInclude Include="..\qclib\qcc.h">
      <Filter>Source Files\libmad\Header Files</Filter>
    </ClInclude>
    <ClInclude Include="..\qclib\qcd.h">
      <Filter>Source Files\libmad\Header Files</Filter>
    </ClInclude>
    <ClInclude Include="..\common\quakeasm.h">
      <Filter>Source Files\libmad\Header Files</Filter>
    </ClInclude>
    <ClInclude Include="..\client\quakedef.h">
      <Filter>Source Files\libmad\Header Files</Filter>
    </ClInclude>
    <ClInclude Include="..\server\qwsvdef.h">
      <Filter>Source Files\libmad\Header Files</Filter>
    </ClInclude>
    <ClInclude Include="..\client\r_bulleten.h">
      <Filter>Source Files\libmad\Header Files</Filter>
    </ClInclude>
    <ClInclude Include="..\sw\r_local.h">
      <Filter>Source Files\libmad\Header Files</Filter>
    </ClInclude>
    <ClInclude Include="..\client\r_partset.h">
      <Filter>Source Files\libmad\Header Files</Filter>
    </ClInclude>
    <ClInclude Include="..\sw\r_shared.h">
      <Filter>Source Files\libmad\Header Files</Filter>
    </ClInclude>
    <ClInclude Include="..\client\render.h">
      <Filter>Source Files\libmad\Header Files</Filter>
    </ClInclude>
    <ClInclude Include="..\client\renderque.h">
      <Filter>Source Files\libmad\Header Files</Filter>
    </ClInclude>
    <ClInclude Include="..\client\resource.h">
      <Filter>Source Files\libmad\Header Files</Filter>
    </ClInclude>
    <ClInclude Include="..\client\roq.h">
      <Filter>Source Files\libmad\Header Files</Filter>
    </ClInclude>
    <ClInclude Include="..\client\sbar.h">
      <Filter>Source Files\libmad\Header Files</Filter>
    </ClInclude>
    <ClInclude Include="..\client\screen.h">
      <Filter>Source Files\libmad\Header Files</Filter>
    </ClInclude>
    <ClInclude Include="..\server\server.h">
      <Filter>Source Files\libmad\Header Files</Filter>
    </ClInclude>
    <ClInclude Include="..\gl\shader.h">
      <Filter>Source Files\libmad\Header Files</Filter>
    </ClInclude>
    <ClInclude Include="..\client\sound.h">
      <Filter>Source Files\libmad\Header Files</Filter>
    </ClInclude>
    <ClInclude Include="..\client\spritegn.h">
      <Filter>Source Files\libmad\Header Files</Filter>
    </ClInclude>
    <ClInclude Include="..\sw\sw_draw.h">
      <Filter>Source Files\libmad\Header Files</Filter>
    </ClInclude>
    <ClInclude Include="..\common\sys.h">
      <Filter>Source Files\libmad\Header Files</Filter>
    </ClInclude>
    <ClInclude Include="..\common\tlout.h">
      <Filter>Source Files\libmad\Header Files</Filter>
    </ClInclude>
    <ClInclude Include="..\common\translate.h">
      <Filter>Source Files\libmad\Header Files</Filter>
    </ClInclude>
    <ClInclude Include="..\common\ui_public.h">
      <Filter>Source Files\libmad\Header Files</Filter>
    </ClInclude>
    <ClInclude Include="..\common\unzip.h">
      <Filter>Source Files\libmad\Header Files</Filter>
    </ClInclude>
    <ClInclude Include="..\client\vid.h">
      <Filter>Source Files\libmad\Header Files</Filter>
    </ClInclude>
    <ClInclude Include="..\client\view.h">
      <Filter>Source Files\libmad\Header Files</Filter>
    </ClInclude>
    <ClInclude Include="..\common\vm.h">
      <Filter>Source Files\libmad\Header Files</Filter>
    </ClInclude>
    <ClInclude Include="..\libs\vorbis\vorbisfile.h">
      <Filter>Source Files\libmad\Header Files</Filter>
    </ClInclude>
    <ClInclude Include="..\client\wad.h">
      <Filter>Source Files\libmad\Header Files</Filter>
    </ClInclude>
    <ClInclude Include="..\client\winamp.h">
      <Filter>Source Files\libmad\Header Files</Filter>
    </ClInclude>
    <ClInclude Include="..\client\winquake.h">
      <Filter>Source Files\libmad\Header Files</Filter>
    </ClInclude>
    <ClInclude Include="..\common\world.h">
      <Filter>Source Files\libmad\Header Files</Filter>
    </ClInclude>
    <ClInclude Include="..\libs\zconf.h">
      <Filter>Source Files\libmad\Header Files</Filter>
    </ClInclude>
    <ClInclude Include="..\libs\zlib.h">
      <Filter>Source Files\libmad\Header Files</Filter>
    </ClInclude>
    <ClInclude Include="..\common\zone.h">
      <Filter>Source Files\libmad\Header Files</Filter>
    </ClInclude>
  </ItemGroup>
  <ItemGroup>
    <ResourceCompile Include="..\client\winquake.rc">
      <Filter>Resource Files</Filter>
    </ResourceCompile>
  </ItemGroup>
  <ItemGroup>
    <CustomBuild Include="..\common\math.s">
      <Filter>Source Files\asm</Filter>
    </CustomBuild>
    <CustomBuild Include="..\client\snd_mixa.s">
      <Filter>Source Files\asm</Filter>
    </CustomBuild>
    <CustomBuild Include="..\client\sys_wina.s">
      <Filter>Source Files\asm</Filter>
    </CustomBuild>
    <CustomBuild Include="..\server\worlda.s">
      <Filter>Source Files\asm</Filter>
    </CustomBuild>
  </ItemGroup>
</Project>