
Microsoft Visual Studio Solution File, Format Version 10.00
# Visual Studio 2008
Project("{8BC9CEB8-8B4A-11D0-8D11-00A0C91BC942}") = "qcc", "qcc.vcproj", "{B9F10DBD-C3E7-4312-B357-0FEFB360979A}"
EndProject
Global
	GlobalSection(SolutionConfigurationPlatforms) = preSolution
		Debug|Win32 = Debug|Win32
		GUIDebug|Win32 = GUIDebug|Win32
		GUIRelease|Win32 = GUIRelease|Win32
		Release|Win32 = Release|Win32
	EndGlobalSection
	GlobalSection(ProjectConfigurationPlatforms) = postSolution
		{B9F10DBD-C3E7-4312-B357-0FEFB360979A}.Debug|Win32.ActiveCfg = Debug|Win32
		{B9F10DBD-C3E7-4312-B357-0FEFB360979A}.Debug|Win32.Build.0 = Debug|Win32
		{B9F10DBD-C3E7-4312-B357-0FEFB360979A}.GUIDebug|Win32.ActiveCfg = GUIDebug|Win32
		{B9F10DBD-C3E7-4312-B357-0FEFB360979A}.GUIDebug|Win32.Build.0 = GUIDebug|Win32
		{B9F10DBD-C3E7-4312-B357-0FEFB360979A}.GUIRelease|Win32.ActiveCfg = GUIRelease|Win32
		{B9F10DBD-C3E7-4312-B357-0FEFB360979A}.GUIRelease|Win32.Build.0 = GUIRelease|Win32
		{B9F10DBD-C3E7-4312-B357-0FEFB360979A}.Release|Win32.ActiveCfg = Release|Win32
		{B9F10DBD-C3E7-4312-B357-0FEFB360979A}.Release|Win32.Build.0 = Release|Win32
	EndGlobalSection
	GlobalSection(SolutionProperties) = preSolution
		HideSolutionNode = FALSE
	EndGlobalSection
EndGlobal
