Microsoft Visual Studio Solution File, Format Version 9.00
# Visual Studio 2005
Project("{8BC9CEB8-8B4A-11D0-8D11-00A0C91BC942}") = "botlib", "botlib.vcproj", "{0018E098-B12A-4E4D-9B22-6772DA287080}"
EndProject
Project("{8BC9CEB8-8B4A-11D0-8D11-00A0C91BC942}") = "fteqcc", "..\qclib\dotnet2005\qcc.vcproj", "{2866F783-6B44-4655-A38D-D53874037454}"
EndProject
Project("{8BC9CEB8-8B4A-11D0-8D11-00A0C91BC942}") = "qtvprox", "..\..\fteqtv\dotnet2005\qtvprox.vcproj", "{62669E6C-7E18-4E4D-BA54-DFBE29E7D24E}"
EndProject
Project("{8BC9CEB8-8B4A-11D0-8D11-00A0C91BC942}") = "nacl", "..\nacl\nacl.vcproj", "{4735677B-6D5A-4BE6-A945-CB32A7282F56}"
EndProject
Project("{8BC9CEB8-8B4A-11D0-8D11-00A0C91BC942}") = "xsv", "..\..\plugins\xsv\xsv.vcproj", "{873CCE24-3549-49D4-A4B4-653F91B1532A}"
EndProject
Project("{8BC9CEB8-8B4A-11D0-8D11-00A0C91BC942}") = "berkplug", "..\..\plugins\berkelium\berkelium.vcproj", "{4877586B-E85B-4DF8-BCCE-59D31514D240}"
EndProject
Project("{8BC9CEB8-8B4A-11D0-8D11-00A0C91BC942}") = "avplug", "..\..\plugins\avplug\avplug.vcproj", "{32B12987-DF8C-4E40-B07C-B18586A4CA65}"
EndProject
Project("{8BC9CEB8-8B4A-11D0-8D11-00A0C91BC942}") = "droid", "droid.vcproj", "{4735677B-6D5A-4BE6-A945-CB32DEADBEEF}"
EndProject
Project("{2150E333-8FDC-42A3-9474-1A3956D46DE8}") = "plugins", "plugins", "{8CED01C6-2C61-4EC5-90B6-574D9756D773}"
EndProject
Project("{8BC9CEB8-8B4A-11D0-8D11-00A0C91BC942}") = "jabbercl", "..\..\plugins\jabber\jabbercl.vcproj", "{9767E236-8454-44E9-8999-CD5BDAFBE9BA}"
EndProject
Project("{8BC9CEB8-8B4A-11D0-8D11-00A0C91BC942}") = "fs_mpq", "..\..\plugins\mpq\fs_mpq.vcproj", "{72269FEE-293D-40BC-A7AE-E429F4496869}"
EndProject
Project("{8BC9CEB8-8B4A-11D0-8D11-00A0C91BC942}") = "httpserver", "..\http\httpserver.vcproj", "{E6BAD203-4704-4860-9C38-D4702E9CAD7D}"
	ProjectSection(ProjectDependencies) = postProject
		{88BFEE0E-7BC0-43AD-9CCC-6B1A6E4C1364} = {88BFEE0E-7BC0-43AD-9CCC-6B1A6E4C1364}
	EndProjectSection
EndProject
Project("{8BC9CEB8-8B4A-11D0-8D11-00A0C91BC942}") = "ftequake", "ftequake.vcproj", "{88BFEE0E-7BC0-43AD-9CCC-6B1A6E4C1364}"
	ProjectSection(ProjectDependencies) = postProject
		{0018E098-B12A-4E4D-9B22-6772DA287080} = {0018E098-B12A-4E4D-9B22-6772DA287080}
	EndProjectSection
EndProject
Project("{8BC9CEB8-8B4A-11D0-8D11-00A0C91BC942}") = "dedserver", "dedserver.vcproj", "{482A886A-5755-4DAE-AD5F-D7CD4A990F9E}"
	ProjectSection(ProjectDependencies) = postProject
		{0018E098-B12A-4E4D-9B22-6772DA287080} = {0018E098-B12A-4E4D-9B22-6772DA287080}
	EndProjectSection
EndProject
Project("{8BC9CEB8-8B4A-11D0-8D11-00A0C91BC942}") = "npfte", "npfte.vcproj", "{88BFEE0E-7BC0-43AD-9CCC-6B1A6E4C1365}"
EndProject
Project("{8BC9CEB8-8B4A-11D0-8D11-00A0C91BC942}") = "irc", "..\..\plugins\irc\irc.vcproj", "{6ABD62A3-C5A0-43E8-BA4F-84606057774F}"
EndProject
Project("{8BC9CEB8-8B4A-11D0-8D11-00A0C91BC942}") = "private", "..\..\plugins\private\private.vcproj", "{74542CA7-48C1-4664-9007-66F751131EA3}"
	ProjectSection(ProjectDependencies) = postProject
		{72269FEE-293D-40BC-A7AE-E429F4496869} = {72269FEE-293D-40BC-A7AE-E429F4496869}
		{88BFEE0E-7BC0-43AD-9CCC-6B1A6E4C1364} = {88BFEE0E-7BC0-43AD-9CCC-6B1A6E4C1364}
	EndProjectSection
EndProject
Project("{2150E333-8FDC-42A3-9474-1A3956D46DE8}") = "targets", "targets", "{EB5DFF7C-C0A8-426C-BC66-524162350F1B}"
EndProject
Project("{8BC9CEB8-8B4A-11D0-8D11-00A0C91BC942}") = "emscripten", "emscripten.vcproj", "{75D91BDE-CC30-4C53-BF33-5F69EF13A61B}"
EndProject
Project("{8BC9CEB8-8B4A-11D0-8D11-00A0C91BC942}") = "bulletplug", "..\..\plugins\bullet\bulletplug.vcproj", "{82285268-9C3B-44AD-BBE7-40670F9D2628}"
EndProject
Project("{8BC9CEB8-8B4A-11D0-8D11-00A0C91BC942}") = "odeplug", "..\..\plugins\odeplug\odeplug.vcproj", "{ED16B405-BDCD-4EB8-BF70-761964301368}"
EndProject
Project("{8BC9CEB8-8B4A-11D0-8D11-00A0C91BC942}") = "ezhud", "..\..\plugins\ezhud\ezhud.vcproj", "{E475BFF0-6766-48BA-BE44-931C068AC5B0}"
EndProject
Project("{8BC9CEB8-8B4A-11D0-8D11-00A0C91BC942}") = "cef", "..\..\plugins\cef\cef.vcproj", "{F756A3D2-025A-43D4-9829-4074753B774B}"
EndProject
Project("{8BC9CEB8-8B4A-11D0-8D11-00A0C91BC942}") = "qi", "..\..\plugins\qi\qi.vcproj", "{909E9AE0-0617-469C-954E-1ED09367F90E}"
EndProject
Project("{8BC9CEB8-8B4A-11D0-8D11-00A0C91BC942}") = "models", "..\..\plugins\models\models.vcproj", "{E6CDA919-628B-45BF-A5DB-FB55179D6443}"
EndProject
Project("{8BC9CEB8-8B4A-11D0-8D11-00A0C91BC942}") = "iqm", "..\..\iqm\iqm.vcproj", "{0AE4667A-A446-44E7-A758-69CF5D9AF8FC}"
EndProject
Project("{8BC9CEB8-8B4A-11D0-8D11-00A0C91BC942}") = "gmake", "gmake.vcproj", "{0B1B2549-24DE-4FF2-844B-7A93ED5CF919}"
EndProject
Global
	GlobalSection(SolutionConfigurationPlatforms) = preSolution
		D3DDebug|Win32 = D3DDebug|Win32
		D3DDebug|x64 = D3DDebug|x64
		D3DRelease|Win32 = D3DRelease|Win32
		D3DRelease|x64 = D3DRelease|x64
		Debug Dedicated Server|Win32 = Debug Dedicated Server|Win32
		Debug Dedicated Server|x64 = Debug Dedicated Server|x64
		Debug|Win32 = Debug|Win32
		Debug|x64 = Debug|x64
		GLDebug|Win32 = GLDebug|Win32
		GLDebug|x64 = GLDebug|x64
		GLRelease|Win32 = GLRelease|Win32
		GLRelease|x64 = GLRelease|x64
		MDebug|Win32 = MDebug|Win32
		MDebug|x64 = MDebug|x64
		MinGLDebug|Win32 = MinGLDebug|Win32
		MinGLDebug|x64 = MinGLDebug|x64
		MinGLRelease|Win32 = MinGLRelease|Win32
		MinGLRelease|x64 = MinGLRelease|x64
		MRelease|Win32 = MRelease|Win32
		MRelease|x64 = MRelease|x64
		Release Dedicated Server|Win32 = Release Dedicated Server|Win32
		Release Dedicated Server|x64 = Release Dedicated Server|x64
		Release|Win32 = Release|Win32
		Release|x64 = Release|x64
		VkDebug|Win32 = VkDebug|Win32
		VkDebug|x64 = VkDebug|x64
		VkRelease|Win32 = VkRelease|Win32
		VkRelease|x64 = VkRelease|x64
	EndGlobalSection
	GlobalSection(ProjectConfigurationPlatforms) = postSolution
		{0018E098-B12A-4E4D-9B22-6772DA287080}.D3DDebug|Win32.ActiveCfg = Release|Win32
		{0018E098-B12A-4E4D-9B22-6772DA287080}.D3DDebug|Win32.Build.0 = Release|Win32
		{0018E098-B12A-4E4D-9B22-6772DA287080}.D3DDebug|x64.ActiveCfg = Release|Win32
		{0018E098-B12A-4E4D-9B22-6772DA287080}.D3DRelease|Win32.ActiveCfg = Release|Win32
		{0018E098-B12A-4E4D-9B22-6772DA287080}.D3DRelease|Win32.Build.0 = Release|Win32
		{0018E098-B12A-4E4D-9B22-6772DA287080}.D3DRelease|x64.ActiveCfg = Release|Win32
		{0018E098-B12A-4E4D-9B22-6772DA287080}.Debug Dedicated Server|Win32.ActiveCfg = Debug|Win32
		{0018E098-B12A-4E4D-9B22-6772DA287080}.Debug Dedicated Server|Win32.Build.0 = Debug|Win32
		{0018E098-B12A-4E4D-9B22-6772DA287080}.Debug Dedicated Server|x64.ActiveCfg = Debug|Win32
		{0018E098-B12A-4E4D-9B22-6772DA287080}.Debug|Win32.ActiveCfg = Debug|Win32
		{0018E098-B12A-4E4D-9B22-6772DA287080}.Debug|Win32.Build.0 = Debug|Win32
		{0018E098-B12A-4E4D-9B22-6772DA287080}.Debug|x64.ActiveCfg = Release|Win32
		{0018E098-B12A-4E4D-9B22-6772DA287080}.GLDebug|Win32.ActiveCfg = Debug|Win32
		{0018E098-B12A-4E4D-9B22-6772DA287080}.GLDebug|Win32.Build.0 = Debug|Win32
		{0018E098-B12A-4E4D-9B22-6772DA287080}.GLDebug|x64.ActiveCfg = Debug|x64
		{0018E098-B12A-4E4D-9B22-6772DA287080}.GLRelease|Win32.ActiveCfg = Release|Win32
		{0018E098-B12A-4E4D-9B22-6772DA287080}.GLRelease|Win32.Build.0 = Release|Win32
		{0018E098-B12A-4E4D-9B22-6772DA287080}.GLRelease|x64.ActiveCfg = Release|Win32
		{0018E098-B12A-4E4D-9B22-6772DA287080}.MDebug|Win32.ActiveCfg = Debug|Win32
		{0018E098-B12A-4E4D-9B22-6772DA287080}.MDebug|Win32.Build.0 = Debug|Win32
		{0018E098-B12A-4E4D-9B22-6772DA287080}.MDebug|x64.ActiveCfg = Release|Win32
		{0018E098-B12A-4E4D-9B22-6772DA287080}.MinGLDebug|Win32.ActiveCfg = Debug|Win32
		{0018E098-B12A-4E4D-9B22-6772DA287080}.MinGLDebug|x64.ActiveCfg = Debug|Win32
		{0018E098-B12A-4E4D-9B22-6772DA287080}.MinGLRelease|Win32.ActiveCfg = Release|Win32
		{0018E098-B12A-4E4D-9B22-6772DA287080}.MinGLRelease|x64.ActiveCfg = Debug|Win32
		{0018E098-B12A-4E4D-9B22-6772DA287080}.MRelease|Win32.ActiveCfg = Release|Win32
		{0018E098-B12A-4E4D-9B22-6772DA287080}.MRelease|Win32.Build.0 = Release|Win32
		{0018E098-B12A-4E4D-9B22-6772DA287080}.MRelease|x64.ActiveCfg = Debug|Win32
		{0018E098-B12A-4E4D-9B22-6772DA287080}.Release Dedicated Server|Win32.ActiveCfg = Release|Win32
		{0018E098-B12A-4E4D-9B22-6772DA287080}.Release Dedicated Server|Win32.Build.0 = Release|Win32
		{0018E098-B12A-4E4D-9B22-6772DA287080}.Release Dedicated Server|x64.ActiveCfg = Release|Win32
		{0018E098-B12A-4E4D-9B22-6772DA287080}.Release|Win32.ActiveCfg = Release|Win32
		{0018E098-B12A-4E4D-9B22-6772DA287080}.Release|Win32.Build.0 = Release|Win32
		{0018E098-B12A-4E4D-9B22-6772DA287080}.Release|x64.ActiveCfg = Release|Win32
		{0018E098-B12A-4E4D-9B22-6772DA287080}.VkDebug|Win32.ActiveCfg = Debug|Win32
		{0018E098-B12A-4E4D-9B22-6772DA287080}.VkDebug|Win32.Build.0 = Debug|Win32
		{0018E098-B12A-4E4D-9B22-6772DA287080}.VkDebug|x64.ActiveCfg = Debug|Win32
		{0018E098-B12A-4E4D-9B22-6772DA287080}.VkRelease|Win32.ActiveCfg = Release|Win32
		{0018E098-B12A-4E4D-9B22-6772DA287080}.VkRelease|Win32.Build.0 = Release|Win32
		{0018E098-B12A-4E4D-9B22-6772DA287080}.VkRelease|x64.ActiveCfg = Release|Win32
		{2866F783-6B44-4655-A38D-D53874037454}.D3DDebug|Win32.ActiveCfg = Release|Win32
		{2866F783-6B44-4655-A38D-D53874037454}.D3DDebug|x64.ActiveCfg = Release|Win32
		{2866F783-6B44-4655-A38D-D53874037454}.D3DRelease|Win32.ActiveCfg = Release|Win32
		{2866F783-6B44-4655-A38D-D53874037454}.D3DRelease|x64.ActiveCfg = Release|Win32
		{2866F783-6B44-4655-A38D-D53874037454}.Debug Dedicated Server|Win32.ActiveCfg = Debug|Win32
		{2866F783-6B44-4655-A38D-D53874037454}.Debug Dedicated Server|Win32.Build.0 = Debug|Win32
		{2866F783-6B44-4655-A38D-D53874037454}.Debug Dedicated Server|x64.ActiveCfg = Debug|Win32
		{2866F783-6B44-4655-A38D-D53874037454}.Debug|Win32.ActiveCfg = Debug|Win32
		{2866F783-6B44-4655-A38D-D53874037454}.Debug|x64.ActiveCfg = Release|Win32
		{2866F783-6B44-4655-A38D-D53874037454}.GLDebug|Win32.ActiveCfg = Debug|Win32
		{2866F783-6B44-4655-A38D-D53874037454}.GLDebug|Win32.Build.0 = Debug|Win32
		{2866F783-6B44-4655-A38D-D53874037454}.GLDebug|x64.ActiveCfg = Debug|x64
		{2866F783-6B44-4655-A38D-D53874037454}.GLDebug|x64.Build.0 = Debug|x64
		{2866F783-6B44-4655-A38D-D53874037454}.GLRelease|Win32.ActiveCfg = Release|Win32
		{2866F783-6B44-4655-A38D-D53874037454}.GLRelease|Win32.Build.0 = Release|Win32
		{2866F783-6B44-4655-A38D-D53874037454}.GLRelease|x64.ActiveCfg = Release|x64
		{2866F783-6B44-4655-A38D-D53874037454}.MDebug|Win32.ActiveCfg = Debug|Win32
		{2866F783-6B44-4655-A38D-D53874037454}.MDebug|Win32.Build.0 = Debug|Win32
		{2866F783-6B44-4655-A38D-D53874037454}.MDebug|x64.ActiveCfg = Release|Win32
		{2866F783-6B44-4655-A38D-D53874037454}.MinGLDebug|Win32.ActiveCfg = Debug|Win32
		{2866F783-6B44-4655-A38D-D53874037454}.MinGLDebug|Win32.Build.0 = Debug|Win32
		{2866F783-6B44-4655-A38D-D53874037454}.MinGLDebug|x64.ActiveCfg = Debug|Win32
		{2866F783-6B44-4655-A38D-D53874037454}.MinGLRelease|Win32.ActiveCfg = Release|Win32
		{2866F783-6B44-4655-A38D-D53874037454}.MinGLRelease|Win32.Build.0 = Release|Win32
		{2866F783-6B44-4655-A38D-D53874037454}.MinGLRelease|x64.ActiveCfg = Debug|Win32
		{2866F783-6B44-4655-A38D-D53874037454}.MRelease|Win32.ActiveCfg = Release|Win32
		{2866F783-6B44-4655-A38D-D53874037454}.MRelease|Win32.Build.0 = Release|Win32
		{2866F783-6B44-4655-A38D-D53874037454}.MRelease|x64.ActiveCfg = Release|x64
		{2866F783-6B44-4655-A38D-D53874037454}.Release Dedicated Server|Win32.ActiveCfg = Release|Win32
		{2866F783-6B44-4655-A38D-D53874037454}.Release Dedicated Server|x64.ActiveCfg = Release|Win32
		{2866F783-6B44-4655-A38D-D53874037454}.Release|Win32.ActiveCfg = Release|Win32
		{2866F783-6B44-4655-A38D-D53874037454}.Release|Win32.Build.0 = Release|Win32
		{2866F783-6B44-4655-A38D-D53874037454}.Release|x64.ActiveCfg = Release|x64
		{2866F783-6B44-4655-A38D-D53874037454}.VkDebug|Win32.ActiveCfg = Debug|Win32
		{2866F783-6B44-4655-A38D-D53874037454}.VkDebug|Win32.Build.0 = Debug|Win32
		{2866F783-6B44-4655-A38D-D53874037454}.VkDebug|x64.ActiveCfg = Debug|x64
		{2866F783-6B44-4655-A38D-D53874037454}.VkDebug|x64.Build.0 = Debug|x64
		{2866F783-6B44-4655-A38D-D53874037454}.VkRelease|Win32.ActiveCfg = Release|Win32
		{2866F783-6B44-4655-A38D-D53874037454}.VkRelease|Win32.Build.0 = Release|Win32
		{2866F783-6B44-4655-A38D-D53874037454}.VkRelease|x64.ActiveCfg = Release|Win32
		{62669E6C-7E18-4E4D-BA54-DFBE29E7D24E}.D3DDebug|Win32.ActiveCfg = Release|Win32
		{62669E6C-7E18-4E4D-BA54-DFBE29E7D24E}.D3DDebug|x64.ActiveCfg = Release|Win32
		{62669E6C-7E18-4E4D-BA54-DFBE29E7D24E}.D3DRelease|Win32.ActiveCfg = Release|Win32
		{62669E6C-7E18-4E4D-BA54-DFBE29E7D24E}.D3DRelease|x64.ActiveCfg = Release|Win32
		{62669E6C-7E18-4E4D-BA54-DFBE29E7D24E}.Debug Dedicated Server|Win32.ActiveCfg = Debug|Win32
		{62669E6C-7E18-4E4D-BA54-DFBE29E7D24E}.Debug Dedicated Server|Win32.Build.0 = Debug|Win32
		{62669E6C-7E18-4E4D-BA54-DFBE29E7D24E}.Debug Dedicated Server|x64.ActiveCfg = Debug|Win32
		{62669E6C-7E18-4E4D-BA54-DFBE29E7D24E}.Debug|Win32.ActiveCfg = Debug|Win32
		{62669E6C-7E18-4E4D-BA54-DFBE29E7D24E}.Debug|x64.ActiveCfg = Release|Win32
		{62669E6C-7E18-4E4D-BA54-DFBE29E7D24E}.GLDebug|Win32.ActiveCfg = Debug|Win32
		{62669E6C-7E18-4E4D-BA54-DFBE29E7D24E}.GLDebug|x64.ActiveCfg = Debug|Win32
		{62669E6C-7E18-4E4D-BA54-DFBE29E7D24E}.GLRelease|Win32.ActiveCfg = Release|Win32
		{62669E6C-7E18-4E4D-BA54-DFBE29E7D24E}.GLRelease|x64.ActiveCfg = Release|Win32
		{62669E6C-7E18-4E4D-BA54-DFBE29E7D24E}.MDebug|Win32.ActiveCfg = Debug|Win32
		{62669E6C-7E18-4E4D-BA54-DFBE29E7D24E}.MDebug|x64.ActiveCfg = Release|Win32
		{62669E6C-7E18-4E4D-BA54-DFBE29E7D24E}.MinGLDebug|Win32.ActiveCfg = Debug|Win32
		{62669E6C-7E18-4E4D-BA54-DFBE29E7D24E}.MinGLDebug|x64.ActiveCfg = Debug|Win32
		{62669E6C-7E18-4E4D-BA54-DFBE29E7D24E}.MinGLRelease|Win32.ActiveCfg = Release|Win32
		{62669E6C-7E18-4E4D-BA54-DFBE29E7D24E}.MinGLRelease|Win32.Build.0 = Release|Win32
		{62669E6C-7E18-4E4D-BA54-DFBE29E7D24E}.MinGLRelease|x64.ActiveCfg = Debug|Win32
		{62669E6C-7E18-4E4D-BA54-DFBE29E7D24E}.MRelease|Win32.ActiveCfg = Release|Win32
		{62669E6C-7E18-4E4D-BA54-DFBE29E7D24E}.MRelease|Win32.Build.0 = Release|Win32
		{62669E6C-7E18-4E4D-BA54-DFBE29E7D24E}.MRelease|x64.ActiveCfg = Debug|Win32
		{62669E6C-7E18-4E4D-BA54-DFBE29E7D24E}.Release Dedicated Server|Win32.ActiveCfg = Release|Win32
		{62669E6C-7E18-4E4D-BA54-DFBE29E7D24E}.Release Dedicated Server|x64.ActiveCfg = Release|Win32
		{62669E6C-7E18-4E4D-BA54-DFBE29E7D24E}.Release|Win32.ActiveCfg = Release|Win32
		{62669E6C-7E18-4E4D-BA54-DFBE29E7D24E}.Release|Win32.Build.0 = Release|Win32
		{62669E6C-7E18-4E4D-BA54-DFBE29E7D24E}.Release|x64.ActiveCfg = Release|Win32
		{62669E6C-7E18-4E4D-BA54-DFBE29E7D24E}.VkDebug|Win32.ActiveCfg = Debug|Win32
		{62669E6C-7E18-4E4D-BA54-DFBE29E7D24E}.VkDebug|x64.ActiveCfg = Debug|Win32
		{62669E6C-7E18-4E4D-BA54-DFBE29E7D24E}.VkRelease|Win32.ActiveCfg = Release|Win32
		{62669E6C-7E18-4E4D-BA54-DFBE29E7D24E}.VkRelease|x64.ActiveCfg = Release|Win32
		{4735677B-6D5A-4BE6-A945-CB32A7282F56}.D3DDebug|Win32.ActiveCfg = Release|Win32
		{4735677B-6D5A-4BE6-A945-CB32A7282F56}.D3DDebug|x64.ActiveCfg = Release|Win32
		{4735677B-6D5A-4BE6-A945-CB32A7282F56}.D3DRelease|Win32.ActiveCfg = Release|Win32
		{4735677B-6D5A-4BE6-A945-CB32A7282F56}.D3DRelease|x64.ActiveCfg = Release|Win32
		{4735677B-6D5A-4BE6-A945-CB32A7282F56}.Debug Dedicated Server|Win32.ActiveCfg = Debug|Win32
		{4735677B-6D5A-4BE6-A945-CB32A7282F56}.Debug Dedicated Server|x64.ActiveCfg = Debug|Win32
		{4735677B-6D5A-4BE6-A945-CB32A7282F56}.Debug|Win32.ActiveCfg = Debug|Win32
		{4735677B-6D5A-4BE6-A945-CB32A7282F56}.Debug|x64.ActiveCfg = Release|Win32
		{4735677B-6D5A-4BE6-A945-CB32A7282F56}.GLDebug|Win32.ActiveCfg = Debug|Win32
		{4735677B-6D5A-4BE6-A945-CB32A7282F56}.GLDebug|x64.ActiveCfg = Debug|Win32
		{4735677B-6D5A-4BE6-A945-CB32A7282F56}.GLRelease|Win32.ActiveCfg = Release|Win32
		{4735677B-6D5A-4BE6-A945-CB32A7282F56}.GLRelease|x64.ActiveCfg = Release|Win32
		{4735677B-6D5A-4BE6-A945-CB32A7282F56}.MDebug|Win32.ActiveCfg = Debug|Win32
		{4735677B-6D5A-4BE6-A945-CB32A7282F56}.MDebug|x64.ActiveCfg = Release|Win32
		{4735677B-6D5A-4BE6-A945-CB32A7282F56}.MinGLDebug|Win32.ActiveCfg = Debug|Win32
		{4735677B-6D5A-4BE6-A945-CB32A7282F56}.MinGLDebug|x64.ActiveCfg = Debug|Win32
		{4735677B-6D5A-4BE6-A945-CB32A7282F56}.MinGLRelease|Win32.ActiveCfg = Release|Win32
		{4735677B-6D5A-4BE6-A945-CB32A7282F56}.MinGLRelease|x64.ActiveCfg = Debug|Win32
		{4735677B-6D5A-4BE6-A945-CB32A7282F56}.MRelease|Win32.ActiveCfg = Release|Win32
		{4735677B-6D5A-4BE6-A945-CB32A7282F56}.MRelease|x64.ActiveCfg = Debug|Win32
		{4735677B-6D5A-4BE6-A945-CB32A7282F56}.Release Dedicated Server|Win32.ActiveCfg = Release|Win32
		{4735677B-6D5A-4BE6-A945-CB32A7282F56}.Release Dedicated Server|x64.ActiveCfg = Release|Win32
		{4735677B-6D5A-4BE6-A945-CB32A7282F56}.Release|Win32.ActiveCfg = Release|Win32
		{4735677B-6D5A-4BE6-A945-CB32A7282F56}.Release|x64.ActiveCfg = Release|Win32
		{4735677B-6D5A-4BE6-A945-CB32A7282F56}.VkDebug|Win32.ActiveCfg = Debug|Win32
		{4735677B-6D5A-4BE6-A945-CB32A7282F56}.VkDebug|x64.ActiveCfg = Debug|Win32
		{4735677B-6D5A-4BE6-A945-CB32A7282F56}.VkRelease|Win32.ActiveCfg = Release|Win32
		{4735677B-6D5A-4BE6-A945-CB32A7282F56}.VkRelease|x64.ActiveCfg = Release|Win32
		{873CCE24-3549-49D4-A4B4-653F91B1532A}.D3DDebug|Win32.ActiveCfg = Release|Win32
		{873CCE24-3549-49D4-A4B4-653F91B1532A}.D3DDebug|x64.ActiveCfg = Release|Win32
		{873CCE24-3549-49D4-A4B4-653F91B1532A}.D3DRelease|Win32.ActiveCfg = Release|Win32
		{873CCE24-3549-49D4-A4B4-653F91B1532A}.D3DRelease|x64.ActiveCfg = Release|Win32
		{873CCE24-3549-49D4-A4B4-653F91B1532A}.Debug Dedicated Server|Win32.ActiveCfg = Debug|Win32
		{873CCE24-3549-49D4-A4B4-653F91B1532A}.Debug Dedicated Server|x64.ActiveCfg = Debug|Win32
		{873CCE24-3549-49D4-A4B4-653F91B1532A}.Debug|Win32.ActiveCfg = Debug|Win32
		{873CCE24-3549-49D4-A4B4-653F91B1532A}.Debug|x64.ActiveCfg = Release|Win32
		{873CCE24-3549-49D4-A4B4-653F91B1532A}.GLDebug|Win32.ActiveCfg = Debug|Win32
		{873CCE24-3549-49D4-A4B4-653F91B1532A}.GLDebug|x64.ActiveCfg = Debug|Win32
		{873CCE24-3549-49D4-A4B4-653F91B1532A}.GLRelease|Win32.ActiveCfg = Release|Win32
		{873CCE24-3549-49D4-A4B4-653F91B1532A}.GLRelease|x64.ActiveCfg = Release|Win32
		{873CCE24-3549-49D4-A4B4-653F91B1532A}.MDebug|Win32.ActiveCfg = Debug|Win32
		{873CCE24-3549-49D4-A4B4-653F91B1532A}.MDebug|x64.ActiveCfg = Release|Win32
		{873CCE24-3549-49D4-A4B4-653F91B1532A}.MinGLDebug|Win32.ActiveCfg = Debug|Win32
		{873CCE24-3549-49D4-A4B4-653F91B1532A}.MinGLDebug|x64.ActiveCfg = Debug|Win32
		{873CCE24-3549-49D4-A4B4-653F91B1532A}.MinGLRelease|Win32.ActiveCfg = Release|Win32
		{873CCE24-3549-49D4-A4B4-653F91B1532A}.MinGLRelease|x64.ActiveCfg = Debug|Win32
		{873CCE24-3549-49D4-A4B4-653F91B1532A}.MRelease|Win32.ActiveCfg = Release|Win32
		{873CCE24-3549-49D4-A4B4-653F91B1532A}.MRelease|Win32.Build.0 = Release|Win32
		{873CCE24-3549-49D4-A4B4-653F91B1532A}.MRelease|x64.ActiveCfg = Debug|Win32
		{873CCE24-3549-49D4-A4B4-653F91B1532A}.Release Dedicated Server|Win32.ActiveCfg = Release|Win32
		{873CCE24-3549-49D4-A4B4-653F91B1532A}.Release Dedicated Server|x64.ActiveCfg = Release|Win32
		{873CCE24-3549-49D4-A4B4-653F91B1532A}.Release|Win32.ActiveCfg = Release|Win32
		{873CCE24-3549-49D4-A4B4-653F91B1532A}.Release|Win32.Build.0 = Release|Win32
		{873CCE24-3549-49D4-A4B4-653F91B1532A}.Release|x64.ActiveCfg = Release|Win32
		{873CCE24-3549-49D4-A4B4-653F91B1532A}.VkDebug|Win32.ActiveCfg = Debug|Win32
		{873CCE24-3549-49D4-A4B4-653F91B1532A}.VkDebug|x64.ActiveCfg = Debug|Win32
		{873CCE24-3549-49D4-A4B4-653F91B1532A}.VkRelease|Win32.ActiveCfg = Release|Win32
		{873CCE24-3549-49D4-A4B4-653F91B1532A}.VkRelease|x64.ActiveCfg = Release|Win32
		{4877586B-E85B-4DF8-BCCE-59D31514D240}.D3DDebug|Win32.ActiveCfg = Release|Win32
		{4877586B-E85B-4DF8-BCCE-59D31514D240}.D3DDebug|Win32.Build.0 = Release|Win32
		{4877586B-E85B-4DF8-BCCE-59D31514D240}.D3DDebug|x64.ActiveCfg = Release|Win32
		{4877586B-E85B-4DF8-BCCE-59D31514D240}.D3DRelease|Win32.ActiveCfg = Release|Win32
		{4877586B-E85B-4DF8-BCCE-59D31514D240}.D3DRelease|Win32.Build.0 = Release|Win32
		{4877586B-E85B-4DF8-BCCE-59D31514D240}.D3DRelease|x64.ActiveCfg = Release|Win32
		{4877586B-E85B-4DF8-BCCE-59D31514D240}.Debug Dedicated Server|Win32.ActiveCfg = Debug|Win32
		{4877586B-E85B-4DF8-BCCE-59D31514D240}.Debug Dedicated Server|x64.ActiveCfg = Debug|Win32
		{4877586B-E85B-4DF8-BCCE-59D31514D240}.Debug|Win32.ActiveCfg = Debug|Win32
		{4877586B-E85B-4DF8-BCCE-59D31514D240}.Debug|x64.ActiveCfg = Release|Win32
		{4877586B-E85B-4DF8-BCCE-59D31514D240}.GLDebug|Win32.ActiveCfg = Debug|Win32
		{4877586B-E85B-4DF8-BCCE-59D31514D240}.GLDebug|x64.ActiveCfg = Debug|Win32
		{4877586B-E85B-4DF8-BCCE-59D31514D240}.GLRelease|Win32.ActiveCfg = Release|Win32
		{4877586B-E85B-4DF8-BCCE-59D31514D240}.GLRelease|x64.ActiveCfg = Release|Win32
		{4877586B-E85B-4DF8-BCCE-59D31514D240}.MDebug|Win32.ActiveCfg = Debug|Win32
		{4877586B-E85B-4DF8-BCCE-59D31514D240}.MDebug|x64.ActiveCfg = Release|Win32
		{4877586B-E85B-4DF8-BCCE-59D31514D240}.MinGLDebug|Win32.ActiveCfg = Debug|Win32
		{4877586B-E85B-4DF8-BCCE-59D31514D240}.MinGLDebug|x64.ActiveCfg = Debug|Win32
		{4877586B-E85B-4DF8-BCCE-59D31514D240}.MinGLRelease|Win32.ActiveCfg = Release|Win32
		{4877586B-E85B-4DF8-BCCE-59D31514D240}.MinGLRelease|Win32.Build.0 = Release|Win32
		{4877586B-E85B-4DF8-BCCE-59D31514D240}.MinGLRelease|x64.ActiveCfg = Debug|Win32
		{4877586B-E85B-4DF8-BCCE-59D31514D240}.MRelease|Win32.ActiveCfg = Release|Win32
		{4877586B-E85B-4DF8-BCCE-59D31514D240}.MRelease|Win32.Build.0 = Release|Win32
		{4877586B-E85B-4DF8-BCCE-59D31514D240}.MRelease|x64.ActiveCfg = Debug|Win32
		{4877586B-E85B-4DF8-BCCE-59D31514D240}.Release Dedicated Server|Win32.ActiveCfg = Release|Win32
		{4877586B-E85B-4DF8-BCCE-59D31514D240}.Release Dedicated Server|x64.ActiveCfg = Release|Win32
		{4877586B-E85B-4DF8-BCCE-59D31514D240}.Release|Win32.ActiveCfg = Release|Win32
		{4877586B-E85B-4DF8-BCCE-59D31514D240}.Release|Win32.Build.0 = Release|Win32
		{4877586B-E85B-4DF8-BCCE-59D31514D240}.Release|x64.ActiveCfg = Release|Win32
		{4877586B-E85B-4DF8-BCCE-59D31514D240}.VkDebug|Win32.ActiveCfg = Debug|Win32
		{4877586B-E85B-4DF8-BCCE-59D31514D240}.VkDebug|x64.ActiveCfg = Debug|Win32
		{4877586B-E85B-4DF8-BCCE-59D31514D240}.VkRelease|Win32.ActiveCfg = Release|Win32
		{4877586B-E85B-4DF8-BCCE-59D31514D240}.VkRelease|x64.ActiveCfg = Release|Win32
		{32B12987-DF8C-4E40-B07C-B18586A4CA65}.D3DDebug|Win32.ActiveCfg = Debug|Win32
		{32B12987-DF8C-4E40-B07C-B18586A4CA65}.D3DDebug|Win32.Build.0 = Debug|Win32
		{32B12987-DF8C-4E40-B07C-B18586A4CA65}.D3DDebug|x64.ActiveCfg = Release|Win32
		{32B12987-DF8C-4E40-B07C-B18586A4CA65}.D3DRelease|Win32.ActiveCfg = Release|Win32
		{32B12987-DF8C-4E40-B07C-B18586A4CA65}.D3DRelease|Win32.Build.0 = Release|Win32
		{32B12987-DF8C-4E40-B07C-B18586A4CA65}.D3DRelease|x64.ActiveCfg = Release|Win32
		{32B12987-DF8C-4E40-B07C-B18586A4CA65}.Debug Dedicated Server|Win32.ActiveCfg = Debug|Win32
		{32B12987-DF8C-4E40-B07C-B18586A4CA65}.Debug Dedicated Server|x64.ActiveCfg = Debug|Win32
		{32B12987-DF8C-4E40-B07C-B18586A4CA65}.Debug|Win32.ActiveCfg = Debug|Win32
		{32B12987-DF8C-4E40-B07C-B18586A4CA65}.Debug|x64.ActiveCfg = Release|Win32
		{32B12987-DF8C-4E40-B07C-B18586A4CA65}.GLDebug|Win32.ActiveCfg = Debug|Win32
		{32B12987-DF8C-4E40-B07C-B18586A4CA65}.GLDebug|Win32.Build.0 = Debug|Win32
		{32B12987-DF8C-4E40-B07C-B18586A4CA65}.GLDebug|x64.ActiveCfg = Debug|x64
		{32B12987-DF8C-4E40-B07C-B18586A4CA65}.GLDebug|x64.Build.0 = Debug|x64
		{32B12987-DF8C-4E40-B07C-B18586A4CA65}.GLRelease|Win32.ActiveCfg = Release|Win32
		{32B12987-DF8C-4E40-B07C-B18586A4CA65}.GLRelease|Win32.Build.0 = Release|Win32
		{32B12987-DF8C-4E40-B07C-B18586A4CA65}.GLRelease|x64.ActiveCfg = Release|Win32
		{32B12987-DF8C-4E40-B07C-B18586A4CA65}.MDebug|Win32.ActiveCfg = Debug|Win32
		{32B12987-DF8C-4E40-B07C-B18586A4CA65}.MDebug|x64.ActiveCfg = Release|Win32
		{32B12987-DF8C-4E40-B07C-B18586A4CA65}.MinGLDebug|Win32.ActiveCfg = Debug|Win32
		{32B12987-DF8C-4E40-B07C-B18586A4CA65}.MinGLDebug|x64.ActiveCfg = Debug|Win32
		{32B12987-DF8C-4E40-B07C-B18586A4CA65}.MinGLRelease|Win32.ActiveCfg = Release|Win32
		{32B12987-DF8C-4E40-B07C-B18586A4CA65}.MinGLRelease|Win32.Build.0 = Release|Win32
		{32B12987-DF8C-4E40-B07C-B18586A4CA65}.MinGLRelease|x64.ActiveCfg = Debug|Win32
		{32B12987-DF8C-4E40-B07C-B18586A4CA65}.MRelease|Win32.ActiveCfg = Release|Win32
		{32B12987-DF8C-4E40-B07C-B18586A4CA65}.MRelease|Win32.Build.0 = Release|Win32
		{32B12987-DF8C-4E40-B07C-B18586A4CA65}.MRelease|x64.ActiveCfg = Debug|Win32
		{32B12987-DF8C-4E40-B07C-B18586A4CA65}.Release Dedicated Server|Win32.ActiveCfg = Release|Win32
		{32B12987-DF8C-4E40-B07C-B18586A4CA65}.Release Dedicated Server|x64.ActiveCfg = Release|Win32
		{32B12987-DF8C-4E40-B07C-B18586A4CA65}.Release|Win32.ActiveCfg = Release|Win32
		{32B12987-DF8C-4E40-B07C-B18586A4CA65}.Release|Win32.Build.0 = Release|Win32
		{32B12987-DF8C-4E40-B07C-B18586A4CA65}.Release|x64.ActiveCfg = Release|Win32
		{32B12987-DF8C-4E40-B07C-B18586A4CA65}.VkDebug|Win32.ActiveCfg = Debug|Win32
		{32B12987-DF8C-4E40-B07C-B18586A4CA65}.VkDebug|x64.ActiveCfg = Debug|Win32
		{32B12987-DF8C-4E40-B07C-B18586A4CA65}.VkRelease|Win32.ActiveCfg = Release|Win32
		{32B12987-DF8C-4E40-B07C-B18586A4CA65}.VkRelease|Win32.Build.0 = Release|Win32
		{32B12987-DF8C-4E40-B07C-B18586A4CA65}.VkRelease|x64.ActiveCfg = Release|Win32
		{4735677B-6D5A-4BE6-A945-CB32DEADBEEF}.D3DDebug|Win32.ActiveCfg = Debug|Win32
		{4735677B-6D5A-4BE6-A945-CB32DEADBEEF}.D3DDebug|x64.ActiveCfg = Release|Win32
		{4735677B-6D5A-4BE6-A945-CB32DEADBEEF}.D3DRelease|Win32.ActiveCfg = Release|Win32
		{4735677B-6D5A-4BE6-A945-CB32DEADBEEF}.D3DRelease|x64.ActiveCfg = Release|Win32
		{4735677B-6D5A-4BE6-A945-CB32DEADBEEF}.Debug Dedicated Server|Win32.ActiveCfg = Debug|Win32
		{4735677B-6D5A-4BE6-A945-CB32DEADBEEF}.Debug Dedicated Server|x64.ActiveCfg = Debug|Win32
		{4735677B-6D5A-4BE6-A945-CB32DEADBEEF}.Debug|Win32.ActiveCfg = Debug|Win32
		{4735677B-6D5A-4BE6-A945-CB32DEADBEEF}.Debug|x64.ActiveCfg = Release|Win32
		{4735677B-6D5A-4BE6-A945-CB32DEADBEEF}.GLDebug|Win32.ActiveCfg = Debug|Win32
		{4735677B-6D5A-4BE6-A945-CB32DEADBEEF}.GLDebug|x64.ActiveCfg = Debug|Win32
		{4735677B-6D5A-4BE6-A945-CB32DEADBEEF}.GLRelease|Win32.ActiveCfg = Release|Win32
		{4735677B-6D5A-4BE6-A945-CB32DEADBEEF}.GLRelease|x64.ActiveCfg = Release|Win32
		{4735677B-6D5A-4BE6-A945-CB32DEADBEEF}.MDebug|Win32.ActiveCfg = Debug|Win32
		{4735677B-6D5A-4BE6-A945-CB32DEADBEEF}.MDebug|x64.ActiveCfg = Release|Win32
		{4735677B-6D5A-4BE6-A945-CB32DEADBEEF}.MinGLDebug|Win32.ActiveCfg = Debug|Win32
		{4735677B-6D5A-4BE6-A945-CB32DEADBEEF}.MinGLDebug|x64.ActiveCfg = Debug|Win32
		{4735677B-6D5A-4BE6-A945-CB32DEADBEEF}.MinGLRelease|Win32.ActiveCfg = Release|Win32
		{4735677B-6D5A-4BE6-A945-CB32DEADBEEF}.MinGLRelease|x64.ActiveCfg = Debug|Win32
		{4735677B-6D5A-4BE6-A945-CB32DEADBEEF}.MRelease|Win32.ActiveCfg = Release|Win32
		{4735677B-6D5A-4BE6-A945-CB32DEADBEEF}.MRelease|Win32.Build.0 = Release|Win32
		{4735677B-6D5A-4BE6-A945-CB32DEADBEEF}.MRelease|x64.ActiveCfg = Debug|Win32
		{4735677B-6D5A-4BE6-A945-CB32DEADBEEF}.Release Dedicated Server|Win32.ActiveCfg = Release|Win32
		{4735677B-6D5A-4BE6-A945-CB32DEADBEEF}.Release Dedicated Server|x64.ActiveCfg = Release|Win32
		{4735677B-6D5A-4BE6-A945-CB32DEADBEEF}.Release|Win32.ActiveCfg = Release|Win32
		{4735677B-6D5A-4BE6-A945-CB32DEADBEEF}.Release|Win32.Build.0 = Release|Win32
		{4735677B-6D5A-4BE6-A945-CB32DEADBEEF}.Release|x64.ActiveCfg = Release|Win32
		{4735677B-6D5A-4BE6-A945-CB32DEADBEEF}.VkDebug|Win32.ActiveCfg = Debug|Win32
		{4735677B-6D5A-4BE6-A945-CB32DEADBEEF}.VkDebug|x64.ActiveCfg = Debug|Win32
		{4735677B-6D5A-4BE6-A945-CB32DEADBEEF}.VkRelease|Win32.ActiveCfg = Release|Win32
		{4735677B-6D5A-4BE6-A945-CB32DEADBEEF}.VkRelease|x64.ActiveCfg = Release|Win32
		{9767E236-8454-44E9-8999-CD5BDAFBE9BA}.D3DDebug|Win32.ActiveCfg = Debug|Win32
		{9767E236-8454-44E9-8999-CD5BDAFBE9BA}.D3DDebug|Win32.Build.0 = Debug|Win32
		{9767E236-8454-44E9-8999-CD5BDAFBE9BA}.D3DDebug|x64.ActiveCfg = Debug|Win32
		{9767E236-8454-44E9-8999-CD5BDAFBE9BA}.D3DRelease|Win32.ActiveCfg = Release|Win32
		{9767E236-8454-44E9-8999-CD5BDAFBE9BA}.D3DRelease|Win32.Build.0 = Release|Win32
		{9767E236-8454-44E9-8999-CD5BDAFBE9BA}.D3DRelease|x64.ActiveCfg = Release|Win32
		{9767E236-8454-44E9-8999-CD5BDAFBE9BA}.Debug Dedicated Server|Win32.ActiveCfg = Debug|Win32
		{9767E236-8454-44E9-8999-CD5BDAFBE9BA}.Debug Dedicated Server|Win32.Build.0 = Debug|Win32
		{9767E236-8454-44E9-8999-CD5BDAFBE9BA}.Debug Dedicated Server|x64.ActiveCfg = Debug|Win32
		{9767E236-8454-44E9-8999-CD5BDAFBE9BA}.Debug|Win32.ActiveCfg = Debug|Win32
		{9767E236-8454-44E9-8999-CD5BDAFBE9BA}.Debug|x64.ActiveCfg = Debug|Win32
		{9767E236-8454-44E9-8999-CD5BDAFBE9BA}.GLDebug|Win32.ActiveCfg = Debug|Win32
		{9767E236-8454-44E9-8999-CD5BDAFBE9BA}.GLDebug|Win32.Build.0 = Debug|Win32
		{9767E236-8454-44E9-8999-CD5BDAFBE9BA}.GLDebug|x64.ActiveCfg = Debug|Win32
		{9767E236-8454-44E9-8999-CD5BDAFBE9BA}.GLRelease|Win32.ActiveCfg = Release|Win32
		{9767E236-8454-44E9-8999-CD5BDAFBE9BA}.GLRelease|x64.ActiveCfg = Release|Win32
		{9767E236-8454-44E9-8999-CD5BDAFBE9BA}.MDebug|Win32.ActiveCfg = Debug|Win32
		{9767E236-8454-44E9-8999-CD5BDAFBE9BA}.MDebug|Win32.Build.0 = Debug|Win32
		{9767E236-8454-44E9-8999-CD5BDAFBE9BA}.MDebug|x64.ActiveCfg = Debug|Win32
		{9767E236-8454-44E9-8999-CD5BDAFBE9BA}.MinGLDebug|Win32.ActiveCfg = Debug|Win32
		{9767E236-8454-44E9-8999-CD5BDAFBE9BA}.MinGLDebug|Win32.Build.0 = Debug|Win32
		{9767E236-8454-44E9-8999-CD5BDAFBE9BA}.MinGLDebug|x64.ActiveCfg = Debug|Win32
		{9767E236-8454-44E9-8999-CD5BDAFBE9BA}.MinGLRelease|Win32.ActiveCfg = Release|Win32
		{9767E236-8454-44E9-8999-CD5BDAFBE9BA}.MinGLRelease|Win32.Build.0 = Release|Win32
		{9767E236-8454-44E9-8999-CD5BDAFBE9BA}.MinGLRelease|x64.ActiveCfg = Release|Win32
		{9767E236-8454-44E9-8999-CD5BDAFBE9BA}.MRelease|Win32.ActiveCfg = Release|Win32
		{9767E236-8454-44E9-8999-CD5BDAFBE9BA}.MRelease|Win32.Build.0 = Release|Win32
		{9767E236-8454-44E9-8999-CD5BDAFBE9BA}.MRelease|x64.ActiveCfg = Release|Win32
		{9767E236-8454-44E9-8999-CD5BDAFBE9BA}.Release Dedicated Server|Win32.ActiveCfg = Release|Win32
		{9767E236-8454-44E9-8999-CD5BDAFBE9BA}.Release Dedicated Server|x64.ActiveCfg = Release|Win32
		{9767E236-8454-44E9-8999-CD5BDAFBE9BA}.Release|Win32.ActiveCfg = Release|Win32
		{9767E236-8454-44E9-8999-CD5BDAFBE9BA}.Release|Win32.Build.0 = Release|Win32
		{9767E236-8454-44E9-8999-CD5BDAFBE9BA}.Release|x64.ActiveCfg = Release|Win32
		{9767E236-8454-44E9-8999-CD5BDAFBE9BA}.VkDebug|Win32.ActiveCfg = Debug|Win32
		{9767E236-8454-44E9-8999-CD5BDAFBE9BA}.VkDebug|Win32.Build.0 = Debug|Win32
		{9767E236-8454-44E9-8999-CD5BDAFBE9BA}.VkDebug|x64.ActiveCfg = Debug|Win32
		{9767E236-8454-44E9-8999-CD5BDAFBE9BA}.VkRelease|Win32.ActiveCfg = Release|Win32
		{9767E236-8454-44E9-8999-CD5BDAFBE9BA}.VkRelease|x64.ActiveCfg = Release|Win32
		{72269FEE-293D-40BC-A7AE-E429F4496869}.D3DDebug|Win32.ActiveCfg = Debug|Win32
		{72269FEE-293D-40BC-A7AE-E429F4496869}.D3DDebug|Win32.Build.0 = Debug|Win32
		{72269FEE-293D-40BC-A7AE-E429F4496869}.D3DDebug|x64.ActiveCfg = Debug|Win32
		{72269FEE-293D-40BC-A7AE-E429F4496869}.D3DRelease|Win32.ActiveCfg = Release|Win32
		{72269FEE-293D-40BC-A7AE-E429F4496869}.D3DRelease|Win32.Build.0 = Release|Win32
		{72269FEE-293D-40BC-A7AE-E429F4496869}.D3DRelease|x64.ActiveCfg = Release|Win32
		{72269FEE-293D-40BC-A7AE-E429F4496869}.Debug Dedicated Server|Win32.ActiveCfg = Debug|Win32
		{72269FEE-293D-40BC-A7AE-E429F4496869}.Debug Dedicated Server|Win32.Build.0 = Debug|Win32
		{72269FEE-293D-40BC-A7AE-E429F4496869}.Debug Dedicated Server|x64.ActiveCfg = Debug|Win32
		{72269FEE-293D-40BC-A7AE-E429F4496869}.Debug|Win32.ActiveCfg = Debug|Win32
		{72269FEE-293D-40BC-A7AE-E429F4496869}.Debug|Win32.Build.0 = Debug|Win32
		{72269FEE-293D-40BC-A7AE-E429F4496869}.Debug|x64.ActiveCfg = Debug|Win32
		{72269FEE-293D-40BC-A7AE-E429F4496869}.GLDebug|Win32.ActiveCfg = Debug|Win32
		{72269FEE-293D-40BC-A7AE-E429F4496869}.GLDebug|Win32.Build.0 = Debug|Win32
		{72269FEE-293D-40BC-A7AE-E429F4496869}.GLDebug|x64.ActiveCfg = Debug|x64
		{72269FEE-293D-40BC-A7AE-E429F4496869}.GLRelease|Win32.ActiveCfg = Release|Win32
		{72269FEE-293D-40BC-A7AE-E429F4496869}.GLRelease|Win32.Build.0 = Release|Win32
		{72269FEE-293D-40BC-A7AE-E429F4496869}.GLRelease|x64.ActiveCfg = Release|Win32
		{72269FEE-293D-40BC-A7AE-E429F4496869}.MDebug|Win32.ActiveCfg = Debug|Win32
		{72269FEE-293D-40BC-A7AE-E429F4496869}.MDebug|Win32.Build.0 = Debug|Win32
		{72269FEE-293D-40BC-A7AE-E429F4496869}.MDebug|x64.ActiveCfg = Debug|Win32
		{72269FEE-293D-40BC-A7AE-E429F4496869}.MinGLDebug|Win32.ActiveCfg = Debug|Win32
		{72269FEE-293D-40BC-A7AE-E429F4496869}.MinGLDebug|Win32.Build.0 = Debug|Win32
		{72269FEE-293D-40BC-A7AE-E429F4496869}.MinGLDebug|x64.ActiveCfg = Debug|Win32
		{72269FEE-293D-40BC-A7AE-E429F4496869}.MinGLRelease|Win32.ActiveCfg = Release|Win32
		{72269FEE-293D-40BC-A7AE-E429F4496869}.MinGLRelease|Win32.Build.0 = Release|Win32
		{72269FEE-293D-40BC-A7AE-E429F4496869}.MinGLRelease|x64.ActiveCfg = Release|Win32
		{72269FEE-293D-40BC-A7AE-E429F4496869}.MRelease|Win32.ActiveCfg = Release|Win32
		{72269FEE-293D-40BC-A7AE-E429F4496869}.MRelease|Win32.Build.0 = Release|Win32
		{72269FEE-293D-40BC-A7AE-E429F4496869}.MRelease|x64.ActiveCfg = Release|Win32
		{72269FEE-293D-40BC-A7AE-E429F4496869}.Release Dedicated Server|Win32.ActiveCfg = Release|Win32
		{72269FEE-293D-40BC-A7AE-E429F4496869}.Release Dedicated Server|x64.ActiveCfg = Release|Win32
		{72269FEE-293D-40BC-A7AE-E429F4496869}.Release|Win32.ActiveCfg = Release|Win32
		{72269FEE-293D-40BC-A7AE-E429F4496869}.Release|Win32.Build.0 = Release|Win32
		{72269FEE-293D-40BC-A7AE-E429F4496869}.Release|x64.ActiveCfg = Release|Win32
		{72269FEE-293D-40BC-A7AE-E429F4496869}.VkDebug|Win32.ActiveCfg = Debug|Win32
		{72269FEE-293D-40BC-A7AE-E429F4496869}.VkDebug|x64.ActiveCfg = Debug|x64
		{72269FEE-293D-40BC-A7AE-E429F4496869}.VkRelease|Win32.ActiveCfg = Release|Win32
		{72269FEE-293D-40BC-A7AE-E429F4496869}.VkRelease|Win32.Build.0 = Release|Win32
		{72269FEE-293D-40BC-A7AE-E429F4496869}.VkRelease|x64.ActiveCfg = Release|Win32
		{E6BAD203-4704-4860-9C38-D4702E9CAD7D}.D3DDebug|Win32.ActiveCfg = Debug|Win32
		{E6BAD203-4704-4860-9C38-D4702E9CAD7D}.D3DDebug|Win32.Build.0 = Debug|Win32
		{E6BAD203-4704-4860-9C38-D4702E9CAD7D}.D3DDebug|x64.ActiveCfg = Debug|Win32
		{E6BAD203-4704-4860-9C38-D4702E9CAD7D}.D3DRelease|Win32.ActiveCfg = Release|Win32
		{E6BAD203-4704-4860-9C38-D4702E9CAD7D}.D3DRelease|Win32.Build.0 = Release|Win32
		{E6BAD203-4704-4860-9C38-D4702E9CAD7D}.D3DRelease|x64.ActiveCfg = Release|Win32
		{E6BAD203-4704-4860-9C38-D4702E9CAD7D}.Debug Dedicated Server|Win32.ActiveCfg = Debug|Win32
		{E6BAD203-4704-4860-9C38-D4702E9CAD7D}.Debug Dedicated Server|Win32.Build.0 = Debug|Win32
		{E6BAD203-4704-4860-9C38-D4702E9CAD7D}.Debug Dedicated Server|x64.ActiveCfg = Debug|Win32
		{E6BAD203-4704-4860-9C38-D4702E9CAD7D}.Debug|Win32.ActiveCfg = Debug|Win32
		{E6BAD203-4704-4860-9C38-D4702E9CAD7D}.Debug|Win32.Build.0 = Debug|Win32
		{E6BAD203-4704-4860-9C38-D4702E9CAD7D}.Debug|x64.ActiveCfg = Debug|Win32
		{E6BAD203-4704-4860-9C38-D4702E9CAD7D}.GLDebug|Win32.ActiveCfg = Debug|Win32
		{E6BAD203-4704-4860-9C38-D4702E9CAD7D}.GLDebug|Win32.Build.0 = Debug|Win32
		{E6BAD203-4704-4860-9C38-D4702E9CAD7D}.GLDebug|x64.ActiveCfg = Debug|Win32
		{E6BAD203-4704-4860-9C38-D4702E9CAD7D}.GLRelease|Win32.ActiveCfg = Release|Win32
		{E6BAD203-4704-4860-9C38-D4702E9CAD7D}.GLRelease|Win32.Build.0 = Release|Win32
		{E6BAD203-4704-4860-9C38-D4702E9CAD7D}.GLRelease|x64.ActiveCfg = Release|Win32
		{E6BAD203-4704-4860-9C38-D4702E9CAD7D}.MDebug|Win32.ActiveCfg = Debug|Win32
		{E6BAD203-4704-4860-9C38-D4702E9CAD7D}.MDebug|Win32.Build.0 = Debug|Win32
		{E6BAD203-4704-4860-9C38-D4702E9CAD7D}.MDebug|x64.ActiveCfg = Debug|Win32
		{E6BAD203-4704-4860-9C38-D4702E9CAD7D}.MinGLDebug|Win32.ActiveCfg = Debug|Win32
		{E6BAD203-4704-4860-9C38-D4702E9CAD7D}.MinGLDebug|Win32.Build.0 = Debug|Win32
		{E6BAD203-4704-4860-9C38-D4702E9CAD7D}.MinGLDebug|x64.ActiveCfg = Debug|Win32
		{E6BAD203-4704-4860-9C38-D4702E9CAD7D}.MinGLRelease|Win32.ActiveCfg = Release|Win32
		{E6BAD203-4704-4860-9C38-D4702E9CAD7D}.MinGLRelease|Win32.Build.0 = Release|Win32
		{E6BAD203-4704-4860-9C38-D4702E9CAD7D}.MinGLRelease|x64.ActiveCfg = Release|Win32
		{E6BAD203-4704-4860-9C38-D4702E9CAD7D}.MRelease|Win32.ActiveCfg = Release|Win32
		{E6BAD203-4704-4860-9C38-D4702E9CAD7D}.MRelease|Win32.Build.0 = Release|Win32
		{E6BAD203-4704-4860-9C38-D4702E9CAD7D}.MRelease|x64.ActiveCfg = Release|Win32
		{E6BAD203-4704-4860-9C38-D4702E9CAD7D}.Release Dedicated Server|Win32.ActiveCfg = Release|Win32
		{E6BAD203-4704-4860-9C38-D4702E9CAD7D}.Release Dedicated Server|Win32.Build.0 = Release|Win32
		{E6BAD203-4704-4860-9C38-D4702E9CAD7D}.Release Dedicated Server|x64.ActiveCfg = Release|Win32
		{E6BAD203-4704-4860-9C38-D4702E9CAD7D}.Release|Win32.ActiveCfg = Release|Win32
		{E6BAD203-4704-4860-9C38-D4702E9CAD7D}.Release|Win32.Build.0 = Release|Win32
		{E6BAD203-4704-4860-9C38-D4702E9CAD7D}.Release|x64.ActiveCfg = Release|Win32
		{E6BAD203-4704-4860-9C38-D4702E9CAD7D}.VkDebug|Win32.ActiveCfg = Debug|Win32
		{E6BAD203-4704-4860-9C38-D4702E9CAD7D}.VkDebug|Win32.Build.0 = Debug|Win32
		{E6BAD203-4704-4860-9C38-D4702E9CAD7D}.VkDebug|x64.ActiveCfg = Debug|Win32
		{E6BAD203-4704-4860-9C38-D4702E9CAD7D}.VkRelease|Win32.ActiveCfg = Release|Win32
		{E6BAD203-4704-4860-9C38-D4702E9CAD7D}.VkRelease|x64.ActiveCfg = Release|Win32
		{88BFEE0E-7BC0-43AD-9CCC-6B1A6E4C1364}.D3DDebug|Win32.ActiveCfg = D3DDebug|Win32
		{88BFEE0E-7BC0-43AD-9CCC-6B1A6E4C1364}.D3DDebug|Win32.Build.0 = D3DDebug|Win32
		{88BFEE0E-7BC0-43AD-9CCC-6B1A6E4C1364}.D3DDebug|x64.ActiveCfg = D3DDebug|x64
		{88BFEE0E-7BC0-43AD-9CCC-6B1A6E4C1364}.D3DDebug|x64.Build.0 = D3DDebug|x64
		{88BFEE0E-7BC0-43AD-9CCC-6B1A6E4C1364}.D3DRelease|Win32.ActiveCfg = D3DRelease|Win32
		{88BFEE0E-7BC0-43AD-9CCC-6B1A6E4C1364}.D3DRelease|Win32.Build.0 = D3DRelease|Win32
		{88BFEE0E-7BC0-43AD-9CCC-6B1A6E4C1364}.D3DRelease|x64.ActiveCfg = D3DRelease|x64
		{88BFEE0E-7BC0-43AD-9CCC-6B1A6E4C1364}.D3DRelease|x64.Build.0 = D3DRelease|x64
		{88BFEE0E-7BC0-43AD-9CCC-6B1A6E4C1364}.Debug Dedicated Server|Win32.ActiveCfg = Debug Dedicated Server|Win32
		{88BFEE0E-7BC0-43AD-9CCC-6B1A6E4C1364}.Debug Dedicated Server|Win32.Build.0 = Debug Dedicated Server|Win32
		{88BFEE0E-7BC0-43AD-9CCC-6B1A6E4C1364}.Debug Dedicated Server|x64.ActiveCfg = Debug Dedicated Server|x64
		{88BFEE0E-7BC0-43AD-9CCC-6B1A6E4C1364}.Debug Dedicated Server|x64.Build.0 = Debug Dedicated Server|x64
		{88BFEE0E-7BC0-43AD-9CCC-6B1A6E4C1364}.Debug|Win32.ActiveCfg = MDebug|Win32
		{88BFEE0E-7BC0-43AD-9CCC-6B1A6E4C1364}.Debug|Win32.Build.0 = MDebug|Win32
		{88BFEE0E-7BC0-43AD-9CCC-6B1A6E4C1364}.Debug|x64.ActiveCfg = MDebug|x64
		{88BFEE0E-7BC0-43AD-9CCC-6B1A6E4C1364}.Debug|x64.Build.0 = MDebug|x64
		{88BFEE0E-7BC0-43AD-9CCC-6B1A6E4C1364}.GLDebug|Win32.ActiveCfg = GLDebug|Win32
		{88BFEE0E-7BC0-43AD-9CCC-6B1A6E4C1364}.GLDebug|Win32.Build.0 = GLDebug|Win32
		{88BFEE0E-7BC0-43AD-9CCC-6B1A6E4C1364}.GLDebug|x64.ActiveCfg = GLDebug|x64
		{88BFEE0E-7BC0-43AD-9CCC-6B1A6E4C1364}.GLDebug|x64.Build.0 = GLDebug|x64
		{88BFEE0E-7BC0-43AD-9CCC-6B1A6E4C1364}.GLRelease|Win32.ActiveCfg = GLRelease|Win32
		{88BFEE0E-7BC0-43AD-9CCC-6B1A6E4C1364}.GLRelease|Win32.Build.0 = GLRelease|Win32
		{88BFEE0E-7BC0-43AD-9CCC-6B1A6E4C1364}.GLRelease|x64.ActiveCfg = GLRelease|x64
		{88BFEE0E-7BC0-43AD-9CCC-6B1A6E4C1364}.GLRelease|x64.Build.0 = GLRelease|x64
		{88BFEE0E-7BC0-43AD-9CCC-6B1A6E4C1364}.MDebug|Win32.ActiveCfg = MDebug|Win32
		{88BFEE0E-7BC0-43AD-9CCC-6B1A6E4C1364}.MDebug|Win32.Build.0 = MDebug|Win32
		{88BFEE0E-7BC0-43AD-9CCC-6B1A6E4C1364}.MDebug|x64.ActiveCfg = MDebug|x64
		{88BFEE0E-7BC0-43AD-9CCC-6B1A6E4C1364}.MDebug|x64.Build.0 = MDebug|x64
		{88BFEE0E-7BC0-43AD-9CCC-6B1A6E4C1364}.MinGLDebug|Win32.ActiveCfg = MinGLDebug|Win32
		{88BFEE0E-7BC0-43AD-9CCC-6B1A6E4C1364}.MinGLDebug|Win32.Build.0 = MinGLDebug|Win32
		{88BFEE0E-7BC0-43AD-9CCC-6B1A6E4C1364}.MinGLDebug|x64.ActiveCfg = MinGLDebug|x64
		{88BFEE0E-7BC0-43AD-9CCC-6B1A6E4C1364}.MinGLDebug|x64.Build.0 = MinGLDebug|x64
		{88BFEE0E-7BC0-43AD-9CCC-6B1A6E4C1364}.MinGLRelease|Win32.ActiveCfg = MinGLRelease|Win32
		{88BFEE0E-7BC0-43AD-9CCC-6B1A6E4C1364}.MinGLRelease|Win32.Build.0 = MinGLRelease|Win32
		{88BFEE0E-7BC0-43AD-9CCC-6B1A6E4C1364}.MinGLRelease|x64.ActiveCfg = MinGLRelease|x64
		{88BFEE0E-7BC0-43AD-9CCC-6B1A6E4C1364}.MinGLRelease|x64.Build.0 = MinGLRelease|x64
		{88BFEE0E-7BC0-43AD-9CCC-6B1A6E4C1364}.MRelease|Win32.ActiveCfg = MRelease|Win32
		{88BFEE0E-7BC0-43AD-9CCC-6B1A6E4C1364}.MRelease|Win32.Build.0 = MRelease|Win32
		{88BFEE0E-7BC0-43AD-9CCC-6B1A6E4C1364}.MRelease|x64.ActiveCfg = MRelease|x64
		{88BFEE0E-7BC0-43AD-9CCC-6B1A6E4C1364}.MRelease|x64.Build.0 = MRelease|x64
		{88BFEE0E-7BC0-43AD-9CCC-6B1A6E4C1364}.Release Dedicated Server|Win32.ActiveCfg = Release Dedicated Server|Win32
		{88BFEE0E-7BC0-43AD-9CCC-6B1A6E4C1364}.Release Dedicated Server|Win32.Build.0 = Release Dedicated Server|Win32
		{88BFEE0E-7BC0-43AD-9CCC-6B1A6E4C1364}.Release Dedicated Server|x64.ActiveCfg = Release Dedicated Server|x64
		{88BFEE0E-7BC0-43AD-9CCC-6B1A6E4C1364}.Release Dedicated Server|x64.Build.0 = Release Dedicated Server|x64
		{88BFEE0E-7BC0-43AD-9CCC-6B1A6E4C1364}.Release|Win32.ActiveCfg = D3DRelease|Win32
		{88BFEE0E-7BC0-43AD-9CCC-6B1A6E4C1364}.Release|Win32.Build.0 = D3DRelease|Win32
		{88BFEE0E-7BC0-43AD-9CCC-6B1A6E4C1364}.Release|x64.ActiveCfg = D3DRelease|x64
		{88BFEE0E-7BC0-43AD-9CCC-6B1A6E4C1364}.Release|x64.Build.0 = D3DRelease|x64
		{88BFEE0E-7BC0-43AD-9CCC-6B1A6E4C1364}.VkDebug|Win32.ActiveCfg = VkDebug|Win32
		{88BFEE0E-7BC0-43AD-9CCC-6B1A6E4C1364}.VkDebug|Win32.Build.0 = VkDebug|Win32
		{88BFEE0E-7BC0-43AD-9CCC-6B1A6E4C1364}.VkDebug|x64.ActiveCfg = VkDebug|x64
		{88BFEE0E-7BC0-43AD-9CCC-6B1A6E4C1364}.VkDebug|x64.Build.0 = VkDebug|x64
		{88BFEE0E-7BC0-43AD-9CCC-6B1A6E4C1364}.VkRelease|Win32.ActiveCfg = VkRelease|Win32
		{88BFEE0E-7BC0-43AD-9CCC-6B1A6E4C1364}.VkRelease|Win32.Build.0 = VkRelease|Win32
		{88BFEE0E-7BC0-43AD-9CCC-6B1A6E4C1364}.VkRelease|x64.ActiveCfg = VkRelease|x64
		{88BFEE0E-7BC0-43AD-9CCC-6B1A6E4C1364}.VkRelease|x64.Build.0 = VkRelease|x64
		{482A886A-5755-4DAE-AD5F-D7CD4A990F9E}.D3DDebug|Win32.ActiveCfg = Debug Dedicated Server|x64
		{482A886A-5755-4DAE-AD5F-D7CD4A990F9E}.D3DDebug|x64.ActiveCfg = Debug Dedicated Server|x64
		{482A886A-5755-4DAE-AD5F-D7CD4A990F9E}.D3DDebug|x64.Build.0 = Debug Dedicated Server|x64
		{482A886A-5755-4DAE-AD5F-D7CD4A990F9E}.D3DRelease|Win32.ActiveCfg = Debug Dedicated Server|x64
		{482A886A-5755-4DAE-AD5F-D7CD4A990F9E}.D3DRelease|x64.ActiveCfg = Debug Dedicated Server|x64
		{482A886A-5755-4DAE-AD5F-D7CD4A990F9E}.D3DRelease|x64.Build.0 = Debug Dedicated Server|x64
		{482A886A-5755-4DAE-AD5F-D7CD4A990F9E}.Debug Dedicated Server|Win32.ActiveCfg = Debug Dedicated Server|Win32
		{482A886A-5755-4DAE-AD5F-D7CD4A990F9E}.Debug Dedicated Server|x64.ActiveCfg = Debug Dedicated Server|x64
		{482A886A-5755-4DAE-AD5F-D7CD4A990F9E}.Debug Dedicated Server|x64.Build.0 = Debug Dedicated Server|x64
		{482A886A-5755-4DAE-AD5F-D7CD4A990F9E}.Debug|Win32.ActiveCfg = Debug Dedicated Server|x64
		{482A886A-5755-4DAE-AD5F-D7CD4A990F9E}.Debug|x64.ActiveCfg = Debug Dedicated Server|x64
		{482A886A-5755-4DAE-AD5F-D7CD4A990F9E}.Debug|x64.Build.0 = Debug Dedicated Server|x64
		{482A886A-5755-4DAE-AD5F-D7CD4A990F9E}.GLDebug|Win32.ActiveCfg = Debug Dedicated Server|x64
		{482A886A-5755-4DAE-AD5F-D7CD4A990F9E}.GLDebug|x64.ActiveCfg = Debug Dedicated Server|x64
		{482A886A-5755-4DAE-AD5F-D7CD4A990F9E}.GLRelease|Win32.ActiveCfg = Debug Dedicated Server|x64
		{482A886A-5755-4DAE-AD5F-D7CD4A990F9E}.GLRelease|x64.ActiveCfg = Debug Dedicated Server|x64
		{482A886A-5755-4DAE-AD5F-D7CD4A990F9E}.GLRelease|x64.Build.0 = Debug Dedicated Server|x64
		{482A886A-5755-4DAE-AD5F-D7CD4A990F9E}.MDebug|Win32.ActiveCfg = Debug Dedicated Server|x64
		{482A886A-5755-4DAE-AD5F-D7CD4A990F9E}.MDebug|x64.ActiveCfg = Debug Dedicated Server|x64
		{482A886A-5755-4DAE-AD5F-D7CD4A990F9E}.MDebug|x64.Build.0 = Debug Dedicated Server|x64
		{482A886A-5755-4DAE-AD5F-D7CD4A990F9E}.MinGLDebug|Win32.ActiveCfg = Debug Dedicated Server|x64
		{482A886A-5755-4DAE-AD5F-D7CD4A990F9E}.MinGLDebug|x64.ActiveCfg = Debug Dedicated Server|x64
		{482A886A-5755-4DAE-AD5F-D7CD4A990F9E}.MinGLDebug|x64.Build.0 = Debug Dedicated Server|x64
		{482A886A-5755-4DAE-AD5F-D7CD4A990F9E}.MinGLRelease|Win32.ActiveCfg = Debug Dedicated Server|x64
		{482A886A-5755-4DAE-AD5F-D7CD4A990F9E}.MinGLRelease|x64.ActiveCfg = Debug Dedicated Server|x64
		{482A886A-5755-4DAE-AD5F-D7CD4A990F9E}.MinGLRelease|x64.Build.0 = Debug Dedicated Server|x64
		{482A886A-5755-4DAE-AD5F-D7CD4A990F9E}.MRelease|Win32.ActiveCfg = Debug Dedicated Server|x64
		{482A886A-5755-4DAE-AD5F-D7CD4A990F9E}.MRelease|x64.ActiveCfg = Debug Dedicated Server|x64
		{482A886A-5755-4DAE-AD5F-D7CD4A990F9E}.MRelease|x64.Build.0 = Debug Dedicated Server|x64
		{482A886A-5755-4DAE-AD5F-D7CD4A990F9E}.Release Dedicated Server|Win32.ActiveCfg = Release Dedicated Server|Win32
		{482A886A-5755-4DAE-AD5F-D7CD4A990F9E}.Release Dedicated Server|Win32.Build.0 = Release Dedicated Server|Win32
		{482A886A-5755-4DAE-AD5F-D7CD4A990F9E}.Release Dedicated Server|x64.ActiveCfg = Release Dedicated Server|x64
		{482A886A-5755-4DAE-AD5F-D7CD4A990F9E}.Release Dedicated Server|x64.Build.0 = Release Dedicated Server|x64
		{482A886A-5755-4DAE-AD5F-D7CD4A990F9E}.Release|Win32.ActiveCfg = Release Dedicated Server|x64
		{482A886A-5755-4DAE-AD5F-D7CD4A990F9E}.Release|x64.ActiveCfg = Release Dedicated Server|x64
		{482A886A-5755-4DAE-AD5F-D7CD4A990F9E}.Release|x64.Build.0 = Release Dedicated Server|x64
		{482A886A-5755-4DAE-AD5F-D7CD4A990F9E}.VkDebug|Win32.ActiveCfg = Debug Dedicated Server|x64
		{482A886A-5755-4DAE-AD5F-D7CD4A990F9E}.VkDebug|x64.ActiveCfg = Debug Dedicated Server|x64
		{482A886A-5755-4DAE-AD5F-D7CD4A990F9E}.VkRelease|Win32.ActiveCfg = Debug Dedicated Server|x64
		{482A886A-5755-4DAE-AD5F-D7CD4A990F9E}.VkRelease|x64.ActiveCfg = Debug Dedicated Server|x64
		{482A886A-5755-4DAE-AD5F-D7CD4A990F9E}.VkRelease|x64.Build.0 = Debug Dedicated Server|x64
		{88BFEE0E-7BC0-43AD-9CCC-6B1A6E4C1365}.D3DDebug|Win32.ActiveCfg = GLRelease|x64
		{88BFEE0E-7BC0-43AD-9CCC-6B1A6E4C1365}.D3DDebug|x64.ActiveCfg = GLRelease|x64
		{88BFEE0E-7BC0-43AD-9CCC-6B1A6E4C1365}.D3DDebug|x64.Build.0 = GLRelease|x64
		{88BFEE0E-7BC0-43AD-9CCC-6B1A6E4C1365}.D3DRelease|Win32.ActiveCfg = GLRelease|x64
		{88BFEE0E-7BC0-43AD-9CCC-6B1A6E4C1365}.D3DRelease|x64.ActiveCfg = GLRelease|x64
		{88BFEE0E-7BC0-43AD-9CCC-6B1A6E4C1365}.D3DRelease|x64.Build.0 = GLRelease|x64
		{88BFEE0E-7BC0-43AD-9CCC-6B1A6E4C1365}.Debug Dedicated Server|Win32.ActiveCfg = GLRelease|x64
		{88BFEE0E-7BC0-43AD-9CCC-6B1A6E4C1365}.Debug Dedicated Server|x64.ActiveCfg = GLRelease|x64
		{88BFEE0E-7BC0-43AD-9CCC-6B1A6E4C1365}.Debug Dedicated Server|x64.Build.0 = GLRelease|x64
		{88BFEE0E-7BC0-43AD-9CCC-6B1A6E4C1365}.Debug|Win32.ActiveCfg = GLDebug|Win32
		{88BFEE0E-7BC0-43AD-9CCC-6B1A6E4C1365}.Debug|x64.ActiveCfg = GLDebug|x64
		{88BFEE0E-7BC0-43AD-9CCC-6B1A6E4C1365}.Debug|x64.Build.0 = GLDebug|x64
		{88BFEE0E-7BC0-43AD-9CCC-6B1A6E4C1365}.GLDebug|Win32.ActiveCfg = GLDebug|Win32
		{88BFEE0E-7BC0-43AD-9CCC-6B1A6E4C1365}.GLDebug|x64.ActiveCfg = GLDebug|x64
		{88BFEE0E-7BC0-43AD-9CCC-6B1A6E4C1365}.GLDebug|x64.Build.0 = GLDebug|x64
		{88BFEE0E-7BC0-43AD-9CCC-6B1A6E4C1365}.GLRelease|Win32.ActiveCfg = GLRelease|Win32
		{88BFEE0E-7BC0-43AD-9CCC-6B1A6E4C1365}.GLRelease|Win32.Build.0 = GLRelease|Win32
		{88BFEE0E-7BC0-43AD-9CCC-6B1A6E4C1365}.GLRelease|x64.ActiveCfg = GLRelease|x64
		{88BFEE0E-7BC0-43AD-9CCC-6B1A6E4C1365}.GLRelease|x64.Build.0 = GLRelease|x64
		{88BFEE0E-7BC0-43AD-9CCC-6B1A6E4C1365}.MDebug|Win32.ActiveCfg = GLRelease|x64
		{88BFEE0E-7BC0-43AD-9CCC-6B1A6E4C1365}.MDebug|x64.ActiveCfg = GLRelease|x64
		{88BFEE0E-7BC0-43AD-9CCC-6B1A6E4C1365}.MDebug|x64.Build.0 = GLRelease|x64
		{88BFEE0E-7BC0-43AD-9CCC-6B1A6E4C1365}.MinGLDebug|Win32.ActiveCfg = GLDebug|Win32
		{88BFEE0E-7BC0-43AD-9CCC-6B1A6E4C1365}.MinGLDebug|Win32.Build.0 = GLDebug|Win32
		{88BFEE0E-7BC0-43AD-9CCC-6B1A6E4C1365}.MinGLDebug|x64.ActiveCfg = GLDebug|x64
		{88BFEE0E-7BC0-43AD-9CCC-6B1A6E4C1365}.MinGLDebug|x64.Build.0 = GLDebug|x64
		{88BFEE0E-7BC0-43AD-9CCC-6B1A6E4C1365}.MinGLRelease|Win32.ActiveCfg = GLRelease|Win32
		{88BFEE0E-7BC0-43AD-9CCC-6B1A6E4C1365}.MinGLRelease|Win32.Build.0 = GLRelease|Win32
		{88BFEE0E-7BC0-43AD-9CCC-6B1A6E4C1365}.MinGLRelease|x64.ActiveCfg = GLRelease|x64
		{88BFEE0E-7BC0-43AD-9CCC-6B1A6E4C1365}.MinGLRelease|x64.Build.0 = GLRelease|x64
		{88BFEE0E-7BC0-43AD-9CCC-6B1A6E4C1365}.MRelease|Win32.ActiveCfg = GLRelease|x64
		{88BFEE0E-7BC0-43AD-9CCC-6B1A6E4C1365}.MRelease|x64.ActiveCfg = GLRelease|x64
		{88BFEE0E-7BC0-43AD-9CCC-6B1A6E4C1365}.MRelease|x64.Build.0 = GLRelease|x64
		{88BFEE0E-7BC0-43AD-9CCC-6B1A6E4C1365}.Release Dedicated Server|Win32.ActiveCfg = GLRelease|x64
		{88BFEE0E-7BC0-43AD-9CCC-6B1A6E4C1365}.Release Dedicated Server|x64.ActiveCfg = GLRelease|x64
		{88BFEE0E-7BC0-43AD-9CCC-6B1A6E4C1365}.Release Dedicated Server|x64.Build.0 = GLRelease|x64
		{88BFEE0E-7BC0-43AD-9CCC-6B1A6E4C1365}.Release|Win32.ActiveCfg = GLRelease|Win32
		{88BFEE0E-7BC0-43AD-9CCC-6B1A6E4C1365}.Release|Win32.Build.0 = GLRelease|Win32
		{88BFEE0E-7BC0-43AD-9CCC-6B1A6E4C1365}.Release|x64.ActiveCfg = GLRelease|x64
		{88BFEE0E-7BC0-43AD-9CCC-6B1A6E4C1365}.Release|x64.Build.0 = GLRelease|x64
		{88BFEE0E-7BC0-43AD-9CCC-6B1A6E4C1365}.VkDebug|Win32.ActiveCfg = GLDebug|Win32
		{88BFEE0E-7BC0-43AD-9CCC-6B1A6E4C1365}.VkDebug|x64.ActiveCfg = GLDebug|x64
		{88BFEE0E-7BC0-43AD-9CCC-6B1A6E4C1365}.VkDebug|x64.Build.0 = GLDebug|x64
		{88BFEE0E-7BC0-43AD-9CCC-6B1A6E4C1365}.VkRelease|Win32.ActiveCfg = GLRelease|Win32
		{88BFEE0E-7BC0-43AD-9CCC-6B1A6E4C1365}.VkRelease|Win32.Build.0 = GLRelease|Win32
		{88BFEE0E-7BC0-43AD-9CCC-6B1A6E4C1365}.VkRelease|x64.ActiveCfg = GLRelease|x64
		{88BFEE0E-7BC0-43AD-9CCC-6B1A6E4C1365}.VkRelease|x64.Build.0 = GLRelease|x64
		{6ABD62A3-C5A0-43E8-BA4F-84606057774F}.D3DDebug|Win32.ActiveCfg = Debug|Win32
		{6ABD62A3-C5A0-43E8-BA4F-84606057774F}.D3DDebug|Win32.Build.0 = Debug|Win32
		{6ABD62A3-C5A0-43E8-BA4F-84606057774F}.D3DDebug|x64.ActiveCfg = Debug|Win32
		{6ABD62A3-C5A0-43E8-BA4F-84606057774F}.D3DRelease|Win32.ActiveCfg = Release|Win32
		{6ABD62A3-C5A0-43E8-BA4F-84606057774F}.D3DRelease|Win32.Build.0 = Release|Win32
		{6ABD62A3-C5A0-43E8-BA4F-84606057774F}.D3DRelease|x64.ActiveCfg = Release|Win32
		{6ABD62A3-C5A0-43E8-BA4F-84606057774F}.Debug Dedicated Server|Win32.ActiveCfg = Debug|Win32
		{6ABD62A3-C5A0-43E8-BA4F-84606057774F}.Debug Dedicated Server|Win32.Build.0 = Debug|Win32
		{6ABD62A3-C5A0-43E8-BA4F-84606057774F}.Debug Dedicated Server|x64.ActiveCfg = Debug|Win32
		{6ABD62A3-C5A0-43E8-BA4F-84606057774F}.Debug|Win32.ActiveCfg = Debug|Win32
		{6ABD62A3-C5A0-43E8-BA4F-84606057774F}.Debug|x64.ActiveCfg = Debug|Win32
		{6ABD62A3-C5A0-43E8-BA4F-84606057774F}.GLDebug|Win32.ActiveCfg = Debug|Win32
		{6ABD62A3-C5A0-43E8-BA4F-84606057774F}.GLDebug|Win32.Build.0 = Debug|Win32
		{6ABD62A3-C5A0-43E8-BA4F-84606057774F}.GLDebug|x64.ActiveCfg = Debug|Win32
		{6ABD62A3-C5A0-43E8-BA4F-84606057774F}.GLRelease|Win32.ActiveCfg = Release|Win32
		{6ABD62A3-C5A0-43E8-BA4F-84606057774F}.GLRelease|Win32.Build.0 = Release|Win32
		{6ABD62A3-C5A0-43E8-BA4F-84606057774F}.GLRelease|x64.ActiveCfg = Release|Win32
		{6ABD62A3-C5A0-43E8-BA4F-84606057774F}.MDebug|Win32.ActiveCfg = Debug|Win32
		{6ABD62A3-C5A0-43E8-BA4F-84606057774F}.MDebug|Win32.Build.0 = Debug|Win32
		{6ABD62A3-C5A0-43E8-BA4F-84606057774F}.MDebug|x64.ActiveCfg = Debug|Win32
		{6ABD62A3-C5A0-43E8-BA4F-84606057774F}.MinGLDebug|Win32.ActiveCfg = Debug|Win32
		{6ABD62A3-C5A0-43E8-BA4F-84606057774F}.MinGLDebug|Win32.Build.0 = Debug|Win32
		{6ABD62A3-C5A0-43E8-BA4F-84606057774F}.MinGLDebug|x64.ActiveCfg = Debug|Win32
		{6ABD62A3-C5A0-43E8-BA4F-84606057774F}.MinGLRelease|Win32.ActiveCfg = Release|Win32
		{6ABD62A3-C5A0-43E8-BA4F-84606057774F}.MinGLRelease|Win32.Build.0 = Release|Win32
		{6ABD62A3-C5A0-43E8-BA4F-84606057774F}.MinGLRelease|x64.ActiveCfg = Release|Win32
		{6ABD62A3-C5A0-43E8-BA4F-84606057774F}.MRelease|Win32.ActiveCfg = Release|Win32
		{6ABD62A3-C5A0-43E8-BA4F-84606057774F}.MRelease|Win32.Build.0 = Release|Win32
		{6ABD62A3-C5A0-43E8-BA4F-84606057774F}.MRelease|x64.ActiveCfg = Release|Win32
		{6ABD62A3-C5A0-43E8-BA4F-84606057774F}.Release Dedicated Server|Win32.ActiveCfg = Release|Win32
		{6ABD62A3-C5A0-43E8-BA4F-84606057774F}.Release Dedicated Server|x64.ActiveCfg = Release|Win32
		{6ABD62A3-C5A0-43E8-BA4F-84606057774F}.Release|Win32.ActiveCfg = Release|Win32
		{6ABD62A3-C5A0-43E8-BA4F-84606057774F}.Release|Win32.Build.0 = Release|Win32
		{6ABD62A3-C5A0-43E8-BA4F-84606057774F}.Release|x64.ActiveCfg = Release|Win32
		{6ABD62A3-C5A0-43E8-BA4F-84606057774F}.VkDebug|Win32.ActiveCfg = Debug|Win32
		{6ABD62A3-C5A0-43E8-BA4F-84606057774F}.VkDebug|Win32.Build.0 = Debug|Win32
		{6ABD62A3-C5A0-43E8-BA4F-84606057774F}.VkDebug|x64.ActiveCfg = Debug|Win32
		{6ABD62A3-C5A0-43E8-BA4F-84606057774F}.VkRelease|Win32.ActiveCfg = Release|Win32
		{6ABD62A3-C5A0-43E8-BA4F-84606057774F}.VkRelease|Win32.Build.0 = Release|Win32
		{6ABD62A3-C5A0-43E8-BA4F-84606057774F}.VkRelease|x64.ActiveCfg = Release|Win32
		{74542CA7-48C1-4664-9007-66F751131EA3}.D3DDebug|Win32.ActiveCfg = Debug|Win32
		{74542CA7-48C1-4664-9007-66F751131EA3}.D3DDebug|Win32.Build.0 = Debug|Win32
		{74542CA7-48C1-4664-9007-66F751131EA3}.D3DDebug|x64.ActiveCfg = Debug|Win32
		{74542CA7-48C1-4664-9007-66F751131EA3}.D3DRelease|Win32.ActiveCfg = Release|Win32
		{74542CA7-48C1-4664-9007-66F751131EA3}.D3DRelease|x64.ActiveCfg = Release|Win32
		{74542CA7-48C1-4664-9007-66F751131EA3}.Debug Dedicated Server|Win32.ActiveCfg = Debug|Win32
		{74542CA7-48C1-4664-9007-66F751131EA3}.Debug Dedicated Server|Win32.Build.0 = Debug|Win32
		{74542CA7-48C1-4664-9007-66F751131EA3}.Debug Dedicated Server|x64.ActiveCfg = Debug|Win32
		{74542CA7-48C1-4664-9007-66F751131EA3}.Debug|Win32.ActiveCfg = Debug|Win32
		{74542CA7-48C1-4664-9007-66F751131EA3}.Debug|Win32.Build.0 = Debug|Win32
		{74542CA7-48C1-4664-9007-66F751131EA3}.Debug|x64.ActiveCfg = Debug|Win32
		{74542CA7-48C1-4664-9007-66F751131EA3}.GLDebug|Win32.ActiveCfg = Debug|Win32
		{74542CA7-48C1-4664-9007-66F751131EA3}.GLDebug|Win32.Build.0 = Debug|Win32
		{74542CA7-48C1-4664-9007-66F751131EA3}.GLDebug|x64.ActiveCfg = Debug|Win32
		{74542CA7-48C1-4664-9007-66F751131EA3}.GLRelease|Win32.ActiveCfg = Release|Win32
		{74542CA7-48C1-4664-9007-66F751131EA3}.GLRelease|x64.ActiveCfg = Release|Win32
		{74542CA7-48C1-4664-9007-66F751131EA3}.MDebug|Win32.ActiveCfg = Debug|Win32
		{74542CA7-48C1-4664-9007-66F751131EA3}.MDebug|Win32.Build.0 = Debug|Win32
		{74542CA7-48C1-4664-9007-66F751131EA3}.MDebug|x64.ActiveCfg = Debug|Win32
		{74542CA7-48C1-4664-9007-66F751131EA3}.MinGLDebug|Win32.ActiveCfg = Debug|Win32
		{74542CA7-48C1-4664-9007-66F751131EA3}.MinGLDebug|Win32.Build.0 = Debug|Win32
		{74542CA7-48C1-4664-9007-66F751131EA3}.MinGLDebug|x64.ActiveCfg = Debug|Win32
		{74542CA7-48C1-4664-9007-66F751131EA3}.MinGLRelease|Win32.ActiveCfg = Release|Win32
		{74542CA7-48C1-4664-9007-66F751131EA3}.MinGLRelease|x64.ActiveCfg = Release|Win32
		{74542CA7-48C1-4664-9007-66F751131EA3}.MRelease|Win32.ActiveCfg = Release|Win32
		{74542CA7-48C1-4664-9007-66F751131EA3}.MRelease|x64.ActiveCfg = Release|Win32
		{74542CA7-48C1-4664-9007-66F751131EA3}.Release Dedicated Server|Win32.ActiveCfg = Release|Win32
		{74542CA7-48C1-4664-9007-66F751131EA3}.Release Dedicated Server|x64.ActiveCfg = Release|Win32
		{74542CA7-48C1-4664-9007-66F751131EA3}.Release|Win32.ActiveCfg = Release|Win32
		{74542CA7-48C1-4664-9007-66F751131EA3}.Release|Win32.Build.0 = Release|Win32
		{74542CA7-48C1-4664-9007-66F751131EA3}.Release|x64.ActiveCfg = Release|Win32
		{74542CA7-48C1-4664-9007-66F751131EA3}.VkDebug|Win32.ActiveCfg = Debug|Win32
		{74542CA7-48C1-4664-9007-66F751131EA3}.VkDebug|Win32.Build.0 = Debug|Win32
		{74542CA7-48C1-4664-9007-66F751131EA3}.VkDebug|x64.ActiveCfg = Debug|Win32
		{74542CA7-48C1-4664-9007-66F751131EA3}.VkRelease|Win32.ActiveCfg = Release|Win32
		{74542CA7-48C1-4664-9007-66F751131EA3}.VkRelease|x64.ActiveCfg = Release|Win32
		{75D91BDE-CC30-4C53-BF33-5F69EF13A61B}.D3DDebug|Win32.ActiveCfg = Debug|Win32
		{75D91BDE-CC30-4C53-BF33-5F69EF13A61B}.D3DDebug|x64.ActiveCfg = Debug|Win32
		{75D91BDE-CC30-4C53-BF33-5F69EF13A61B}.D3DRelease|Win32.ActiveCfg = Release|Win32
		{75D91BDE-CC30-4C53-BF33-5F69EF13A61B}.D3DRelease|Win32.Build.0 = Release|Win32
		{75D91BDE-CC30-4C53-BF33-5F69EF13A61B}.D3DRelease|x64.ActiveCfg = Release|Win32
		{75D91BDE-CC30-4C53-BF33-5F69EF13A61B}.Debug Dedicated Server|Win32.ActiveCfg = Debug|Win32
		{75D91BDE-CC30-4C53-BF33-5F69EF13A61B}.Debug Dedicated Server|x64.ActiveCfg = Debug|Win32
		{75D91BDE-CC30-4C53-BF33-5F69EF13A61B}.Debug|Win32.ActiveCfg = Debug|Win32
		{75D91BDE-CC30-4C53-BF33-5F69EF13A61B}.Debug|x64.ActiveCfg = Debug|Win32
		{75D91BDE-CC30-4C53-BF33-5F69EF13A61B}.GLDebug|Win32.ActiveCfg = Debug|Win32
		{75D91BDE-CC30-4C53-BF33-5F69EF13A61B}.GLDebug|x64.ActiveCfg = Debug|Win32
		{75D91BDE-CC30-4C53-BF33-5F69EF13A61B}.GLRelease|Win32.ActiveCfg = Release|Win32
		{75D91BDE-CC30-4C53-BF33-5F69EF13A61B}.GLRelease|Win32.Build.0 = Release|Win32
		{75D91BDE-CC30-4C53-BF33-5F69EF13A61B}.GLRelease|x64.ActiveCfg = Release|Win32
		{75D91BDE-CC30-4C53-BF33-5F69EF13A61B}.MDebug|Win32.ActiveCfg = Debug|Win32
		{75D91BDE-CC30-4C53-BF33-5F69EF13A61B}.MDebug|x64.ActiveCfg = Debug|Win32
		{75D91BDE-CC30-4C53-BF33-5F69EF13A61B}.MinGLDebug|Win32.ActiveCfg = Debug|Win32
		{75D91BDE-CC30-4C53-BF33-5F69EF13A61B}.MinGLDebug|x64.ActiveCfg = Debug|Win32
		{75D91BDE-CC30-4C53-BF33-5F69EF13A61B}.MinGLRelease|Win32.ActiveCfg = Release|Win32
		{75D91BDE-CC30-4C53-BF33-5F69EF13A61B}.MinGLRelease|Win32.Build.0 = Release|Win32
		{75D91BDE-CC30-4C53-BF33-5F69EF13A61B}.MinGLRelease|x64.ActiveCfg = Release|Win32
		{75D91BDE-CC30-4C53-BF33-5F69EF13A61B}.MRelease|Win32.ActiveCfg = Release|Win32
		{75D91BDE-CC30-4C53-BF33-5F69EF13A61B}.MRelease|Win32.Build.0 = Release|Win32
		{75D91BDE-CC30-4C53-BF33-5F69EF13A61B}.MRelease|x64.ActiveCfg = Release|Win32
		{75D91BDE-CC30-4C53-BF33-5F69EF13A61B}.Release Dedicated Server|Win32.ActiveCfg = Release|Win32
		{75D91BDE-CC30-4C53-BF33-5F69EF13A61B}.Release Dedicated Server|Win32.Build.0 = Release|Win32
		{75D91BDE-CC30-4C53-BF33-5F69EF13A61B}.Release Dedicated Server|x64.ActiveCfg = Release|Win32
		{75D91BDE-CC30-4C53-BF33-5F69EF13A61B}.Release|Win32.ActiveCfg = Release|Win32
		{75D91BDE-CC30-4C53-BF33-5F69EF13A61B}.Release|Win32.Build.0 = Release|Win32
		{75D91BDE-CC30-4C53-BF33-5F69EF13A61B}.Release|x64.ActiveCfg = Release|Win32
		{75D91BDE-CC30-4C53-BF33-5F69EF13A61B}.VkDebug|Win32.ActiveCfg = Debug|Win32
		{75D91BDE-CC30-4C53-BF33-5F69EF13A61B}.VkDebug|x64.ActiveCfg = Debug|Win32
		{75D91BDE-CC30-4C53-BF33-5F69EF13A61B}.VkRelease|Win32.ActiveCfg = Release|Win32
		{75D91BDE-CC30-4C53-BF33-5F69EF13A61B}.VkRelease|x64.ActiveCfg = Release|Win32
		{82285268-9C3B-44AD-BBE7-40670F9D2628}.D3DDebug|Win32.ActiveCfg = Debug|Win32
		{82285268-9C3B-44AD-BBE7-40670F9D2628}.D3DDebug|Win32.Build.0 = Debug|Win32
		{82285268-9C3B-44AD-BBE7-40670F9D2628}.D3DDebug|x64.ActiveCfg = Debug|Win32
		{82285268-9C3B-44AD-BBE7-40670F9D2628}.D3DRelease|Win32.ActiveCfg = Release|Win32
		{82285268-9C3B-44AD-BBE7-40670F9D2628}.D3DRelease|Win32.Build.0 = Release|Win32
		{82285268-9C3B-44AD-BBE7-40670F9D2628}.D3DRelease|x64.ActiveCfg = Release|Win32
		{82285268-9C3B-44AD-BBE7-40670F9D2628}.Debug Dedicated Server|Win32.ActiveCfg = Debug|Win32
		{82285268-9C3B-44AD-BBE7-40670F9D2628}.Debug Dedicated Server|Win32.Build.0 = Debug|Win32
		{82285268-9C3B-44AD-BBE7-40670F9D2628}.Debug Dedicated Server|x64.ActiveCfg = Debug|Win32
		{82285268-9C3B-44AD-BBE7-40670F9D2628}.Debug|Win32.ActiveCfg = Debug|Win32
		{82285268-9C3B-44AD-BBE7-40670F9D2628}.Debug|Win32.Build.0 = Debug|Win32
		{82285268-9C3B-44AD-BBE7-40670F9D2628}.Debug|x64.ActiveCfg = Debug|Win32
		{82285268-9C3B-44AD-BBE7-40670F9D2628}.GLDebug|Win32.ActiveCfg = Debug|Win32
		{82285268-9C3B-44AD-BBE7-40670F9D2628}.GLDebug|Win32.Build.0 = Debug|Win32
		{82285268-9C3B-44AD-BBE7-40670F9D2628}.GLDebug|x64.ActiveCfg = Debug|Win32
		{82285268-9C3B-44AD-BBE7-40670F9D2628}.GLRelease|Win32.ActiveCfg = Release|Win32
		{82285268-9C3B-44AD-BBE7-40670F9D2628}.GLRelease|Win32.Build.0 = Release|Win32
		{82285268-9C3B-44AD-BBE7-40670F9D2628}.GLRelease|x64.ActiveCfg = Release|Win32
		{82285268-9C3B-44AD-BBE7-40670F9D2628}.MDebug|Win32.ActiveCfg = Debug|Win32
		{82285268-9C3B-44AD-BBE7-40670F9D2628}.MDebug|Win32.Build.0 = Debug|Win32
		{82285268-9C3B-44AD-BBE7-40670F9D2628}.MDebug|x64.ActiveCfg = Debug|Win32
		{82285268-9C3B-44AD-BBE7-40670F9D2628}.MinGLDebug|Win32.ActiveCfg = Debug|Win32
		{82285268-9C3B-44AD-BBE7-40670F9D2628}.MinGLDebug|Win32.Build.0 = Debug|Win32
		{82285268-9C3B-44AD-BBE7-40670F9D2628}.MinGLDebug|x64.ActiveCfg = Debug|Win32
		{82285268-9C3B-44AD-BBE7-40670F9D2628}.MinGLRelease|Win32.ActiveCfg = Release|Win32
		{82285268-9C3B-44AD-BBE7-40670F9D2628}.MinGLRelease|Win32.Build.0 = Release|Win32
		{82285268-9C3B-44AD-BBE7-40670F9D2628}.MinGLRelease|x64.ActiveCfg = Release|Win32
		{82285268-9C3B-44AD-BBE7-40670F9D2628}.MRelease|Win32.ActiveCfg = Release|Win32
		{82285268-9C3B-44AD-BBE7-40670F9D2628}.MRelease|Win32.Build.0 = Release|Win32
		{82285268-9C3B-44AD-BBE7-40670F9D2628}.MRelease|x64.ActiveCfg = Release|Win32
		{82285268-9C3B-44AD-BBE7-40670F9D2628}.Release Dedicated Server|Win32.ActiveCfg = Release|Win32
		{82285268-9C3B-44AD-BBE7-40670F9D2628}.Release Dedicated Server|Win32.Build.0 = Release|Win32
		{82285268-9C3B-44AD-BBE7-40670F9D2628}.Release Dedicated Server|x64.ActiveCfg = Release|Win32
		{82285268-9C3B-44AD-BBE7-40670F9D2628}.Release|Win32.ActiveCfg = Release|Win32
		{82285268-9C3B-44AD-BBE7-40670F9D2628}.Release|Win32.Build.0 = Release|Win32
		{82285268-9C3B-44AD-BBE7-40670F9D2628}.Release|x64.ActiveCfg = Release|Win32
		{82285268-9C3B-44AD-BBE7-40670F9D2628}.VkDebug|Win32.ActiveCfg = Debug|Win32
		{82285268-9C3B-44AD-BBE7-40670F9D2628}.VkDebug|Win32.Build.0 = Debug|Win32
		{82285268-9C3B-44AD-BBE7-40670F9D2628}.VkDebug|x64.ActiveCfg = Debug|Win32
		{82285268-9C3B-44AD-BBE7-40670F9D2628}.VkRelease|Win32.ActiveCfg = Release|Win32
		{82285268-9C3B-44AD-BBE7-40670F9D2628}.VkRelease|Win32.Build.0 = Release|Win32
		{82285268-9C3B-44AD-BBE7-40670F9D2628}.VkRelease|x64.ActiveCfg = Release|Win32
		{ED16B405-BDCD-4EB8-BF70-761964301368}.D3DDebug|Win32.ActiveCfg = Debug|Win32
		{ED16B405-BDCD-4EB8-BF70-761964301368}.D3DDebug|Win32.Build.0 = Debug|Win32
		{ED16B405-BDCD-4EB8-BF70-761964301368}.D3DDebug|x64.ActiveCfg = Debug|Win32
		{ED16B405-BDCD-4EB8-BF70-761964301368}.D3DRelease|Win32.ActiveCfg = Release|Win32
		{ED16B405-BDCD-4EB8-BF70-761964301368}.D3DRelease|Win32.Build.0 = Release|Win32
		{ED16B405-BDCD-4EB8-BF70-761964301368}.D3DRelease|x64.ActiveCfg = Release|Win32
		{ED16B405-BDCD-4EB8-BF70-761964301368}.Debug Dedicated Server|Win32.ActiveCfg = Debug|Win32
		{ED16B405-BDCD-4EB8-BF70-761964301368}.Debug Dedicated Server|Win32.Build.0 = Debug|Win32
		{ED16B405-BDCD-4EB8-BF70-761964301368}.Debug Dedicated Server|x64.ActiveCfg = Debug|Win32
		{ED16B405-BDCD-4EB8-BF70-761964301368}.Debug|Win32.ActiveCfg = Debug|Win32
		{ED16B405-BDCD-4EB8-BF70-761964301368}.Debug|Win32.Build.0 = Debug|Win32
		{ED16B405-BDCD-4EB8-BF70-761964301368}.Debug|x64.ActiveCfg = Debug|Win32
		{ED16B405-BDCD-4EB8-BF70-761964301368}.GLDebug|Win32.ActiveCfg = Debug|Win32
		{ED16B405-BDCD-4EB8-BF70-761964301368}.GLDebug|Win32.Build.0 = Debug|Win32
		{ED16B405-BDCD-4EB8-BF70-761964301368}.GLDebug|x64.ActiveCfg = Debug|Win32
		{ED16B405-BDCD-4EB8-BF70-761964301368}.GLRelease|Win32.ActiveCfg = Release|Win32
		{ED16B405-BDCD-4EB8-BF70-761964301368}.GLRelease|Win32.Build.0 = Release|Win32
		{ED16B405-BDCD-4EB8-BF70-761964301368}.GLRelease|x64.ActiveCfg = Release|Win32
		{ED16B405-BDCD-4EB8-BF70-761964301368}.MDebug|Win32.ActiveCfg = Debug|Win32
		{ED16B405-BDCD-4EB8-BF70-761964301368}.MDebug|Win32.Build.0 = Debug|Win32
		{ED16B405-BDCD-4EB8-BF70-761964301368}.MDebug|x64.ActiveCfg = Debug|Win32
		{ED16B405-BDCD-4EB8-BF70-761964301368}.MinGLDebug|Win32.ActiveCfg = Debug|Win32
		{ED16B405-BDCD-4EB8-BF70-761964301368}.MinGLDebug|Win32.Build.0 = Debug|Win32
		{ED16B405-BDCD-4EB8-BF70-761964301368}.MinGLDebug|x64.ActiveCfg = Debug|Win32
		{ED16B405-BDCD-4EB8-BF70-761964301368}.MinGLRelease|Win32.ActiveCfg = Release|Win32
		{ED16B405-BDCD-4EB8-BF70-761964301368}.MinGLRelease|Win32.Build.0 = Release|Win32
		{ED16B405-BDCD-4EB8-BF70-761964301368}.MinGLRelease|x64.ActiveCfg = Release|Win32
		{ED16B405-BDCD-4EB8-BF70-761964301368}.MRelease|Win32.ActiveCfg = Release|Win32
		{ED16B405-BDCD-4EB8-BF70-761964301368}.MRelease|x64.ActiveCfg = Release|Win32
		{ED16B405-BDCD-4EB8-BF70-761964301368}.Release Dedicated Server|Win32.ActiveCfg = Release|Win32
		{ED16B405-BDCD-4EB8-BF70-761964301368}.Release Dedicated Server|Win32.Build.0 = Release|Win32
		{ED16B405-BDCD-4EB8-BF70-761964301368}.Release Dedicated Server|x64.ActiveCfg = Release|Win32
		{ED16B405-BDCD-4EB8-BF70-761964301368}.Release|Win32.ActiveCfg = Release|Win32
		{ED16B405-BDCD-4EB8-BF70-761964301368}.Release|Win32.Build.0 = Release|Win32
		{ED16B405-BDCD-4EB8-BF70-761964301368}.Release|x64.ActiveCfg = Release|Win32
		{ED16B405-BDCD-4EB8-BF70-761964301368}.VkDebug|Win32.ActiveCfg = Debug|Win32
		{ED16B405-BDCD-4EB8-BF70-761964301368}.VkDebug|Win32.Build.0 = Debug|Win32
		{ED16B405-BDCD-4EB8-BF70-761964301368}.VkDebug|x64.ActiveCfg = Debug|Win32
		{ED16B405-BDCD-4EB8-BF70-761964301368}.VkRelease|Win32.ActiveCfg = Release|Win32
		{ED16B405-BDCD-4EB8-BF70-761964301368}.VkRelease|Win32.Build.0 = Release|Win32
		{ED16B405-BDCD-4EB8-BF70-761964301368}.VkRelease|x64.ActiveCfg = Release|Win32
		{E475BFF0-6766-48BA-BE44-931C068AC5B0}.D3DDebug|Win32.ActiveCfg = Debug|Win32
		{E475BFF0-6766-48BA-BE44-931C068AC5B0}.D3DDebug|Win32.Build.0 = Debug|Win32
		{E475BFF0-6766-48BA-BE44-931C068AC5B0}.D3DDebug|x64.ActiveCfg = Debug|Win32
		{E475BFF0-6766-48BA-BE44-931C068AC5B0}.D3DRelease|Win32.ActiveCfg = Release|Win32
		{E475BFF0-6766-48BA-BE44-931C068AC5B0}.D3DRelease|Win32.Build.0 = Release|Win32
		{E475BFF0-6766-48BA-BE44-931C068AC5B0}.D3DRelease|x64.ActiveCfg = Release|Win32
		{E475BFF0-6766-48BA-BE44-931C068AC5B0}.Debug Dedicated Server|Win32.ActiveCfg = Debug|Win32
		{E475BFF0-6766-48BA-BE44-931C068AC5B0}.Debug Dedicated Server|Win32.Build.0 = Debug|Win32
		{E475BFF0-6766-48BA-BE44-931C068AC5B0}.Debug Dedicated Server|x64.ActiveCfg = Debug|Win32
		{E475BFF0-6766-48BA-BE44-931C068AC5B0}.Debug|Win32.ActiveCfg = Debug|Win32
		{E475BFF0-6766-48BA-BE44-931C068AC5B0}.Debug|Win32.Build.0 = Debug|Win32
		{E475BFF0-6766-48BA-BE44-931C068AC5B0}.Debug|x64.ActiveCfg = Debug|Win32
		{E475BFF0-6766-48BA-BE44-931C068AC5B0}.GLDebug|Win32.ActiveCfg = Debug|Win32
		{E475BFF0-6766-48BA-BE44-931C068AC5B0}.GLDebug|Win32.Build.0 = Debug|Win32
		{E475BFF0-6766-48BA-BE44-931C068AC5B0}.GLDebug|x64.ActiveCfg = Debug|Win32
		{E475BFF0-6766-48BA-BE44-931C068AC5B0}.GLRelease|Win32.ActiveCfg = Release|Win32
		{E475BFF0-6766-48BA-BE44-931C068AC5B0}.GLRelease|Win32.Build.0 = Release|Win32
		{E475BFF0-6766-48BA-BE44-931C068AC5B0}.GLRelease|x64.ActiveCfg = Release|Win32
		{E475BFF0-6766-48BA-BE44-931C068AC5B0}.MDebug|Win32.ActiveCfg = Debug|Win32
		{E475BFF0-6766-48BA-BE44-931C068AC5B0}.MDebug|Win32.Build.0 = Debug|Win32
		{E475BFF0-6766-48BA-BE44-931C068AC5B0}.MDebug|x64.ActiveCfg = Debug|Win32
		{E475BFF0-6766-48BA-BE44-931C068AC5B0}.MinGLDebug|Win32.ActiveCfg = Debug|Win32
		{E475BFF0-6766-48BA-BE44-931C068AC5B0}.MinGLDebug|Win32.Build.0 = Debug|Win32
		{E475BFF0-6766-48BA-BE44-931C068AC5B0}.MinGLDebug|x64.ActiveCfg = Debug|Win32
		{E475BFF0-6766-48BA-BE44-931C068AC5B0}.MinGLRelease|Win32.ActiveCfg = Release|Win32
		{E475BFF0-6766-48BA-BE44-931C068AC5B0}.MinGLRelease|Win32.Build.0 = Release|Win32
		{E475BFF0-6766-48BA-BE44-931C068AC5B0}.MinGLRelease|x64.ActiveCfg = Release|Win32
		{E475BFF0-6766-48BA-BE44-931C068AC5B0}.MRelease|Win32.ActiveCfg = Release|Win32
		{E475BFF0-6766-48BA-BE44-931C068AC5B0}.MRelease|Win32.Build.0 = Release|Win32
		{E475BFF0-6766-48BA-BE44-931C068AC5B0}.MRelease|x64.ActiveCfg = Release|Win32
		{E475BFF0-6766-48BA-BE44-931C068AC5B0}.Release Dedicated Server|Win32.ActiveCfg = Release|Win32
		{E475BFF0-6766-48BA-BE44-931C068AC5B0}.Release Dedicated Server|Win32.Build.0 = Release|Win32
		{E475BFF0-6766-48BA-BE44-931C068AC5B0}.Release Dedicated Server|x64.ActiveCfg = Release|Win32
		{E475BFF0-6766-48BA-BE44-931C068AC5B0}.Release|Win32.ActiveCfg = Release|Win32
		{E475BFF0-6766-48BA-BE44-931C068AC5B0}.Release|Win32.Build.0 = Release|Win32
		{E475BFF0-6766-48BA-BE44-931C068AC5B0}.Release|x64.ActiveCfg = Release|Win32
		{E475BFF0-6766-48BA-BE44-931C068AC5B0}.VkDebug|Win32.ActiveCfg = Debug|Win32
		{E475BFF0-6766-48BA-BE44-931C068AC5B0}.VkDebug|Win32.Build.0 = Debug|Win32
		{E475BFF0-6766-48BA-BE44-931C068AC5B0}.VkDebug|x64.ActiveCfg = Debug|Win32
		{E475BFF0-6766-48BA-BE44-931C068AC5B0}.VkRelease|Win32.ActiveCfg = Release|Win32
		{E475BFF0-6766-48BA-BE44-931C068AC5B0}.VkRelease|Win32.Build.0 = Release|Win32
		{E475BFF0-6766-48BA-BE44-931C068AC5B0}.VkRelease|x64.ActiveCfg = Release|Win32
		{F756A3D2-025A-43D4-9829-4074753B774B}.D3DDebug|Win32.ActiveCfg = Debug|Win32
		{F756A3D2-025A-43D4-9829-4074753B774B}.D3DDebug|Win32.Build.0 = Debug|Win32
		{F756A3D2-025A-43D4-9829-4074753B774B}.D3DDebug|x64.ActiveCfg = Debug|x64
		{F756A3D2-025A-43D4-9829-4074753B774B}.D3DDebug|x64.Build.0 = Debug|x64
		{F756A3D2-025A-43D4-9829-4074753B774B}.D3DRelease|Win32.ActiveCfg = Release|Win32
		{F756A3D2-025A-43D4-9829-4074753B774B}.D3DRelease|Win32.Build.0 = Release|Win32
		{F756A3D2-025A-43D4-9829-4074753B774B}.D3DRelease|x64.ActiveCfg = Release|x64
		{F756A3D2-025A-43D4-9829-4074753B774B}.D3DRelease|x64.Build.0 = Release|x64
		{F756A3D2-025A-43D4-9829-4074753B774B}.Debug Dedicated Server|Win32.ActiveCfg = Debug|x64
		{F756A3D2-025A-43D4-9829-4074753B774B}.Debug Dedicated Server|x64.ActiveCfg = Debug|x64
		{F756A3D2-025A-43D4-9829-4074753B774B}.Debug Dedicated Server|x64.Build.0 = Debug|x64
		{F756A3D2-025A-43D4-9829-4074753B774B}.Debug|Win32.ActiveCfg = Debug|Win32
		{F756A3D2-025A-43D4-9829-4074753B774B}.Debug|Win32.Build.0 = Debug|Win32
		{F756A3D2-025A-43D4-9829-4074753B774B}.Debug|x64.ActiveCfg = Debug|x64
		{F756A3D2-025A-43D4-9829-4074753B774B}.Debug|x64.Build.0 = Debug|x64
		{F756A3D2-025A-43D4-9829-4074753B774B}.GLDebug|Win32.ActiveCfg = Debug|Win32
		{F756A3D2-025A-43D4-9829-4074753B774B}.GLDebug|Win32.Build.0 = Debug|Win32
		{F756A3D2-025A-43D4-9829-4074753B774B}.GLDebug|x64.ActiveCfg = Debug|x64
		{F756A3D2-025A-43D4-9829-4074753B774B}.GLDebug|x64.Build.0 = Debug|x64
		{F756A3D2-025A-43D4-9829-4074753B774B}.GLRelease|Win32.ActiveCfg = Release|Win32
		{F756A3D2-025A-43D4-9829-4074753B774B}.GLRelease|Win32.Build.0 = Release|Win32
		{F756A3D2-025A-43D4-9829-4074753B774B}.GLRelease|x64.ActiveCfg = Release|x64
		{F756A3D2-025A-43D4-9829-4074753B774B}.GLRelease|x64.Build.0 = Release|x64
		{F756A3D2-025A-43D4-9829-4074753B774B}.MDebug|Win32.ActiveCfg = Debug|Win32
		{F756A3D2-025A-43D4-9829-4074753B774B}.MDebug|Win32.Build.0 = Debug|Win32
		{F756A3D2-025A-43D4-9829-4074753B774B}.MDebug|x64.ActiveCfg = Debug|x64
		{F756A3D2-025A-43D4-9829-4074753B774B}.MDebug|x64.Build.0 = Debug|x64
		{F756A3D2-025A-43D4-9829-4074753B774B}.MinGLDebug|Win32.ActiveCfg = Debug|Win32
		{F756A3D2-025A-43D4-9829-4074753B774B}.MinGLDebug|Win32.Build.0 = Debug|Win32
		{F756A3D2-025A-43D4-9829-4074753B774B}.MinGLDebug|x64.ActiveCfg = Debug|x64
		{F756A3D2-025A-43D4-9829-4074753B774B}.MinGLDebug|x64.Build.0 = Debug|x64
		{F756A3D2-025A-43D4-9829-4074753B774B}.MinGLRelease|Win32.ActiveCfg = Release|Win32
		{F756A3D2-025A-43D4-9829-4074753B774B}.MinGLRelease|Win32.Build.0 = Release|Win32
		{F756A3D2-025A-43D4-9829-4074753B774B}.MinGLRelease|x64.ActiveCfg = Release|x64
		{F756A3D2-025A-43D4-9829-4074753B774B}.MinGLRelease|x64.Build.0 = Release|x64
		{F756A3D2-025A-43D4-9829-4074753B774B}.MRelease|Win32.ActiveCfg = Release|Win32
		{F756A3D2-025A-43D4-9829-4074753B774B}.MRelease|x64.ActiveCfg = Release|x64
		{F756A3D2-025A-43D4-9829-4074753B774B}.MRelease|x64.Build.0 = Release|x64
		{F756A3D2-025A-43D4-9829-4074753B774B}.Release Dedicated Server|Win32.ActiveCfg = Release|x64
		{F756A3D2-025A-43D4-9829-4074753B774B}.Release Dedicated Server|x64.ActiveCfg = Release|x64
		{F756A3D2-025A-43D4-9829-4074753B774B}.Release Dedicated Server|x64.Build.0 = Release|x64
		{F756A3D2-025A-43D4-9829-4074753B774B}.Release|Win32.ActiveCfg = Release|Win32
		{F756A3D2-025A-43D4-9829-4074753B774B}.Release|Win32.Build.0 = Release|Win32
		{F756A3D2-025A-43D4-9829-4074753B774B}.Release|x64.ActiveCfg = Release|x64
		{F756A3D2-025A-43D4-9829-4074753B774B}.Release|x64.Build.0 = Release|x64
		{F756A3D2-025A-43D4-9829-4074753B774B}.VkDebug|Win32.ActiveCfg = Debug|Win32
		{F756A3D2-025A-43D4-9829-4074753B774B}.VkDebug|Win32.Build.0 = Debug|Win32
		{F756A3D2-025A-43D4-9829-4074753B774B}.VkDebug|x64.ActiveCfg = Debug|x64
		{F756A3D2-025A-43D4-9829-4074753B774B}.VkDebug|x64.Build.0 = Debug|x64
		{F756A3D2-025A-43D4-9829-4074753B774B}.VkRelease|Win32.ActiveCfg = Release|Win32
		{F756A3D2-025A-43D4-9829-4074753B774B}.VkRelease|Win32.Build.0 = Release|Win32
		{F756A3D2-025A-43D4-9829-4074753B774B}.VkRelease|x64.ActiveCfg = Release|x64
		{F756A3D2-025A-43D4-9829-4074753B774B}.VkRelease|x64.Build.0 = Release|x64
		{909E9AE0-0617-469C-954E-1ED09367F90E}.D3DDebug|Win32.ActiveCfg = Debug|Win32
		{909E9AE0-0617-469C-954E-1ED09367F90E}.D3DDebug|Win32.Build.0 = Debug|Win32
		{909E9AE0-0617-469C-954E-1ED09367F90E}.D3DDebug|x64.ActiveCfg = Debug|Win32
		{909E9AE0-0617-469C-954E-1ED09367F90E}.D3DRelease|Win32.ActiveCfg = Release|Win32
		{909E9AE0-0617-469C-954E-1ED09367F90E}.D3DRelease|Win32.Build.0 = Release|Win32
		{909E9AE0-0617-469C-954E-1ED09367F90E}.D3DRelease|x64.ActiveCfg = Release|Win32
		{909E9AE0-0617-469C-954E-1ED09367F90E}.Debug Dedicated Server|Win32.ActiveCfg = Debug|Win32
		{909E9AE0-0617-469C-954E-1ED09367F90E}.Debug Dedicated Server|Win32.Build.0 = Debug|Win32
		{909E9AE0-0617-469C-954E-1ED09367F90E}.Debug Dedicated Server|x64.ActiveCfg = Debug|Win32
		{909E9AE0-0617-469C-954E-1ED09367F90E}.Debug|Win32.ActiveCfg = Debug|Win32
		{909E9AE0-0617-469C-954E-1ED09367F90E}.Debug|Win32.Build.0 = Debug|Win32
		{909E9AE0-0617-469C-954E-1ED09367F90E}.Debug|x64.ActiveCfg = Debug|Win32
		{909E9AE0-0617-469C-954E-1ED09367F90E}.GLDebug|Win32.ActiveCfg = Debug|Win32
		{909E9AE0-0617-469C-954E-1ED09367F90E}.GLDebug|Win32.Build.0 = Debug|Win32
		{909E9AE0-0617-469C-954E-1ED09367F90E}.GLDebug|x64.ActiveCfg = Debug|Win32
		{909E9AE0-0617-469C-954E-1ED09367F90E}.GLRelease|Win32.ActiveCfg = Release|Win32
		{909E9AE0-0617-469C-954E-1ED09367F90E}.GLRelease|Win32.Build.0 = Release|Win32
		{909E9AE0-0617-469C-954E-1ED09367F90E}.GLRelease|x64.ActiveCfg = Release|Win32
		{909E9AE0-0617-469C-954E-1ED09367F90E}.MDebug|Win32.ActiveCfg = Debug|Win32
		{909E9AE0-0617-469C-954E-1ED09367F90E}.MDebug|Win32.Build.0 = Debug|Win32
		{909E9AE0-0617-469C-954E-1ED09367F90E}.MDebug|x64.ActiveCfg = Debug|Win32
		{909E9AE0-0617-469C-954E-1ED09367F90E}.MinGLDebug|Win32.ActiveCfg = Debug|Win32
		{909E9AE0-0617-469C-954E-1ED09367F90E}.MinGLDebug|Win32.Build.0 = Debug|Win32
		{909E9AE0-0617-469C-954E-1ED09367F90E}.MinGLDebug|x64.ActiveCfg = Debug|Win32
		{909E9AE0-0617-469C-954E-1ED09367F90E}.MinGLRelease|Win32.ActiveCfg = Release|Win32
		{909E9AE0-0617-469C-954E-1ED09367F90E}.MinGLRelease|Win32.Build.0 = Release|Win32
		{909E9AE0-0617-469C-954E-1ED09367F90E}.MinGLRelease|x64.ActiveCfg = Release|Win32
		{909E9AE0-0617-469C-954E-1ED09367F90E}.MRelease|Win32.ActiveCfg = Release|Win32
		{909E9AE0-0617-469C-954E-1ED09367F90E}.MRelease|Win32.Build.0 = Release|Win32
		{909E9AE0-0617-469C-954E-1ED09367F90E}.MRelease|x64.ActiveCfg = Release|x64
		{909E9AE0-0617-469C-954E-1ED09367F90E}.Release Dedicated Server|Win32.ActiveCfg = Release|Win32
		{909E9AE0-0617-469C-954E-1ED09367F90E}.Release Dedicated Server|Win32.Build.0 = Release|Win32
		{909E9AE0-0617-469C-954E-1ED09367F90E}.Release Dedicated Server|x64.ActiveCfg = Release|Win32
		{909E9AE0-0617-469C-954E-1ED09367F90E}.Release|Win32.ActiveCfg = Release|Win32
		{909E9AE0-0617-469C-954E-1ED09367F90E}.Release|Win32.Build.0 = Release|Win32
		{909E9AE0-0617-469C-954E-1ED09367F90E}.Release|x64.ActiveCfg = Release|Win32
		{909E9AE0-0617-469C-954E-1ED09367F90E}.VkDebug|Win32.ActiveCfg = Debug|Win32
		{909E9AE0-0617-469C-954E-1ED09367F90E}.VkDebug|Win32.Build.0 = Debug|Win32
		{909E9AE0-0617-469C-954E-1ED09367F90E}.VkDebug|x64.ActiveCfg = Debug|Win32
		{909E9AE0-0617-469C-954E-1ED09367F90E}.VkRelease|Win32.ActiveCfg = Release|Win32
		{909E9AE0-0617-469C-954E-1ED09367F90E}.VkRelease|Win32.Build.0 = Release|Win32
		{909E9AE0-0617-469C-954E-1ED09367F90E}.VkRelease|x64.ActiveCfg = Release|Win32
		{E6CDA919-628B-45BF-A5DB-FB55179D6443}.D3DDebug|Win32.ActiveCfg = Debug|Win32
		{E6CDA919-628B-45BF-A5DB-FB55179D6443}.D3DDebug|Win32.Build.0 = Debug|Win32
		{E6CDA919-628B-45BF-A5DB-FB55179D6443}.D3DDebug|x64.ActiveCfg = Debug|x64
		{E6CDA919-628B-45BF-A5DB-FB55179D6443}.D3DDebug|x64.Build.0 = Debug|x64
		{E6CDA919-628B-45BF-A5DB-FB55179D6443}.D3DRelease|Win32.ActiveCfg = Release|Win32
		{E6CDA919-628B-45BF-A5DB-FB55179D6443}.D3DRelease|Win32.Build.0 = Release|Win32
		{E6CDA919-628B-45BF-A5DB-FB55179D6443}.D3DRelease|x64.ActiveCfg = Release|x64
		{E6CDA919-628B-45BF-A5DB-FB55179D6443}.D3DRelease|x64.Build.0 = Release|x64
		{E6CDA919-628B-45BF-A5DB-FB55179D6443}.Debug Dedicated Server|Win32.ActiveCfg = Debug|x64
		{E6CDA919-628B-45BF-A5DB-FB55179D6443}.Debug Dedicated Server|x64.ActiveCfg = Debug|x64
		{E6CDA919-628B-45BF-A5DB-FB55179D6443}.Debug Dedicated Server|x64.Build.0 = Debug|x64
		{E6CDA919-628B-45BF-A5DB-FB55179D6443}.Debug|Win32.ActiveCfg = Debug|Win32
		{E6CDA919-628B-45BF-A5DB-FB55179D6443}.Debug|Win32.Build.0 = Debug|Win32
		{E6CDA919-628B-45BF-A5DB-FB55179D6443}.Debug|x64.ActiveCfg = Debug|x64
		{E6CDA919-628B-45BF-A5DB-FB55179D6443}.Debug|x64.Build.0 = Debug|x64
		{E6CDA919-628B-45BF-A5DB-FB55179D6443}.GLDebug|Win32.ActiveCfg = Debug|Win32
		{E6CDA919-628B-45BF-A5DB-FB55179D6443}.GLDebug|Win32.Build.0 = Debug|Win32
		{E6CDA919-628B-45BF-A5DB-FB55179D6443}.GLDebug|x64.ActiveCfg = Debug|x64
		{E6CDA919-628B-45BF-A5DB-FB55179D6443}.GLDebug|x64.Build.0 = Debug|x64
		{E6CDA919-628B-45BF-A5DB-FB55179D6443}.GLRelease|Win32.ActiveCfg = Release|Win32
		{E6CDA919-628B-45BF-A5DB-FB55179D6443}.GLRelease|Win32.Build.0 = Release|Win32
		{E6CDA919-628B-45BF-A5DB-FB55179D6443}.GLRelease|x64.ActiveCfg = Release|x64
		{E6CDA919-628B-45BF-A5DB-FB55179D6443}.GLRelease|x64.Build.0 = Release|x64
		{E6CDA919-628B-45BF-A5DB-FB55179D6443}.MDebug|Win32.ActiveCfg = Debug|Win32
		{E6CDA919-628B-45BF-A5DB-FB55179D6443}.MDebug|Win32.Build.0 = Debug|Win32
		{E6CDA919-628B-45BF-A5DB-FB55179D6443}.MDebug|x64.ActiveCfg = Debug|x64
		{E6CDA919-628B-45BF-A5DB-FB55179D6443}.MDebug|x64.Build.0 = Debug|x64
		{E6CDA919-628B-45BF-A5DB-FB55179D6443}.MinGLDebug|Win32.ActiveCfg = Debug|Win32
		{E6CDA919-628B-45BF-A5DB-FB55179D6443}.MinGLDebug|Win32.Build.0 = Debug|Win32
		{E6CDA919-628B-45BF-A5DB-FB55179D6443}.MinGLDebug|x64.ActiveCfg = Debug|x64
		{E6CDA919-628B-45BF-A5DB-FB55179D6443}.MinGLDebug|x64.Build.0 = Debug|x64
		{E6CDA919-628B-45BF-A5DB-FB55179D6443}.MinGLRelease|Win32.ActiveCfg = Release|Win32
		{E6CDA919-628B-45BF-A5DB-FB55179D6443}.MinGLRelease|Win32.Build.0 = Release|Win32
		{E6CDA919-628B-45BF-A5DB-FB55179D6443}.MinGLRelease|x64.ActiveCfg = Release|x64
		{E6CDA919-628B-45BF-A5DB-FB55179D6443}.MinGLRelease|x64.Build.0 = Release|x64
		{E6CDA919-628B-45BF-A5DB-FB55179D6443}.MRelease|Win32.ActiveCfg = Release|Win32
		{E6CDA919-628B-45BF-A5DB-FB55179D6443}.MRelease|Win32.Build.0 = Release|Win32
		{E6CDA919-628B-45BF-A5DB-FB55179D6443}.MRelease|x64.ActiveCfg = Release|x64
		{E6CDA919-628B-45BF-A5DB-FB55179D6443}.MRelease|x64.Build.0 = Release|x64
		{E6CDA919-628B-45BF-A5DB-FB55179D6443}.Release Dedicated Server|Win32.ActiveCfg = Release|x64
		{E6CDA919-628B-45BF-A5DB-FB55179D6443}.Release Dedicated Server|x64.ActiveCfg = Release|x64
		{E6CDA919-628B-45BF-A5DB-FB55179D6443}.Release Dedicated Server|x64.Build.0 = Release|x64
		{E6CDA919-628B-45BF-A5DB-FB55179D6443}.Release|Win32.ActiveCfg = Release|Win32
		{E6CDA919-628B-45BF-A5DB-FB55179D6443}.Release|Win32.Build.0 = Release|Win32
		{E6CDA919-628B-45BF-A5DB-FB55179D6443}.Release|x64.ActiveCfg = Release|x64
		{E6CDA919-628B-45BF-A5DB-FB55179D6443}.Release|x64.Build.0 = Release|x64
		{E6CDA919-628B-45BF-A5DB-FB55179D6443}.VkDebug|Win32.ActiveCfg = Debug|Win32
		{E6CDA919-628B-45BF-A5DB-FB55179D6443}.VkDebug|Win32.Build.0 = Debug|Win32
		{E6CDA919-628B-45BF-A5DB-FB55179D6443}.VkDebug|x64.ActiveCfg = Debug|x64
		{E6CDA919-628B-45BF-A5DB-FB55179D6443}.VkDebug|x64.Build.0 = Debug|x64
		{E6CDA919-628B-45BF-A5DB-FB55179D6443}.VkRelease|Win32.ActiveCfg = Release|Win32
		{E6CDA919-628B-45BF-A5DB-FB55179D6443}.VkRelease|Win32.Build.0 = Release|Win32
		{E6CDA919-628B-45BF-A5DB-FB55179D6443}.VkRelease|x64.ActiveCfg = Release|x64
		{E6CDA919-628B-45BF-A5DB-FB55179D6443}.VkRelease|x64.Build.0 = Release|x64
		{0AE4667A-A446-44E7-A758-69CF5D9AF8FC}.D3DDebug|Win32.ActiveCfg = Debug|Win32
		{0AE4667A-A446-44E7-A758-69CF5D9AF8FC}.D3DDebug|Win32.Build.0 = Debug|Win32
		{0AE4667A-A446-44E7-A758-69CF5D9AF8FC}.D3DDebug|x64.ActiveCfg = Debug|x64
		{0AE4667A-A446-44E7-A758-69CF5D9AF8FC}.D3DDebug|x64.Build.0 = Debug|x64
		{0AE4667A-A446-44E7-A758-69CF5D9AF8FC}.D3DRelease|Win32.ActiveCfg = Release|Win32
		{0AE4667A-A446-44E7-A758-69CF5D9AF8FC}.D3DRelease|Win32.Build.0 = Release|Win32
		{0AE4667A-A446-44E7-A758-69CF5D9AF8FC}.D3DRelease|x64.ActiveCfg = Release|x64
		{0AE4667A-A446-44E7-A758-69CF5D9AF8FC}.D3DRelease|x64.Build.0 = Release|x64
		{0AE4667A-A446-44E7-A758-69CF5D9AF8FC}.Debug Dedicated Server|Win32.ActiveCfg = Debug|x64
		{0AE4667A-A446-44E7-A758-69CF5D9AF8FC}.Debug Dedicated Server|x64.ActiveCfg = Debug|x64
		{0AE4667A-A446-44E7-A758-69CF5D9AF8FC}.Debug Dedicated Server|x64.Build.0 = Debug|x64
		{0AE4667A-A446-44E7-A758-69CF5D9AF8FC}.Debug|Win32.ActiveCfg = Debug|Win32
		{0AE4667A-A446-44E7-A758-69CF5D9AF8FC}.Debug|Win32.Build.0 = Debug|Win32
		{0AE4667A-A446-44E7-A758-69CF5D9AF8FC}.Debug|x64.ActiveCfg = Debug|x64
		{0AE4667A-A446-44E7-A758-69CF5D9AF8FC}.Debug|x64.Build.0 = Debug|x64
		{0AE4667A-A446-44E7-A758-69CF5D9AF8FC}.GLDebug|Win32.ActiveCfg = Debug|Win32
		{0AE4667A-A446-44E7-A758-69CF5D9AF8FC}.GLDebug|Win32.Build.0 = Debug|Win32
		{0AE4667A-A446-44E7-A758-69CF5D9AF8FC}.GLDebug|x64.ActiveCfg = Debug|x64
		{0AE4667A-A446-44E7-A758-69CF5D9AF8FC}.GLDebug|x64.Build.0 = Debug|x64
		{0AE4667A-A446-44E7-A758-69CF5D9AF8FC}.GLRelease|Win32.ActiveCfg = Release|Win32
		{0AE4667A-A446-44E7-A758-69CF5D9AF8FC}.GLRelease|Win32.Build.0 = Release|Win32
		{0AE4667A-A446-44E7-A758-69CF5D9AF8FC}.GLRelease|x64.ActiveCfg = Release|x64
		{0AE4667A-A446-44E7-A758-69CF5D9AF8FC}.GLRelease|x64.Build.0 = Release|x64
		{0AE4667A-A446-44E7-A758-69CF5D9AF8FC}.MDebug|Win32.ActiveCfg = Debug|Win32
		{0AE4667A-A446-44E7-A758-69CF5D9AF8FC}.MDebug|Win32.Build.0 = Debug|Win32
		{0AE4667A-A446-44E7-A758-69CF5D9AF8FC}.MDebug|x64.ActiveCfg = Debug|x64
		{0AE4667A-A446-44E7-A758-69CF5D9AF8FC}.MDebug|x64.Build.0 = Debug|x64
		{0AE4667A-A446-44E7-A758-69CF5D9AF8FC}.MinGLDebug|Win32.ActiveCfg = Debug|Win32
		{0AE4667A-A446-44E7-A758-69CF5D9AF8FC}.MinGLDebug|Win32.Build.0 = Debug|Win32
		{0AE4667A-A446-44E7-A758-69CF5D9AF8FC}.MinGLDebug|x64.ActiveCfg = Debug|x64
		{0AE4667A-A446-44E7-A758-69CF5D9AF8FC}.MinGLDebug|x64.Build.0 = Debug|x64
		{0AE4667A-A446-44E7-A758-69CF5D9AF8FC}.MinGLRelease|Win32.ActiveCfg = Release|Win32
		{0AE4667A-A446-44E7-A758-69CF5D9AF8FC}.MinGLRelease|Win32.Build.0 = Release|Win32
		{0AE4667A-A446-44E7-A758-69CF5D9AF8FC}.MinGLRelease|x64.ActiveCfg = Release|x64
		{0AE4667A-A446-44E7-A758-69CF5D9AF8FC}.MinGLRelease|x64.Build.0 = Release|x64
		{0AE4667A-A446-44E7-A758-69CF5D9AF8FC}.MRelease|Win32.ActiveCfg = Release|Win32
		{0AE4667A-A446-44E7-A758-69CF5D9AF8FC}.MRelease|Win32.Build.0 = Release|Win32
		{0AE4667A-A446-44E7-A758-69CF5D9AF8FC}.MRelease|x64.ActiveCfg = Release|x64
		{0AE4667A-A446-44E7-A758-69CF5D9AF8FC}.MRelease|x64.Build.0 = Release|x64
		{0AE4667A-A446-44E7-A758-69CF5D9AF8FC}.Release Dedicated Server|Win32.ActiveCfg = Release|x64
		{0AE4667A-A446-44E7-A758-69CF5D9AF8FC}.Release Dedicated Server|x64.ActiveCfg = Release|x64
		{0AE4667A-A446-44E7-A758-69CF5D9AF8FC}.Release Dedicated Server|x64.Build.0 = Release|x64
		{0AE4667A-A446-44E7-A758-69CF5D9AF8FC}.Release|Win32.ActiveCfg = Release|Win32
		{0AE4667A-A446-44E7-A758-69CF5D9AF8FC}.Release|Win32.Build.0 = Release|Win32
		{0AE4667A-A446-44E7-A758-69CF5D9AF8FC}.Release|x64.ActiveCfg = Release|x64
		{0AE4667A-A446-44E7-A758-69CF5D9AF8FC}.Release|x64.Build.0 = Release|x64
		{0AE4667A-A446-44E7-A758-69CF5D9AF8FC}.VkDebug|Win32.ActiveCfg = Debug|Win32
		{0AE4667A-A446-44E7-A758-69CF5D9AF8FC}.VkDebug|Win32.Build.0 = Debug|Win32
		{0AE4667A-A446-44E7-A758-69CF5D9AF8FC}.VkDebug|x64.ActiveCfg = Debug|x64
		{0AE4667A-A446-44E7-A758-69CF5D9AF8FC}.VkDebug|x64.Build.0 = Debug|x64
		{0AE4667A-A446-44E7-A758-69CF5D9AF8FC}.VkRelease|Win32.ActiveCfg = Release|Win32
		{0AE4667A-A446-44E7-A758-69CF5D9AF8FC}.VkRelease|Win32.Build.0 = Release|Win32
		{0AE4667A-A446-44E7-A758-69CF5D9AF8FC}.VkRelease|x64.ActiveCfg = Release|x64
		{0AE4667A-A446-44E7-A758-69CF5D9AF8FC}.VkRelease|x64.Build.0 = Release|x64
		{0B1B2549-24DE-4FF2-844B-7A93ED5CF919}.D3DDebug|Win32.ActiveCfg = Debug|Win32
		{0B1B2549-24DE-4FF2-844B-7A93ED5CF919}.D3DDebug|Win32.Build.0 = Debug|Win32
		{0B1B2549-24DE-4FF2-844B-7A93ED5CF919}.D3DDebug|x64.ActiveCfg = Debug|Win32
		{0B1B2549-24DE-4FF2-844B-7A93ED5CF919}.D3DRelease|Win32.ActiveCfg = Release|Win32
		{0B1B2549-24DE-4FF2-844B-7A93ED5CF919}.D3DRelease|Win32.Build.0 = Release|Win32
		{0B1B2549-24DE-4FF2-844B-7A93ED5CF919}.D3DRelease|x64.ActiveCfg = Release|Win32
		{0B1B2549-24DE-4FF2-844B-7A93ED5CF919}.Debug Dedicated Server|Win32.ActiveCfg = Debug|Win32
		{0B1B2549-24DE-4FF2-844B-7A93ED5CF919}.Debug Dedicated Server|Win32.Build.0 = Debug|Win32
		{0B1B2549-24DE-4FF2-844B-7A93ED5CF919}.Debug Dedicated Server|x64.ActiveCfg = Debug|Win32
		{0B1B2549-24DE-4FF2-844B-7A93ED5CF919}.Debug|Win32.ActiveCfg = Debug|Win32
		{0B1B2549-24DE-4FF2-844B-7A93ED5CF919}.Debug|Win32.Build.0 = Debug|Win32
		{0B1B2549-24DE-4FF2-844B-7A93ED5CF919}.Debug|x64.ActiveCfg = Debug|Win32
		{0B1B2549-24DE-4FF2-844B-7A93ED5CF919}.GLDebug|Win32.ActiveCfg = Debug|Win32
		{0B1B2549-24DE-4FF2-844B-7A93ED5CF919}.GLDebug|Win32.Build.0 = Debug|Win32
		{0B1B2549-24DE-4FF2-844B-7A93ED5CF919}.GLDebug|x64.ActiveCfg = Debug|Win32
		{0B1B2549-24DE-4FF2-844B-7A93ED5CF919}.GLRelease|Win32.ActiveCfg = Release|Win32
		{0B1B2549-24DE-4FF2-844B-7A93ED5CF919}.GLRelease|Win32.Build.0 = Release|Win32
		{0B1B2549-24DE-4FF2-844B-7A93ED5CF919}.GLRelease|x64.ActiveCfg = Release|Win32
		{0B1B2549-24DE-4FF2-844B-7A93ED5CF919}.MDebug|Win32.ActiveCfg = Debug|Win32
		{0B1B2549-24DE-4FF2-844B-7A93ED5CF919}.MDebug|Win32.Build.0 = Debug|Win32
		{0B1B2549-24DE-4FF2-844B-7A93ED5CF919}.MDebug|x64.ActiveCfg = Debug|Win32
		{0B1B2549-24DE-4FF2-844B-7A93ED5CF919}.MinGLDebug|Win32.ActiveCfg = Debug|Win32
		{0B1B2549-24DE-4FF2-844B-7A93ED5CF919}.MinGLDebug|Win32.Build.0 = Debug|Win32
		{0B1B2549-24DE-4FF2-844B-7A93ED5CF919}.MinGLDebug|x64.ActiveCfg = Debug|Win32
		{0B1B2549-24DE-4FF2-844B-7A93ED5CF919}.MinGLRelease|Win32.ActiveCfg = Release|Win32
		{0B1B2549-24DE-4FF2-844B-7A93ED5CF919}.MinGLRelease|Win32.Build.0 = Release|Win32
		{0B1B2549-24DE-4FF2-844B-7A93ED5CF919}.MinGLRelease|x64.ActiveCfg = Release|Win32
		{0B1B2549-24DE-4FF2-844B-7A93ED5CF919}.MRelease|Win32.ActiveCfg = Release|Win32
		{0B1B2549-24DE-4FF2-844B-7A93ED5CF919}.MRelease|Win32.Build.0 = Release|Win32
		{0B1B2549-24DE-4FF2-844B-7A93ED5CF919}.MRelease|x64.ActiveCfg = Release|Win32
		{0B1B2549-24DE-4FF2-844B-7A93ED5CF919}.Release Dedicated Server|Win32.ActiveCfg = Release|Win32
		{0B1B2549-24DE-4FF2-844B-7A93ED5CF919}.Release Dedicated Server|Win32.Build.0 = Release|Win32
		{0B1B2549-24DE-4FF2-844B-7A93ED5CF919}.Release Dedicated Server|x64.ActiveCfg = Release|Win32
		{0B1B2549-24DE-4FF2-844B-7A93ED5CF919}.Release|Win32.ActiveCfg = Release|Win32
		{0B1B2549-24DE-4FF2-844B-7A93ED5CF919}.Release|Win32.Build.0 = Release|Win32
		{0B1B2549-24DE-4FF2-844B-7A93ED5CF919}.Release|x64.ActiveCfg = Release|Win32
		{0B1B2549-24DE-4FF2-844B-7A93ED5CF919}.VkDebug|Win32.ActiveCfg = Debug|Win32
		{0B1B2549-24DE-4FF2-844B-7A93ED5CF919}.VkDebug|Win32.Build.0 = Debug|Win32
		{0B1B2549-24DE-4FF2-844B-7A93ED5CF919}.VkDebug|x64.ActiveCfg = Debug|Win32
		{0B1B2549-24DE-4FF2-844B-7A93ED5CF919}.VkRelease|Win32.ActiveCfg = Release|Win32
		{0B1B2549-24DE-4FF2-844B-7A93ED5CF919}.VkRelease|Win32.Build.0 = Release|Win32
		{0B1B2549-24DE-4FF2-844B-7A93ED5CF919}.VkRelease|x64.ActiveCfg = Release|Win32
	EndGlobalSection
	GlobalSection(SolutionProperties) = preSolution
		HideSolutionNode = FALSE
	EndGlobalSection
	GlobalSection(NestedProjects) = preSolution
		{4735677B-6D5A-4BE6-A945-CB32DEADBEEF} = {EB5DFF7C-C0A8-426C-BC66-524162350F1B}
		{482A886A-5755-4DAE-AD5F-D7CD4A990F9E} = {EB5DFF7C-C0A8-426C-BC66-524162350F1B}
		{88BFEE0E-7BC0-43AD-9CCC-6B1A6E4C1365} = {EB5DFF7C-C0A8-426C-BC66-524162350F1B}
		{4735677B-6D5A-4BE6-A945-CB32A7282F56} = {EB5DFF7C-C0A8-426C-BC66-524162350F1B}
		{75D91BDE-CC30-4C53-BF33-5F69EF13A61B} = {EB5DFF7C-C0A8-426C-BC66-524162350F1B}
		{0B1B2549-24DE-4FF2-844B-7A93ED5CF919} = {EB5DFF7C-C0A8-426C-BC66-524162350F1B}
		{4877586B-E85B-4DF8-BCCE-59D31514D240} = {8CED01C6-2C61-4EC5-90B6-574D9756D773}
		{32B12987-DF8C-4E40-B07C-B18586A4CA65} = {8CED01C6-2C61-4EC5-90B6-574D9756D773}
		{873CCE24-3549-49D4-A4B4-653F91B1532A} = {8CED01C6-2C61-4EC5-90B6-574D9756D773}
		{9767E236-8454-44E9-8999-CD5BDAFBE9BA} = {8CED01C6-2C61-4EC5-90B6-574D9756D773}
		{72269FEE-293D-40BC-A7AE-E429F4496869} = {8CED01C6-2C61-4EC5-90B6-574D9756D773}
		{6ABD62A3-C5A0-43E8-BA4F-84606057774F} = {8CED01C6-2C61-4EC5-90B6-574D9756D773}
		{74542CA7-48C1-4664-9007-66F751131EA3} = {8CED01C6-2C61-4EC5-90B6-574D9756D773}
		{82285268-9C3B-44AD-BBE7-40670F9D2628} = {8CED01C6-2C61-4EC5-90B6-574D9756D773}
		{ED16B405-BDCD-4EB8-BF70-761964301368} = {8CED01C6-2C61-4EC5-90B6-574D9756D773}
		{E475BFF0-6766-48BA-BE44-931C068AC5B0} = {8CED01C6-2C61-4EC5-90B6-574D9756D773}
		{F756A3D2-025A-43D4-9829-4074753B774B} = {8CED01C6-2C61-4EC5-90B6-574D9756D773}
		{909E9AE0-0617-469C-954E-1ED09367F90E} = {8CED01C6-2C61-4EC5-90B6-574D9756D773}
		{E6CDA919-628B-45BF-A5DB-FB55179D6443} = {8CED01C6-2C61-4EC5-90B6-574D9756D773}
	EndGlobalSection
	GlobalSection(ExtensibilityGlobals) = postSolution
		AMDCaProjectFile = C:\Games\Quake\wip\engine\dotnet2005\CodeAnalyst\ftequake.caw
	EndGlobalSection
EndGlobal
