Microsoft Visual Studio Solution File, Format Version 8.00
Project("{8BC9CEB8-8B4A-11D0-8D11-00A0C91BC942}") = "ftequake", "ftequake.vcproj", "{173058C1-295E-4FA4-8C93-7CCA995E8B76}"
	ProjectSection(ProjectDependencies) = postProject
		{DF9D5237-75DD-45EE-9DDD-4DBFA24AA210} = {DF9D5237-75DD-45EE-9DDD-4DBFA24AA210}
	EndProjectSection
EndProject
Project("{8BC9CEB8-8B4A-11D0-8D11-00A0C91BC942}") = "gas2masm", "..\gas2masm\gas2masm.vcproj", "{DF9D5237-75DD-45EE-9DDD-4DBFA24AA210}"
	ProjectSection(ProjectDependencies) = postProject
	EndProjectSection
EndProject
Global
	GlobalSection(SolutionConfiguration) = preSolution
		Debug = Debug
		Debug Dedicated Server = Debug Dedicated Server
		Debug Dedicated ServerQ3 = Debug Dedicated ServerQ3
		GLDebug = GLDebug
		GLDebugQ3 = GLDebugQ3
		GLRelease = GLRelease
		MDebug = MDebug
		MinGLDebug = MinGLDebug
		MinGLRelease = MinGLRelease
		MinSW = MinSW
		MRelease = MRelease
		Release = Release
		Release Dedicated Server = Release Dedicated Server
	EndGlobalSection
	GlobalSection(ProjectConfiguration) = postSolution
		{173058C1-295E-4FA4-8C93-7CCA995E8B76}.Debug.ActiveCfg = Debug|Win32
		{173058C1-295E-4FA4-8C93-7CCA995E8B76}.Debug.Build.0 = Debug|Win32
		{173058C1-295E-4FA4-8C93-7CCA995E8B76}.Debug Dedicated Server.ActiveCfg = Debug Dedicated Server|Win32
		{173058C1-295E-4FA4-8C93-7CCA995E8B76}.Debug Dedicated Server.Build.0 = Debug Dedicated Server|Win32
		{173058C1-295E-4FA4-8C93-7CCA995E8B76}.Debug Dedicated ServerQ3.ActiveCfg = Debug Dedicated ServerQ3|Win32
		{173058C1-295E-4FA4-8C93-7CCA995E8B76}.Debug Dedicated ServerQ3.Build.0 = Debug Dedicated ServerQ3|Win32
		{173058C1-295E-4FA4-8C93-7CCA995E8B76}.GLDebug.ActiveCfg = GLDebug|Win32
		{173058C1-295E-4FA4-8C93-7CCA995E8B76}.GLDebug.Build.0 = GLDebug|Win32
		{173058C1-295E-4FA4-8C93-7CCA995E8B76}.GLDebugQ3.ActiveCfg = GLDebugQ3|Win32
		{173058C1-295E-4FA4-8C93-7CCA995E8B76}.GLDebugQ3.Build.0 = GLDebugQ3|Win32
		{173058C1-295E-4FA4-8C93-7CCA995E8B76}.GLRelease.ActiveCfg = GLRelease|Win32
		{173058C1-295E-4FA4-8C93-7CCA995E8B76}.GLRelease.Build.0 = GLRelease|Win32
		{173058C1-295E-4FA4-8C93-7CCA995E8B76}.MDebug.ActiveCfg = MDebug|Win32
		{173058C1-295E-4FA4-8C93-7CCA995E8B76}.MDebug.Build.0 = MDebug|Win32
		{173058C1-295E-4FA4-8C93-7CCA995E8B76}.MinGLDebug.ActiveCfg = MinGLDebug|Win32
		{173058C1-295E-4FA4-8C93-7CCA995E8B76}.MinGLDebug.Build.0 = MinGLDebug|Win32
		{173058C1-295E-4FA4-8C93-7CCA995E8B76}.MinGLRelease.ActiveCfg = MinGLRelease|Win32
		{173058C1-295E-4FA4-8C93-7CCA995E8B76}.MinGLRelease.Build.0 = MinGLRelease|Win32
		{173058C1-295E-4FA4-8C93-7CCA995E8B76}.MinSW.ActiveCfg = MinSW|Win32
		{173058C1-295E-4FA4-8C93-7CCA995E8B76}.MinSW.Build.0 = MinSW|Win32
		{173058C1-295E-4FA4-8C93-7CCA995E8B76}.MRelease.ActiveCfg = MRelease|Win32
		{173058C1-295E-4FA4-8C93-7CCA995E8B76}.MRelease.Build.0 = MRelease|Win32
		{173058C1-295E-4FA4-8C93-7CCA995E8B76}.Release.ActiveCfg = Release|Win32
		{173058C1-295E-4FA4-8C93-7CCA995E8B76}.Release.Build.0 = Release|Win32
		{173058C1-295E-4FA4-8C93-7CCA995E8B76}.Release Dedicated Server.ActiveCfg = Release Dedicated Server|Win32
		{173058C1-295E-4FA4-8C93-7CCA995E8B76}.Release Dedicated Server.Build.0 = Release Dedicated Server|Win32
		{DF9D5237-75DD-45EE-9DDD-4DBFA24AA210}.Debug.ActiveCfg = Debug|Win32
		{DF9D5237-75DD-45EE-9DDD-4DBFA24AA210}.Debug.Build.0 = Debug|Win32
		{DF9D5237-75DD-45EE-9DDD-4DBFA24AA210}.Debug Dedicated Server.ActiveCfg = Debug|Win32
		{DF9D5237-75DD-45EE-9DDD-4DBFA24AA210}.Debug Dedicated Server.Build.0 = Debug|Win32
		{DF9D5237-75DD-45EE-9DDD-4DBFA24AA210}.Debug Dedicated ServerQ3.ActiveCfg = Debug|Win32
		{DF9D5237-75DD-45EE-9DDD-4DBFA24AA210}.Debug Dedicated ServerQ3.Build.0 = Debug|Win32
		{DF9D5237-75DD-45EE-9DDD-4DBFA24AA210}.GLDebug.ActiveCfg = Debug|Win32
		{DF9D5237-75DD-45EE-9DDD-4DBFA24AA210}.GLDebug.Build.0 = Debug|Win32
		{DF9D5237-75DD-45EE-9DDD-4DBFA24AA210}.GLDebugQ3.ActiveCfg = Debug|Win32
		{DF9D5237-75DD-45EE-9DDD-4DBFA24AA210}.GLDebugQ3.Build.0 = Debug|Win32
		{DF9D5237-75DD-45EE-9DDD-4DBFA24AA210}.GLRelease.ActiveCfg = Debug|Win32
		{DF9D5237-75DD-45EE-9DDD-4DBFA24AA210}.GLRelease.Build.0 = Debug|Win32
		{DF9D5237-75DD-45EE-9DDD-4DBFA24AA210}.MDebug.ActiveCfg = Debug|Win32
		{DF9D5237-75DD-45EE-9DDD-4DBFA24AA210}.MDebug.Build.0 = Debug|Win32
		{DF9D5237-75DD-45EE-9DDD-4DBFA24AA210}.MinGLDebug.ActiveCfg = Debug|Win32
		{DF9D5237-75DD-45EE-9DDD-4DBFA24AA210}.MinGLDebug.Build.0 = Debug|Win32
		{DF9D5237-75DD-45EE-9DDD-4DBFA24AA210}.MinGLRelease.ActiveCfg = Debug|Win32
		{DF9D5237-75DD-45EE-9DDD-4DBFA24AA210}.MinGLRelease.Build.0 = Debug|Win32
		{DF9D5237-75DD-45EE-9DDD-4DBFA24AA210}.MinSW.ActiveCfg = Debug|Win32
		{DF9D5237-75DD-45EE-9DDD-4DBFA24AA210}.MinSW.Build.0 = Debug|Win32
		{DF9D5237-75DD-45EE-9DDD-4DBFA24AA210}.MRelease.ActiveCfg = Debug|Win32
		{DF9D5237-75DD-45EE-9DDD-4DBFA24AA210}.MRelease.Build.0 = Debug|Win32
		{DF9D5237-75DD-45EE-9DDD-4DBFA24AA210}.Release.ActiveCfg = Debug|Win32
		{DF9D5237-75DD-45EE-9DDD-4DBFA24AA210}.Release.Build.0 = Debug|Win32
		{DF9D5237-75DD-45EE-9DDD-4DBFA24AA210}.Release Dedicated Server.ActiveCfg = Debug|Win32
		{DF9D5237-75DD-45EE-9DDD-4DBFA24AA210}.Release Dedicated Server.Build.0 = Debug|Win32
	EndGlobalSection
	GlobalSection(ExtensibilityGlobals) = postSolution
	EndGlobalSection
	GlobalSection(ExtensibilityAddIns) = postSolution
	EndGlobalSection
EndGlobal
