Microsoft Visual Studio Solution File, Format Version 8.00
Project("{8BC9CEB8-8B4A-11D0-8D11-00A0C91BC942}") = "ftequake", "ftequake.vcproj", "{A84FFDBB-D4D9-43C4-BEA8-1412E67CE77B}"
	ProjectSection(ProjectDependencies) = postProject
		{1593FE53-29C1-42CA-98AF-4CF1FCACD755} = {1593FE53-29C1-42CA-98AF-4CF1FCACD755}
	EndProjectSection
EndProject
Project("{8BC9CEB8-8B4A-11D0-8D11-00A0C91BC942}") = "gas2masm", "..\gas2masm\gas2masm.vcproj", "{1593FE53-29C1-42CA-98AF-4CF1FCACD755}"
	ProjectSection(ProjectDependencies) = postProject
	EndProjectSection
EndProject
Project("{8BC9CEB8-8B4A-11D0-8D11-00A0C91BC942}") = "qcc", "..\qclib\qcc.vcproj", "{81E00893-9138-45C0-BDC7-C1BA1C9E5B41}"
	ProjectSection(ProjectDependencies) = postProject
	EndProjectSection
EndProject
Global
	GlobalSection(SolutionConfiguration) = preSolution
		Debug = Debug
		Debug Dedicated Server = Debug Dedicated Server
		Debug Dedicated ServerQ3 = Debug Dedicated ServerQ3
		GLDebug = GLDebug
		GLDebugQ3 = GLDebugQ3
		GLRelease = GLRelease
		GUIDebug = GUIDebug
		GUIRelease = GUIRelease
		MDebug = MDebug
		MinGLDebug = MinGLDebug
		MinGLRelease = MinGLRelease
		MinSW = MinSW
		MRelease = MRelease
		Release = Release
		Release Dedicated Server = Release Dedicated Server
	EndGlobalSection
	GlobalSection(ProjectConfiguration) = postSolution
		{A84FFDBB-D4D9-43C4-BEA8-1412E67CE77B}.Debug.ActiveCfg = Debug|Win32
		{A84FFDBB-D4D9-43C4-BEA8-1412E67CE77B}.Debug.Build.0 = Debug|Win32
		{A84FFDBB-D4D9-43C4-BEA8-1412E67CE77B}.Debug Dedicated Server.ActiveCfg = Debug Dedicated Server|Win32
		{A84FFDBB-D4D9-43C4-BEA8-1412E67CE77B}.Debug Dedicated Server.Build.0 = Debug Dedicated Server|Win32
		{A84FFDBB-D4D9-43C4-BEA8-1412E67CE77B}.Debug Dedicated ServerQ3.ActiveCfg = Debug Dedicated ServerQ3|Win32
		{A84FFDBB-D4D9-43C4-BEA8-1412E67CE77B}.Debug Dedicated ServerQ3.Build.0 = Debug Dedicated ServerQ3|Win32
		{A84FFDBB-D4D9-43C4-BEA8-1412E67CE77B}.GLDebug.ActiveCfg = GLDebug|Win32
		{A84FFDBB-D4D9-43C4-BEA8-1412E67CE77B}.GLDebug.Build.0 = GLDebug|Win32
		{A84FFDBB-D4D9-43C4-BEA8-1412E67CE77B}.GLDebugQ3.ActiveCfg = GLDebugQ3|Win32
		{A84FFDBB-D4D9-43C4-BEA8-1412E67CE77B}.GLDebugQ3.Build.0 = GLDebugQ3|Win32
		{A84FFDBB-D4D9-43C4-BEA8-1412E67CE77B}.GLRelease.ActiveCfg = GLRelease|Win32
		{A84FFDBB-D4D9-43C4-BEA8-1412E67CE77B}.GLRelease.Build.0 = GLRelease|Win32
		{A84FFDBB-D4D9-43C4-BEA8-1412E67CE77B}.GUIDebug.ActiveCfg = Debug|Win32
		{A84FFDBB-D4D9-43C4-BEA8-1412E67CE77B}.GUIDebug.Build.0 = Debug|Win32
		{A84FFDBB-D4D9-43C4-BEA8-1412E67CE77B}.GUIRelease.ActiveCfg = Release|Win32
		{A84FFDBB-D4D9-43C4-BEA8-1412E67CE77B}.GUIRelease.Build.0 = Release|Win32
		{A84FFDBB-D4D9-43C4-BEA8-1412E67CE77B}.MDebug.ActiveCfg = MDebug|Win32
		{A84FFDBB-D4D9-43C4-BEA8-1412E67CE77B}.MDebug.Build.0 = MDebug|Win32
		{A84FFDBB-D4D9-43C4-BEA8-1412E67CE77B}.MinGLDebug.ActiveCfg = MinGLDebug|Win32
		{A84FFDBB-D4D9-43C4-BEA8-1412E67CE77B}.MinGLDebug.Build.0 = MinGLDebug|Win32
		{A84FFDBB-D4D9-43C4-BEA8-1412E67CE77B}.MinGLRelease.ActiveCfg = MinGLRelease|Win32
		{A84FFDBB-D4D9-43C4-BEA8-1412E67CE77B}.MinGLRelease.Build.0 = MinGLRelease|Win32
		{A84FFDBB-D4D9-43C4-BEA8-1412E67CE77B}.MinSW.ActiveCfg = MinSW|Win32
		{A84FFDBB-D4D9-43C4-BEA8-1412E67CE77B}.MinSW.Build.0 = MinSW|Win32
		{A84FFDBB-D4D9-43C4-BEA8-1412E67CE77B}.MRelease.ActiveCfg = MRelease|Win32
		{A84FFDBB-D4D9-43C4-BEA8-1412E67CE77B}.MRelease.Build.0 = MRelease|Win32
		{A84FFDBB-D4D9-43C4-BEA8-1412E67CE77B}.Release.ActiveCfg = Release|Win32
		{A84FFDBB-D4D9-43C4-BEA8-1412E67CE77B}.Release.Build.0 = Release|Win32
		{A84FFDBB-D4D9-43C4-BEA8-1412E67CE77B}.Release Dedicated Server.ActiveCfg = Release Dedicated Server|Win32
		{A84FFDBB-D4D9-43C4-BEA8-1412E67CE77B}.Release Dedicated Server.Build.0 = Release Dedicated Server|Win32
		{1593FE53-29C1-42CA-98AF-4CF1FCACD755}.Debug.ActiveCfg = Debug|Win32
		{1593FE53-29C1-42CA-98AF-4CF1FCACD755}.Debug.Build.0 = Debug|Win32
		{1593FE53-29C1-42CA-98AF-4CF1FCACD755}.Debug Dedicated Server.ActiveCfg = Debug|Win32
		{1593FE53-29C1-42CA-98AF-4CF1FCACD755}.Debug Dedicated Server.Build.0 = Debug|Win32
		{1593FE53-29C1-42CA-98AF-4CF1FCACD755}.Debug Dedicated ServerQ3.ActiveCfg = Debug|Win32
		{1593FE53-29C1-42CA-98AF-4CF1FCACD755}.Debug Dedicated ServerQ3.Build.0 = Debug|Win32
		{1593FE53-29C1-42CA-98AF-4CF1FCACD755}.GLDebug.ActiveCfg = Debug|Win32
		{1593FE53-29C1-42CA-98AF-4CF1FCACD755}.GLDebug.Build.0 = Debug|Win32
		{1593FE53-29C1-42CA-98AF-4CF1FCACD755}.GLDebugQ3.ActiveCfg = Debug|Win32
		{1593FE53-29C1-42CA-98AF-4CF1FCACD755}.GLDebugQ3.Build.0 = Debug|Win32
		{1593FE53-29C1-42CA-98AF-4CF1FCACD755}.GLRelease.ActiveCfg = Debug|Win32
		{1593FE53-29C1-42CA-98AF-4CF1FCACD755}.GLRelease.Build.0 = Debug|Win32
		{1593FE53-29C1-42CA-98AF-4CF1FCACD755}.GUIDebug.ActiveCfg = Debug|Win32
		{1593FE53-29C1-42CA-98AF-4CF1FCACD755}.GUIDebug.Build.0 = Debug|Win32
		{1593FE53-29C1-42CA-98AF-4CF1FCACD755}.GUIRelease.ActiveCfg = Debug|Win32
		{1593FE53-29C1-42CA-98AF-4CF1FCACD755}.GUIRelease.Build.0 = Debug|Win32
		{1593FE53-29C1-42CA-98AF-4CF1FCACD755}.MDebug.ActiveCfg = Debug|Win32
		{1593FE53-29C1-42CA-98AF-4CF1FCACD755}.MDebug.Build.0 = Debug|Win32
		{1593FE53-29C1-42CA-98AF-4CF1FCACD755}.MinGLDebug.ActiveCfg = Debug|Win32
		{1593FE53-29C1-42CA-98AF-4CF1FCACD755}.MinGLDebug.Build.0 = Debug|Win32
		{1593FE53-29C1-42CA-98AF-4CF1FCACD755}.MinGLRelease.ActiveCfg = Debug|Win32
		{1593FE53-29C1-42CA-98AF-4CF1FCACD755}.MinGLRelease.Build.0 = Debug|Win32
		{1593FE53-29C1-42CA-98AF-4CF1FCACD755}.MinSW.ActiveCfg = Debug|Win32
		{1593FE53-29C1-42CA-98AF-4CF1FCACD755}.MinSW.Build.0 = Debug|Win32
		{1593FE53-29C1-42CA-98AF-4CF1FCACD755}.MRelease.ActiveCfg = Debug|Win32
		{1593FE53-29C1-42CA-98AF-4CF1FCACD755}.MRelease.Build.0 = Debug|Win32
		{1593FE53-29C1-42CA-98AF-4CF1FCACD755}.Release.ActiveCfg = Debug|Win32
		{1593FE53-29C1-42CA-98AF-4CF1FCACD755}.Release.Build.0 = Debug|Win32
		{1593FE53-29C1-42CA-98AF-4CF1FCACD755}.Release Dedicated Server.ActiveCfg = Debug|Win32
		{1593FE53-29C1-42CA-98AF-4CF1FCACD755}.Release Dedicated Server.Build.0 = Debug|Win32
		{81E00893-9138-45C0-BDC7-C1BA1C9E5B41}.Debug.ActiveCfg = Debug|Win32
		{81E00893-9138-45C0-BDC7-C1BA1C9E5B41}.Debug.Build.0 = Debug|Win32
		{81E00893-9138-45C0-BDC7-C1BA1C9E5B41}.Debug Dedicated Server.ActiveCfg = Debug|Win32
		{81E00893-9138-45C0-BDC7-C1BA1C9E5B41}.Debug Dedicated Server.Build.0 = Debug|Win32
		{81E00893-9138-45C0-BDC7-C1BA1C9E5B41}.Debug Dedicated ServerQ3.ActiveCfg = Debug|Win32
		{81E00893-9138-45C0-BDC7-C1BA1C9E5B41}.Debug Dedicated ServerQ3.Build.0 = Debug|Win32
		{81E00893-9138-45C0-BDC7-C1BA1C9E5B41}.GLDebug.ActiveCfg = Debug|Win32
		{81E00893-9138-45C0-BDC7-C1BA1C9E5B41}.GLDebug.Build.0 = Debug|Win32
		{81E00893-9138-45C0-BDC7-C1BA1C9E5B41}.GLDebugQ3.ActiveCfg = Debug|Win32
		{81E00893-9138-45C0-BDC7-C1BA1C9E5B41}.GLDebugQ3.Build.0 = Debug|Win32
		{81E00893-9138-45C0-BDC7-C1BA1C9E5B41}.GLRelease.ActiveCfg = Release|Win32
		{81E00893-9138-45C0-BDC7-C1BA1C9E5B41}.GLRelease.Build.0 = Release|Win32
		{81E00893-9138-45C0-BDC7-C1BA1C9E5B41}.GUIDebug.ActiveCfg = GUIDebug|Win32
		{81E00893-9138-45C0-BDC7-C1BA1C9E5B41}.GUIDebug.Build.0 = GUIDebug|Win32
		{81E00893-9138-45C0-BDC7-C1BA1C9E5B41}.GUIRelease.ActiveCfg = GUIRelease|Win32
		{81E00893-9138-45C0-BDC7-C1BA1C9E5B41}.GUIRelease.Build.0 = GUIRelease|Win32
		{81E00893-9138-45C0-BDC7-C1BA1C9E5B41}.MDebug.ActiveCfg = Debug|Win32
		{81E00893-9138-45C0-BDC7-C1BA1C9E5B41}.MDebug.Build.0 = Debug|Win32
		{81E00893-9138-45C0-BDC7-C1BA1C9E5B41}.MinGLDebug.ActiveCfg = Debug|Win32
		{81E00893-9138-45C0-BDC7-C1BA1C9E5B41}.MinGLDebug.Build.0 = Debug|Win32
		{81E00893-9138-45C0-BDC7-C1BA1C9E5B41}.MinGLRelease.ActiveCfg = Release|Win32
		{81E00893-9138-45C0-BDC7-C1BA1C9E5B41}.MinGLRelease.Build.0 = Release|Win32
		{81E00893-9138-45C0-BDC7-C1BA1C9E5B41}.MinSW.ActiveCfg = Release|Win32
		{81E00893-9138-45C0-BDC7-C1BA1C9E5B41}.MinSW.Build.0 = Release|Win32
		{81E00893-9138-45C0-BDC7-C1BA1C9E5B41}.MRelease.ActiveCfg = Release|Win32
		{81E00893-9138-45C0-BDC7-C1BA1C9E5B41}.MRelease.Build.0 = Release|Win32
		{81E00893-9138-45C0-BDC7-C1BA1C9E5B41}.Release.ActiveCfg = Release|Win32
		{81E00893-9138-45C0-BDC7-C1BA1C9E5B41}.Release.Build.0 = Release|Win32
		{81E00893-9138-45C0-BDC7-C1BA1C9E5B41}.Release Dedicated Server.ActiveCfg = Release|Win32
		{81E00893-9138-45C0-BDC7-C1BA1C9E5B41}.Release Dedicated Server.Build.0 = Release|Win32
	EndGlobalSection
	GlobalSection(ExtensibilityGlobals) = postSolution
	EndGlobalSection
	GlobalSection(ExtensibilityAddIns) = postSolution
	EndGlobalSection
EndGlobal
