
Microsoft Visual Studio Solution File, Format Version 11.00
# Visual Studio 2010
Project("{8BC9CEB8-8B4A-11D0-8D11-00A0C91BC942}") = "qtvprox", "qtvprox.vcxproj", "{C48D7446-3CCC-4844-AD39-A99626B890A9}"
EndProject
Global
	GlobalSection(SolutionConfigurationPlatforms) = preSolution
		Debug|Win32 = Debug|Win32
		Release|Win32 = Release|Win32
		Viewer Debug|Win32 = Viewer Debug|Win32
	EndGlobalSection
	GlobalSection(ProjectConfigurationPlatforms) = postSolution
		{C48D7446-3CCC-4844-AD39-A99626B890A9}.Debug|Win32.ActiveCfg = Debug|Win32
		{C48D7446-3CCC-4844-AD39-A99626B890A9}.Debug|Win32.Build.0 = Debug|Win32
		{C48D7446-3CCC-4844-AD39-A99626B890A9}.Release|Win32.ActiveCfg = Release|Win32
		{C48D7446-3CCC-4844-AD39-A99626B890A9}.Release|Win32.Build.0 = Release|Win32
		{C48D7446-3CCC-4844-AD39-A99626B890A9}.Viewer Debug|Win32.ActiveCfg = Viewer Debug|Win32
		{C48D7446-3CCC-4844-AD39-A99626B890A9}.Viewer Debug|Win32.Build.0 = Viewer Debug|Win32
	EndGlobalSection
	GlobalSection(SolutionProperties) = preSolution
		HideSolutionNode = FALSE
	EndGlobalSection
EndGlobal
