
Microsoft Visual Studio Solution File, Format Version 9.00
# Visual Studio 2005
Project("{8BC9CEB8-8B4A-11D0-8D11-00A0C91BC942}") = "qtvprox", "qtvprox.vcproj", "{62669E6C-7E18-4E4D-BA54-DFBE29E7D24E}"
EndProject
Project("{8BC9CEB8-8B4A-11D0-8D11-00A0C91BC942}") = "libqtv", "libqtv.vcproj", "{EDBDDC82-6DEE-4BF1-B0BC-BBBCCFE65D4C}"
EndProject
Global
	GlobalSection(SolutionConfigurationPlatforms) = preSolution
		Debug|Win32 = Debug|Win32
		Release|Win32 = Release|Win32
	EndGlobalSection
	GlobalSection(ProjectConfigurationPlatforms) = postSolution
		{62669E6C-7E18-4E4D-BA54-DFBE29E7D24E}.Debug|Win32.ActiveCfg = Debug|Win32
		{62669E6C-7E18-4E4D-BA54-DFBE29E7D24E}.Debug|Win32.Build.0 = Debug|Win32
		{62669E6C-7E18-4E4D-BA54-DFBE29E7D24E}.Release|Win32.ActiveCfg = Release|Win32
		{62669E6C-7E18-4E4D-BA54-DFBE29E7D24E}.Release|Win32.Build.0 = Release|Win32
		{EDBDDC82-6DEE-4BF1-B0BC-BBBCCFE65D4C}.Debug|Win32.ActiveCfg = Debug|Win32
		{EDBDDC82-6DEE-4BF1-B0BC-BBBCCFE65D4C}.Debug|Win32.Build.0 = Debug|Win32
		{EDBDDC82-6DEE-4BF1-B0BC-BBBCCFE65D4C}.Release|Win32.ActiveCfg = Release|Win32
		{EDBDDC82-6DEE-4BF1-B0BC-BBBCCFE65D4C}.Release|Win32.Build.0 = Release|Win32
	EndGlobalSection
	GlobalSection(SolutionProperties) = preSolution
		HideSolutionNode = FALSE
	EndGlobalSection
EndGlobal
